
Microsoft Visual Studio Solution File, Format Version 12.00
# Visual Studio Version 17
VisualStudioVersion = 17.13.35919.96
MinimumVisualStudioVersion = 10.0.40219.1
Project("{2150E333-8FDC-42A3-9474-1A3956D46DE8}") = "UnitTest", "UnitTest", "{02EA681E-C7D8-13C7-8484-4AC65E1B71E8}"
EndProject
Project("{2150E333-8FDC-42A3-9474-1A3956D46DE8}") = "ApiHost", "ApiHost", "{20FA451A-9F1F-4127-B502-07531B2C82E5}"
EndProject
Project("{2150E333-8FDC-42A3-9474-1A3956D46DE8}") = "Core", "Core", "{76407934-BF39-42DF-9357-6B6BAD278049}"
EndProject
Project("{2150E333-8FDC-42A3-9474-1A3956D46DE8}") = "Flow", "Flow", "{BB93C68D-3B4C-458A-BA1A-44BBE4DAD686}"
EndProject
Project("{2150E333-8FDC-42A3-9474-1A3956D46DE8}") = "Auth", "Auth", "{D029680B-BA85-4B52-A88F-A04C74E17782}"
EndProject
Project("{2150E333-8FDC-42A3-9474-1A3956D46DE8}") = "Service", "Service", "{6AD7170E-E584-4379-975F-60309C4CA3E7}"
EndProject
Project("{2150E333-8FDC-42A3-9474-1A3956D46DE8}") = "ApiClient", "ApiClient", "{A251A455-C08B-4F5B-B6B4-5F99F0803D23}"
EndProject
Project("{FAE04EC0-301F-11D3-BF4B-00C04F79EFBC}") = "EIMSNext.AuthApi", "ApiHost\EIMSNext.AuthApi\EIMSNext.AuthApi.csproj", "{A867BADE-9E41-4533-83DC-ECC36D3E681C}"
EndProject
Project("{FAE04EC0-301F-11D3-BF4B-00C04F79EFBC}") = "EIMSNext.FlowApi", "ApiHost\EIMSNext.FlowApi\EIMSNext.FlowApi.csproj", "{66EB6867-9C9B-4EBB-8822-3BB6D79D2EF6}"
EndProject
Project("{FAE04EC0-301F-11D3-BF4B-00C04F79EFBC}") = "EIMSNext.ServiceApi", "ApiHost\EIMSNext.ServiceApi\EIMSNext.ServiceApi.csproj", "{993FC2B9-730E-48D8-A970-896B3AA2737B}"
EndProject
Project("{FAE04EC0-301F-11D3-BF4B-00C04F79EFBC}") = "EIMSNext.Common", "Core\EIMSNext.Common\EIMSNext.Common.csproj", "{546D162D-3A1C-4573-8A5B-5E913A59691A}"
EndProject
Project("{FAE04EC0-301F-11D3-BF4B-00C04F79EFBC}") = "EIMSNext.Core", "Core\EIMSNext.Core\EIMSNext.Core.csproj", "{E33DE8E5-B2F2-4661-901E-8788126C2F85}"
EndProject
Project("{FAE04EC0-301F-11D3-BF4B-00C04F79EFBC}") = "EIMSNext.ApiCore", "Core\EIMSNext.ApiCore\EIMSNext.ApiCore.csproj", "{D40445B9-D342-4448-B585-9002BA06AE9F}"
EndProject
Project("{FAE04EC0-301F-11D3-BF4B-00C04F79EFBC}") = "EIMSNext.Cache", "Core\EIMSNext.Cache\EIMSNext.Cache.csproj", "{4A5077C6-DD88-475A-95E0-0B40260562E0}"
EndProject
Project("{FAE04EC0-301F-11D3-BF4B-00C04F79EFBC}") = "EIMSNext.Entity", "Service\EIMSNext.Entity\EIMSNext.Entity.csproj", "{F5076283-BBC1-7EF4-376E-18830829B7D1}"
EndProject
Project("{FAE04EC0-301F-11D3-BF4B-00C04F79EFBC}") = "EIMSNext.Repository", "Service\EIMSNext.Repository\EIMSNext.Repository.csproj", "{833C07D9-E4E5-47C6-A9C9-CE222DAE1276}"
EndProject
Project("{FAE04EC0-301F-11D3-BF4B-00C04F79EFBC}") = "EIMSNext.Component", "Service\EIMSNext.Component\EIMSNext.Component.csproj", "{6B900364-4D56-43AD-A38A-344E27404F22}"
EndProject
Project("{FAE04EC0-301F-11D3-BF4B-00C04F79EFBC}") = "EIMSNext.Scripting", "Core\EIMSNext.Scripting\EIMSNext.Scripting.csproj", "{FFFE64BA-C4CB-4E6A-BCB6-D6F923E91167}"
EndProject
Project("{FAE04EC0-301F-11D3-BF4B-00C04F79EFBC}") = "EIMSNext.Flow.Core", "Flow\EIMSNext.Flow.Core\EIMSNext.Flow.Core.csproj", "{803FACE4-16C0-40A0-A420-42AC4520708F}"
EndProject
Project("{FAE04EC0-301F-11D3-BF4B-00C04F79EFBC}") = "EIMSNext.Flow.Service", "Flow\EIMSNext.Flow.Service\EIMSNext.Flow.Service.csproj", "{3662EB43-224A-41F1-8849-B80A817B21E1}"
EndProject
Project("{FAE04EC0-301F-11D3-BF4B-00C04F79EFBC}") = "EIMSNext.Flow.Persistence", "Flow\EIMSNext.Flow.Persistence\EIMSNext.Flow.Persistence.csproj", "{6C185FA2-7147-47B5-8607-3E8C5F44676E}"
EndProject
Project("{FAE04EC0-301F-11D3-BF4B-00C04F79EFBC}") = "EIMSNext.Service.Interface", "Service\EIMSNext.Service.Interface\EIMSNext.Service.Interface.csproj", "{EC9E38AD-96F4-4EE8-A63A-BC836EE6B592}"
EndProject
Project("{FAE04EC0-301F-11D3-BF4B-00C04F79EFBC}") = "EIMSNext.Service", "Service\EIMSNext.Service\EIMSNext.Service.csproj", "{C01E2C50-8102-4181-8CDA-C423FD9BDDD6}"
EndProject
Project("{FAE04EC0-301F-11D3-BF4B-00C04F79EFBC}") = "EIMSNext.ApiService", "Service\EIMSNext.ApiService\EIMSNext.ApiService.csproj", "{A03432BD-0E6D-46C2-BE4D-95EE1DF6658B}"
EndProject
Project("{FAE04EC0-301F-11D3-BF4B-00C04F79EFBC}") = "EIMSNext.Auth", "Auth\EIMSNext.Auth\EIMSNext.Auth.csproj", "{DA98F7F2-14D8-4F72-8D1C-A93B9278DFCD}"
EndProject
Project("{FAE04EC0-301F-11D3-BF4B-00C04F79EFBC}") = "EIMSNext.Auth.Entity", "Auth\EIMSNext.Auth.Entity\EIMSNext.Auth.Entity.csproj", "{F60D13EB-B420-4F45-A2A9-C5D0D2DC1856}"
EndProject
Project("{FAE04EC0-301F-11D3-BF4B-00C04F79EFBC}") = "EIMSNext.ApiClient.Abstraction", "ApiClient\EIMSNext.ApiClient.Abstraction\EIMSNext.ApiClient.Abstraction.csproj", "{B9E0CEB6-A531-42E0-85EA-2ECAB415F41B}"
EndProject
Project("{FAE04EC0-301F-11D3-BF4B-00C04F79EFBC}") = "EIMSNext.ApiClient.Flow", "ApiClient\EIMSNext.ApiClient.Flow\EIMSNext.ApiClient.Flow.csproj", "{467B6FF5-D18C-4755-AE38-7D0D6296302B}"
EndProject
Project("{FAE04EC0-301F-11D3-BF4B-00C04F79EFBC}") = "EIMSNext.Common.Test", "UnitTest\EIMSNext.Common.Test\EIMSNext.Common.Test.csproj", "{02ABC5B1-E656-43EF-9F13-A779F1BC1458}"
EndProject
Project("{FAE04EC0-301F-11D3-BF4B-00C04F79EFBC}") = "EIMSNext.Scripting.Test", "UnitTest\EIMSNext.Scripting.Test\EIMSNext.Scripting.Test.csproj", "{BCB5D194-FDAA-40E8-B036-79F6BB443F37}"
EndProject
Project("{FAE04EC0-301F-11D3-BF4B-00C04F79EFBC}") = "EIMSNext.Core.Test", "UnitTest\EIMSNext.Core.Test\EIMSNext.Core.Test.csproj", "{08775282-B676-4C4F-9F2B-8DEA103FC982}"
EndProject
Project("{FAE04EC0-301F-11D3-BF4B-00C04F79EFBC}") = "EIMSNext.DbMaintenance", "ApiHost\EIMSNext.DbMaintenance\EIMSNext.DbMaintenance.csproj", "{08864436-CF5B-4EB3-B52D-CD5F53228F84}"
EndProject
Global
	GlobalSection(SolutionConfigurationPlatforms) = preSolution
		Debug|Any CPU = Debug|Any CPU
		Release|Any CPU = Release|Any CPU
	EndGlobalSection
	GlobalSection(ProjectConfigurationPlatforms) = postSolution
		{A867BADE-9E41-4533-83DC-ECC36D3E681C}.Debug|Any CPU.ActiveCfg = Debug|Any CPU
		{A867BADE-9E41-4533-83DC-ECC36D3E681C}.Debug|Any CPU.Build.0 = Debug|Any CPU
		{A867BADE-9E41-4533-83DC-ECC36D3E681C}.Release|Any CPU.ActiveCfg = Release|Any CPU
		{A867BADE-9E41-4533-83DC-ECC36D3E681C}.Release|Any CPU.Build.0 = Release|Any CPU
		{66EB6867-9C9B-4EBB-8822-3BB6D79D2EF6}.Debug|Any CPU.ActiveCfg = Debug|Any CPU
		{66EB6867-9C9B-4EBB-8822-3BB6D79D2EF6}.Debug|Any CPU.Build.0 = Debug|Any CPU
		{66EB6867-9C9B-4EBB-8822-3BB6D79D2EF6}.Release|Any CPU.ActiveCfg = Release|Any CPU
		{66EB6867-9C9B-4EBB-8822-3BB6D79D2EF6}.Release|Any CPU.Build.0 = Release|Any CPU
		{993FC2B9-730E-48D8-A970-896B3AA2737B}.Debug|Any CPU.ActiveCfg = Debug|Any CPU
		{993FC2B9-730E-48D8-A970-896B3AA2737B}.Debug|Any CPU.Build.0 = Debug|Any CPU
		{993FC2B9-730E-48D8-A970-896B3AA2737B}.Release|Any CPU.ActiveCfg = Release|Any CPU
		{993FC2B9-730E-48D8-A970-896B3AA2737B}.Release|Any CPU.Build.0 = Release|Any CPU
		{546D162D-3A1C-4573-8A5B-5E913A59691A}.Debug|Any CPU.ActiveCfg = Debug|Any CPU
		{546D162D-3A1C-4573-8A5B-5E913A59691A}.Debug|Any CPU.Build.0 = Debug|Any CPU
		{546D162D-3A1C-4573-8A5B-5E913A59691A}.Release|Any CPU.ActiveCfg = Release|Any CPU
		{546D162D-3A1C-4573-8A5B-5E913A59691A}.Release|Any CPU.Build.0 = Release|Any CPU
		{E33DE8E5-B2F2-4661-901E-8788126C2F85}.Debug|Any CPU.ActiveCfg = Debug|Any CPU
		{E33DE8E5-B2F2-4661-901E-8788126C2F85}.Debug|Any CPU.Build.0 = Debug|Any CPU
		{E33DE8E5-B2F2-4661-901E-8788126C2F85}.Release|Any CPU.ActiveCfg = Release|Any CPU
		{E33DE8E5-B2F2-4661-901E-8788126C2F85}.Release|Any CPU.Build.0 = Release|Any CPU
		{D40445B9-D342-4448-B585-9002BA06AE9F}.Debug|Any CPU.ActiveCfg = Debug|Any CPU
		{D40445B9-D342-4448-B585-9002BA06AE9F}.Debug|Any CPU.Build.0 = Debug|Any CPU
		{D40445B9-D342-4448-B585-9002BA06AE9F}.Release|Any CPU.ActiveCfg = Release|Any CPU
		{D40445B9-D342-4448-B585-9002BA06AE9F}.Release|Any CPU.Build.0 = Release|Any CPU
		{4A5077C6-DD88-475A-95E0-0B40260562E0}.Debug|Any CPU.ActiveCfg = Debug|Any CPU
		{4A5077C6-DD88-475A-95E0-0B40260562E0}.Debug|Any CPU.Build.0 = Debug|Any CPU
		{4A5077C6-DD88-475A-95E0-0B40260562E0}.Release|Any CPU.ActiveCfg = Release|Any CPU
		{4A5077C6-DD88-475A-95E0-0B40260562E0}.Release|Any CPU.Build.0 = Release|Any CPU
		{F5076283-BBC1-7EF4-376E-18830829B7D1}.Debug|Any CPU.ActiveCfg = Debug|Any CPU
		{F5076283-BBC1-7EF4-376E-18830829B7D1}.Debug|Any CPU.Build.0 = Debug|Any CPU
		{F5076283-BBC1-7EF4-376E-18830829B7D1}.Release|Any CPU.ActiveCfg = Release|Any CPU
		{F5076283-BBC1-7EF4-376E-18830829B7D1}.Release|Any CPU.Build.0 = Release|Any CPU
		{833C07D9-E4E5-47C6-A9C9-CE222DAE1276}.Debug|Any CPU.ActiveCfg = Debug|Any CPU
		{833C07D9-E4E5-47C6-A9C9-CE222DAE1276}.Debug|Any CPU.Build.0 = Debug|Any CPU
		{833C07D9-E4E5-47C6-A9C9-CE222DAE1276}.Release|Any CPU.ActiveCfg = Release|Any CPU
		{833C07D9-E4E5-47C6-A9C9-CE222DAE1276}.Release|Any CPU.Build.0 = Release|Any CPU
		{6B900364-4D56-43AD-A38A-344E27404F22}.Debug|Any CPU.ActiveCfg = Debug|Any CPU
		{6B900364-4D56-43AD-A38A-344E27404F22}.Debug|Any CPU.Build.0 = Debug|Any CPU
		{6B900364-4D56-43AD-A38A-344E27404F22}.Release|Any CPU.ActiveCfg = Release|Any CPU
		{6B900364-4D56-43AD-A38A-344E27404F22}.Release|Any CPU.Build.0 = Release|Any CPU
		{FFFE64BA-C4CB-4E6A-BCB6-D6F923E91167}.Debug|Any CPU.ActiveCfg = Debug|Any CPU
		{FFFE64BA-C4CB-4E6A-BCB6-D6F923E91167}.Debug|Any CPU.Build.0 = Debug|Any CPU
		{FFFE64BA-C4CB-4E6A-BCB6-D6F923E91167}.Release|Any CPU.ActiveCfg = Release|Any CPU
		{FFFE64BA-C4CB-4E6A-BCB6-D6F923E91167}.Release|Any CPU.Build.0 = Release|Any CPU
		{803FACE4-16C0-40A0-A420-42AC4520708F}.Debug|Any CPU.ActiveCfg = Debug|Any CPU
		{803FACE4-16C0-40A0-A420-42AC4520708F}.Debug|Any CPU.Build.0 = Debug|Any CPU
		{803FACE4-16C0-40A0-A420-42AC4520708F}.Release|Any CPU.ActiveCfg = Release|Any CPU
		{803FACE4-16C0-40A0-A420-42AC4520708F}.Release|Any CPU.Build.0 = Release|Any CPU
		{3662EB43-224A-41F1-8849-B80A817B21E1}.Debug|Any CPU.ActiveCfg = Debug|Any CPU
		{3662EB43-224A-41F1-8849-B80A817B21E1}.Debug|Any CPU.Build.0 = Debug|Any CPU
		{3662EB43-224A-41F1-8849-B80A817B21E1}.Release|Any CPU.ActiveCfg = Release|Any CPU
		{3662EB43-224A-41F1-8849-B80A817B21E1}.Release|Any CPU.Build.0 = Release|Any CPU
		{6C185FA2-7147-47B5-8607-3E8C5F44676E}.Debug|Any CPU.ActiveCfg = Debug|Any CPU
		{6C185FA2-7147-47B5-8607-3E8C5F44676E}.Debug|Any CPU.Build.0 = Debug|Any CPU
		{6C185FA2-7147-47B5-8607-3E8C5F44676E}.Release|Any CPU.ActiveCfg = Release|Any CPU
		{6C185FA2-7147-47B5-8607-3E8C5F44676E}.Release|Any CPU.Build.0 = Release|Any CPU
		{EC9E38AD-96F4-4EE8-A63A-BC836EE6B592}.Debug|Any CPU.ActiveCfg = Debug|Any CPU
		{EC9E38AD-96F4-4EE8-A63A-BC836EE6B592}.Debug|Any CPU.Build.0 = Debug|Any CPU
		{EC9E38AD-96F4-4EE8-A63A-BC836EE6B592}.Release|Any CPU.ActiveCfg = Release|Any CPU
		{EC9E38AD-96F4-4EE8-A63A-BC836EE6B592}.Release|Any CPU.Build.0 = Release|Any CPU
		{C01E2C50-8102-4181-8CDA-C423FD9BDDD6}.Debug|Any CPU.ActiveCfg = Debug|Any CPU
		{C01E2C50-8102-4181-8CDA-C423FD9BDDD6}.Debug|Any CPU.Build.0 = Debug|Any CPU
		{C01E2C50-8102-4181-8CDA-C423FD9BDDD6}.Release|Any CPU.ActiveCfg = Release|Any CPU
		{C01E2C50-8102-4181-8CDA-C423FD9BDDD6}.Release|Any CPU.Build.0 = Release|Any CPU
		{A03432BD-0E6D-46C2-BE4D-95EE1DF6658B}.Debug|Any CPU.ActiveCfg = Debug|Any CPU
		{A03432BD-0E6D-46C2-BE4D-95EE1DF6658B}.Debug|Any CPU.Build.0 = Debug|Any CPU
		{A03432BD-0E6D-46C2-BE4D-95EE1DF6658B}.Release|Any CPU.ActiveCfg = Release|Any CPU
		{A03432BD-0E6D-46C2-BE4D-95EE1DF6658B}.Release|Any CPU.Build.0 = Release|Any CPU
		{DA98F7F2-14D8-4F72-8D1C-A93B9278DFCD}.Debug|Any CPU.ActiveCfg = Debug|Any CPU
		{DA98F7F2-14D8-4F72-8D1C-A93B9278DFCD}.Debug|Any CPU.Build.0 = Debug|Any CPU
		{DA98F7F2-14D8-4F72-8D1C-A93B9278DFCD}.Release|Any CPU.ActiveCfg = Release|Any CPU
		{DA98F7F2-14D8-4F72-8D1C-A93B9278DFCD}.Release|Any CPU.Build.0 = Release|Any CPU
		{F60D13EB-B420-4F45-A2A9-C5D0D2DC1856}.Debug|Any CPU.ActiveCfg = Debug|Any CPU
		{F60D13EB-B420-4F45-A2A9-C5D0D2DC1856}.Debug|Any CPU.Build.0 = Debug|Any CPU
		{F60D13EB-B420-4F45-A2A9-C5D0D2DC1856}.Release|Any CPU.ActiveCfg = Release|Any CPU
		{F60D13EB-B420-4F45-A2A9-C5D0D2DC1856}.Release|Any CPU.Build.0 = Release|Any CPU
		{B9E0CEB6-A531-42E0-85EA-2ECAB415F41B}.Debug|Any CPU.ActiveCfg = Debug|Any CPU
		{B9E0CEB6-A531-42E0-85EA-2ECAB415F41B}.Debug|Any CPU.Build.0 = Debug|Any CPU
		{B9E0CEB6-A531-42E0-85EA-2ECAB415F41B}.Release|Any CPU.ActiveCfg = Release|Any CPU
		{B9E0CEB6-A531-42E0-85EA-2ECAB415F41B}.Release|Any CPU.Build.0 = Release|Any CPU
		{467B6FF5-D18C-4755-AE38-7D0D6296302B}.Debug|Any CPU.ActiveCfg = Debug|Any CPU
		{467B6FF5-D18C-4755-AE38-7D0D6296302B}.Debug|Any CPU.Build.0 = Debug|Any CPU
		{467B6FF5-D18C-4755-AE38-7D0D6296302B}.Release|Any CPU.ActiveCfg = Release|Any CPU
		{467B6FF5-D18C-4755-AE38-7D0D6296302B}.Release|Any CPU.Build.0 = Release|Any CPU
		{02ABC5B1-E656-43EF-9F13-A779F1BC1458}.Debug|Any CPU.ActiveCfg = Debug|Any CPU
		{02ABC5B1-E656-43EF-9F13-A779F1BC1458}.Debug|Any CPU.Build.0 = Debug|Any CPU
		{02ABC5B1-E656-43EF-9F13-A779F1BC1458}.Release|Any CPU.ActiveCfg = Release|Any CPU
		{02ABC5B1-E656-43EF-9F13-A779F1BC1458}.Release|Any CPU.Build.0 = Release|Any CPU
		{BCB5D194-FDAA-40E8-B036-79F6BB443F37}.Debug|Any CPU.ActiveCfg = Debug|Any CPU
		{BCB5D194-FDAA-40E8-B036-79F6BB443F37}.Debug|Any CPU.Build.0 = Debug|Any CPU
		{BCB5D194-FDAA-40E8-B036-79F6BB443F37}.Release|Any CPU.ActiveCfg = Release|Any CPU
		{BCB5D194-FDAA-40E8-B036-79F6BB443F37}.Release|Any CPU.Build.0 = Release|Any CPU
		{08775282-B676-4C4F-9F2B-8DEA103FC982}.Debug|Any CPU.ActiveCfg = Debug|Any CPU
		{08775282-B676-4C4F-9F2B-8DEA103FC982}.Debug|Any CPU.Build.0 = Debug|Any CPU
		{08775282-B676-4C4F-9F2B-8DEA103FC982}.Release|Any CPU.ActiveCfg = Release|Any CPU
		{08775282-B676-4C4F-9F2B-8DEA103FC982}.Release|Any CPU.Build.0 = Release|Any CPU
		{08864436-CF5B-4EB3-B52D-CD5F53228F84}.Debug|Any CPU.ActiveCfg = Debug|Any CPU
		{08864436-CF5B-4EB3-B52D-CD5F53228F84}.Debug|Any CPU.Build.0 = Debug|Any CPU
		{08864436-CF5B-4EB3-B52D-CD5F53228F84}.Release|Any CPU.ActiveCfg = Release|Any CPU
		{08864436-CF5B-4EB3-B52D-CD5F53228F84}.Release|Any CPU.Build.0 = Release|Any CPU
	EndGlobalSection
	GlobalSection(SolutionProperties) = preSolution
		HideSolutionNode = FALSE
	EndGlobalSection
	GlobalSection(NestedProjects) = preSolution
		{A867BADE-9E41-4533-83DC-ECC36D3E681C} = {20FA451A-9F1F-4127-B502-07531B2C82E5}
		{66EB6867-9C9B-4EBB-8822-3BB6D79D2EF6} = {20FA451A-9F1F-4127-B502-07531B2C82E5}
		{993FC2B9-730E-48D8-A970-896B3AA2737B} = {20FA451A-9F1F-4127-B502-07531B2C82E5}
		{546D162D-3A1C-4573-8A5B-5E913A59691A} = {76407934-BF39-42DF-9357-6B6BAD278049}
		{E33DE8E5-B2F2-4661-901E-8788126C2F85} = {76407934-BF39-42DF-9357-6B6BAD278049}
		{D40445B9-D342-4448-B585-9002BA06AE9F} = {76407934-BF39-42DF-9357-6B6BAD278049}
		{4A5077C6-DD88-475A-95E0-0B40260562E0} = {76407934-BF39-42DF-9357-6B6BAD278049}
		{F5076283-BBC1-7EF4-376E-18830829B7D1} = {6AD7170E-E584-4379-975F-60309C4CA3E7}
		{833C07D9-E4E5-47C6-A9C9-CE222DAE1276} = {6AD7170E-E584-4379-975F-60309C4CA3E7}
		{6B900364-4D56-43AD-A38A-344E27404F22} = {6AD7170E-E584-4379-975F-60309C4CA3E7}
		{FFFE64BA-C4CB-4E6A-BCB6-D6F923E91167} = {76407934-BF39-42DF-9357-6B6BAD278049}
		{803FACE4-16C0-40A0-A420-42AC4520708F} = {BB93C68D-3B4C-458A-BA1A-44BBE4DAD686}
		{3662EB43-224A-41F1-8849-B80A817B21E1} = {BB93C68D-3B4C-458A-BA1A-44BBE4DAD686}
		{6C185FA2-7147-47B5-8607-3E8C5F44676E} = {BB93C68D-3B4C-458A-BA1A-44BBE4DAD686}
		{EC9E38AD-96F4-4EE8-A63A-BC836EE6B592} = {6AD7170E-E584-4379-975F-60309C4CA3E7}
		{C01E2C50-8102-4181-8CDA-C423FD9BDDD6} = {6AD7170E-E584-4379-975F-60309C4CA3E7}
		{A03432BD-0E6D-46C2-BE4D-95EE1DF6658B} = {6AD7170E-E584-4379-975F-60309C4CA3E7}
		{DA98F7F2-14D8-4F72-8D1C-A93B9278DFCD} = {D029680B-BA85-4B52-A88F-A04C74E17782}
		{F60D13EB-B420-4F45-A2A9-C5D0D2DC1856} = {D029680B-BA85-4B52-A88F-A04C74E17782}
		{B9E0CEB6-A531-42E0-85EA-2ECAB415F41B} = {A251A455-C08B-4F5B-B6B4-5F99F0803D23}
		{467B6FF5-D18C-4755-AE38-7D0D6296302B} = {A251A455-C08B-4F5B-B6B4-5F99F0803D23}
		{02ABC5B1-E656-43EF-9F13-A779F1BC1458} = {02EA681E-C7D8-13C7-8484-4AC65E1B71E8}
		{BCB5D194-FDAA-40E8-B036-79F6BB443F37} = {02EA681E-C7D8-13C7-8484-4AC65E1B71E8}
		{08775282-B676-4C4F-9F2B-8DEA103FC982} = {02EA681E-C7D8-13C7-8484-4AC65E1B71E8}
		{08864436-CF5B-4EB3-B52D-CD5F53228F84} = {20FA451A-9F1F-4127-B502-07531B2C82E5}
	EndGlobalSection
	GlobalSection(ExtensibilityGlobals) = postSolution
		SolutionGuid = {3F6D4B86-C3E1-4B8A-BC00-5FE767E5D475}
	EndGlobalSection
EndGlobal
