
Microsoft Visual Studio Solution File, Format Version 12.00
# Visual Studio Version 17
VisualStudioVersion = 17.0.31903.59
MinimumVisualStudioVersion = 10.0.40219.1
Project("{2150E333-8FDC-42A3-9474-1A3956D46DE8}") = "ApiClient", "ApiClient", "{7115EC45-BAD0-9256-AF7C-A990A473B171}"
EndProject
Project("{FAE04EC0-301F-11D3-BF4B-00C04F79EFBC}") = "EIMSNext.ApiClient.Contracts", "ApiClient\EIMSNext.ApiClient.Contracts\EIMSNext.ApiClient.Contracts.csproj", "{18FEC141-20D6-406A-AE1F-70A322B71726}"
EndProject
Project("{2150E333-8FDC-42A3-9474-1A3956D46DE8}") = "Core", "Core", "{FBF56CC3-7AE6-AD2D-3F14-7F97FD322CD6}"
EndProject
Project("{FAE04EC0-301F-11D3-BF4B-00C04F79EFBC}") = "EIMSNext.Common", "Core\EIMSNext.Common\EIMSNext.Common.csproj", "{923EF371-F7FD-4589-9FED-74D287C5F1BA}"
EndProject
Project("{FAE04EC0-301F-11D3-BF4B-00C04F79EFBC}") = "EIMSNext.Json", "Core\EIMSNext.Json\EIMSNext.Json.csproj", "{8AD57C3E-20DB-440A-BC44-E24713E926AC}"
EndProject
Project("{FAE04EC0-301F-11D3-BF4B-00C04F79EFBC}") = "EIMSNext.ApiClient.Flow", "ApiClient\EIMSNext.ApiClient.Flow\EIMSNext.ApiClient.Flow.csproj", "{C57975C3-CDFB-4ED5-97DC-2C85EB9D23A0}"
EndProject
Project("{FAE04EC0-301F-11D3-BF4B-00C04F79EFBC}") = "EIMSNext.CloudEventReceiver", "ApiClient\EIMSNext.CloudEventReceiver\EIMSNext.CloudEventReceiver.csproj", "{F1133DE5-8094-42EE-9C0C-CD228F8908EB}"
EndProject
Project("{2150E333-8FDC-42A3-9474-1A3956D46DE8}") = "ApiHost", "ApiHost", "{EE81EDC0-88A8-CC19-15AA-4E2E4AE9700B}"
EndProject
Project("{FAE04EC0-301F-11D3-BF4B-00C04F79EFBC}") = "EIMSNext.ApiHost", "ApiHost\EIMSNext.ApiHost\EIMSNext.ApiHost.csproj", "{0BB8E8A0-1A09-4F98-9D2D-35212BEB6CF6}"
EndProject
Project("{FAE04EC0-301F-11D3-BF4B-00C04F79EFBC}") = "EIMSNext.Entities", "Core\EIMSNext.Entities\EIMSNext.Entities.csproj", "{9486168F-DBAB-4B0C-93A5-5354A6443939}"
EndProject
Project("{FAE04EC0-301F-11D3-BF4B-00C04F79EFBC}") = "EIMSNext.Core", "Core\EIMSNext.Core\EIMSNext.Core.csproj", "{2BC99B2B-0B82-4E2B-9BCD-4CE29B526920}"
EndProject
Project("{FAE04EC0-301F-11D3-BF4B-00C04F79EFBC}") = "EIMSNext.Mef", "Core\EIMSNext.Mef\EIMSNext.Mef.csproj", "{6025E01D-952F-4605-BE59-D983B0181997}"
EndProject
Project("{FAE04EC0-301F-11D3-BF4B-00C04F79EFBC}") = "EIMSNext.Cache", "Core\EIMSNext.Cache\EIMSNext.Cache.csproj", "{87BE1549-ACAC-4C64-AC00-ECC9E1DBF027}"
EndProject
Project("{2150E333-8FDC-42A3-9474-1A3956D46DE8}") = "Plugin", "Plugin", "{7F42074E-682A-A599-6CDB-8399CB51B8EF}"
EndProject
Project("{FAE04EC0-301F-11D3-BF4B-00C04F79EFBC}") = "EIMSNext.Plugin.Contracts", "Plugin\EIMSNext.Plugin.Contracts\EIMSNext.Plugin.Contracts.csproj", "{008CF4F1-B3F3-49E7-95B4-A64CD47C5CC8}"
EndProject
Project("{FAE04EC0-301F-11D3-BF4B-00C04F79EFBC}") = "EIMSNext.ApiCore", "Core\EIMSNext.ApiCore\EIMSNext.ApiCore.csproj", "{AAC160E9-2BFF-43C3-973A-8D005FB96D61}"
EndProject
Project("{FAE04EC0-301F-11D3-BF4B-00C04F79EFBC}") = "EIMSNext.Storage", "Core\EIMSNext.Storage\EIMSNext.Storage.csproj", "{7650E828-DE21-4E3B-A0EC-8ED7DA1F998C}"
EndProject
Project("{2150E333-8FDC-42A3-9474-1A3956D46DE8}") = "Service", "Service", "{226567F5-DD15-7888-5BF1-C4407778305A}"
EndProject
Project("{FAE04EC0-301F-11D3-BF4B-00C04F79EFBC}") = "EIMSNext.ApiService.Contracts", "Service\EIMSNext.ApiService.Contracts\EIMSNext.ApiService.Contracts.csproj", "{7349E569-319D-4984-86BC-C0B8C8B591F4}"
EndProject
Project("{2150E333-8FDC-42A3-9474-1A3956D46DE8}") = "Async", "Async", "{19808F1A-1DBF-8D67-1BED-F7171A0BEB65}"
EndProject
Project("{FAE04EC0-301F-11D3-BF4B-00C04F79EFBC}") = "EIMSNext.Async.RabbitMQ", "Async\EIMSNext.Async.RabbitMQ\EIMSNext.Async.RabbitMQ.csproj", "{E98A5777-B657-46A7-9019-80E6B59A7A2A}"
EndProject
Project("{FAE04EC0-301F-11D3-BF4B-00C04F79EFBC}") = "EIMSNext.Async.Abstractions", "Async\EIMSNext.Async.Abstractions\EIMSNext.Async.Abstractions.csproj", "{E31B749E-ED36-407B-8BDA-69E25AEC7ACC}"
EndProject
Project("{FAE04EC0-301F-11D3-BF4B-00C04F79EFBC}") = "EIMSNext.Persistence.Mongo", "Core\EIMSNext.Persistence.Mongo\EIMSNext.Persistence.Mongo.csproj", "{01C08F11-35E4-47E5-9C62-53F959F0D965}"
EndProject
Project("{FAE04EC0-301F-11D3-BF4B-00C04F79EFBC}") = "EIMSNext.Async.Host", "ApiHost\EIMSNext.Async.Host\EIMSNext.Async.Host.csproj", "{2F1EC3EF-44FF-40C2-8041-6A07BCC4294C}"
EndProject
Project("{FAE04EC0-301F-11D3-BF4B-00C04F79EFBC}") = "EIMSNext.Async.Tasks", "Async\EIMSNext.Async.Tasks\EIMSNext.Async.Tasks.csproj", "{4106A05B-B650-41FE-8A60-34B0F5637EEF}"
EndProject
Project("{FAE04EC0-301F-11D3-BF4B-00C04F79EFBC}") = "EIMSNext.Notification", "Service\EIMSNext.Notification\EIMSNext.Notification.csproj", "{A3DC22D3-60CE-45C2-A934-A5296340FC9C}"
EndProject
Project("{FAE04EC0-301F-11D3-BF4B-00C04F79EFBC}") = "EIMSNext.Notification.Contracts", "Service\EIMSNext.Notification.Contracts\EIMSNext.Notification.Contracts.csproj", "{4D030FFB-82BC-4404-BE1C-5A210D358E29}"
EndProject
Project("{2150E333-8FDC-42A3-9474-1A3956D46DE8}") = "Flow", "Flow", "{EAB3E87B-3F47-B4F0-2D5F-E75331CBE572}"
EndProject
Project("{FAE04EC0-301F-11D3-BF4B-00C04F79EFBC}") = "EIMSNext.Flow.Persistence", "Flow\EIMSNext.Flow.Persistence\EIMSNext.Flow.Persistence.csproj", "{43ED7483-60AA-4D90-90EF-FEF1A0076F72}"
EndProject
Project("{FAE04EC0-301F-11D3-BF4B-00C04F79EFBC}") = "EIMSNext.ApiService", "Service\EIMSNext.ApiService\EIMSNext.ApiService.csproj", "{C24285BB-A01D-4F72-9853-0D8B802DFBDE}"
EndProject
Project("{FAE04EC0-301F-11D3-BF4B-00C04F79EFBC}") = "EIMSNext.Component", "Service\EIMSNext.Component\EIMSNext.Component.csproj", "{1BECDD16-86DF-4F74-A132-93CE9E84AD15}"
EndProject
Project("{FAE04EC0-301F-11D3-BF4B-00C04F79EFBC}") = "EIMSNext.Scripting", "Core\EIMSNext.Scripting\EIMSNext.Scripting.csproj", "{EE6DF1A3-28CC-4B2A-8E9F-67A0DC53C2C6}"
EndProject
Project("{FAE04EC0-301F-11D3-BF4B-00C04F79EFBC}") = "EIMSNext.Service.Contracts", "Service\EIMSNext.Service.Contracts\EIMSNext.Service.Contracts.csproj", "{4BDDF66C-6668-4B9F-97BB-1FBD87418FE9}"
EndProject
Project("{FAE04EC0-301F-11D3-BF4B-00C04F79EFBC}") = "EIMSNext.Service", "Service\EIMSNext.Service\EIMSNext.Service.csproj", "{BDEE1511-D25C-434B-B5C4-4637E47E6AB6}"
EndProject
Project("{FAE04EC0-301F-11D3-BF4B-00C04F79EFBC}") = "EIMSNext.Async.Quartz", "Async\EIMSNext.Async.Quartz\EIMSNext.Async.Quartz.csproj", "{B4C381D5-7828-4640-9822-491B22B4E78B}"
EndProject
Project("{FAE04EC0-301F-11D3-BF4B-00C04F79EFBC}") = "EIMSNext.Flow.Service", "Flow\EIMSNext.Flow.Service\EIMSNext.Flow.Service.csproj", "{1C306053-7BE2-4FA2-9B1F-80D612D1D32F}"
EndProject
Project("{FAE04EC0-301F-11D3-BF4B-00C04F79EFBC}") = "EIMSNext.Flow.Core", "Flow\EIMSNext.Flow.Core\EIMSNext.Flow.Core.csproj", "{DEF24E9E-8AA7-4312-A99D-7251816A841B}"
EndProject
Project("{FAE04EC0-301F-11D3-BF4B-00C04F79EFBC}") = "EIMSNext.Print", "Core\EIMSNext.Print\EIMSNext.Print.csproj", "{BF7880BF-BD62-4809-962B-F0ABAB8843BF}"
EndProject
Project("{FAE04EC0-301F-11D3-BF4B-00C04F79EFBC}") = "EIMSNext.File.Host", "ApiHost\EIMSNext.File.Host\EIMSNext.File.Host.csproj", "{E146BAFB-B43F-4EFA-BCC9-05A901342878}"
EndProject
Project("{2150E333-8FDC-42A3-9474-1A3956D46DE8}") = "File", "File", "{02E0B4C9-D51E-FCEF-98C8-20E25B859C77}"
EndProject
Project("{FAE04EC0-301F-11D3-BF4B-00C04F79EFBC}") = "EIMSNext.File", "File\EIMSNext.File\EIMSNext.File.csproj", "{EF1110C8-7662-4EA7-ADD9-56A0B4C98A4C}"
EndProject
Project("{FAE04EC0-301F-11D3-BF4B-00C04F79EFBC}") = "EIMSNext.File.Contracts", "File\EIMSNext.File.Contracts\EIMSNext.File.Contracts.csproj", "{F661C9AE-93D7-4FC9-819D-F4C01C154B94}"
EndProject
Project("{FAE04EC0-301F-11D3-BF4B-00C04F79EFBC}") = "EIMSNext.Flow.Host", "ApiHost\EIMSNext.Flow.Host\EIMSNext.Flow.Host.csproj", "{03DBD18C-5D8F-4576-82A0-68394D0443E6}"
EndProject
Project("{FAE04EC0-301F-11D3-BF4B-00C04F79EFBC}") = "EIMSNext.Identity.Host", "ApiHost\EIMSNext.Identity.Host\EIMSNext.Identity.Host.csproj", "{A316779E-584B-42D0-B80A-670EADF9CD0B}"
EndProject
Project("{2150E333-8FDC-42A3-9474-1A3956D46DE8}") = "Identity", "Identity", "{2FA89949-C014-61E3-9766-4043502A0423}"
EndProject
Project("{FAE04EC0-301F-11D3-BF4B-00C04F79EFBC}") = "EIMSNext.Identity", "Identity\EIMSNext.Identity\EIMSNext.Identity.csproj", "{61581D3E-A4E5-45CB-94B4-EB2E51D59D50}"
EndProject
Project("{FAE04EC0-301F-11D3-BF4B-00C04F79EFBC}") = "EIMSNext.Service.Host", "ApiHost\EIMSNext.Service.Host\EIMSNext.Service.Host.csproj", "{31DDE70B-1C1E-413F-A9B1-02BAEE81533F}"
EndProject
Project("{FAE04EC0-301F-11D3-BF4B-00C04F79EFBC}") = "EIMSNext.Tool.ApiDocs", "ApiHost\EIMSNext.Tool.ApiDocs\EIMSNext.Tool.ApiDocs.csproj", "{D96F0089-6290-45BC-A0E0-87193908A9B9}"
EndProject
Project("{FAE04EC0-301F-11D3-BF4B-00C04F79EFBC}") = "EIMSNext.Tool.DbMaintenance", "ApiHost\EIMSNext.Tool.DbMaintenance\EIMSNext.Tool.DbMaintenance.csproj", "{15625B25-5565-4DB9-8E4C-2340227EF651}"
EndProject
Project("{FAE04EC0-301F-11D3-BF4B-00C04F79EFBC}") = "EIMSNext.Plugin.Internal", "Plugin\EIMSNext.Plugin.Internal\EIMSNext.Plugin.Internal.csproj", "{B77F1000-5C04-4D24-B20F-50D741003BB0}"
EndProject
Project("{FAE04EC0-301F-11D3-BF4B-00C04F79EFBC}") = "EIMSNext.Plugin.Runtime", "Plugin\EIMSNext.Plugin.Runtime\EIMSNext.Plugin.Runtime.csproj", "{2DA799EB-25AA-4511-B4B8-0429FC21FB6E}"
EndProject
Project("{FAE04EC0-301F-11D3-BF4B-00C04F79EFBC}") = "EIMSNext.Plugin", "Plugin\EIMSNext.Plugin\EIMSNext.Plugin.csproj", "{1C078054-ACE4-4A92-8EE4-CBB31F2CF785}"
EndProject
Project("{FAE04EC0-301F-11D3-BF4B-00C04F79EFBC}") = "SamplePlugin", "Plugin\SamplePlugin\SamplePlugin.csproj", "{2E9CFCE4-0B9F-42CB-A1DC-B0A4A879E2D6}"
EndProject
Project("{2150E333-8FDC-42A3-9474-1A3956D46DE8}") = "Tests", "Tests", "{0AB3BF05-4346-4AA6-1389-037BE0695223}"
EndProject
Project("{FAE04EC0-301F-11D3-BF4B-00C04F79EFBC}") = "EIMSNext.Architecture.Tests", "Tests\EIMSNext.Architecture.Tests\EIMSNext.Architecture.Tests.csproj", "{13F262BA-E27C-439D-991A-341E1F63553D}"
EndProject
Project("{FAE04EC0-301F-11D3-BF4B-00C04F79EFBC}") = "EIMSNext.Async.Tests", "Tests\EIMSNext.Async.Tests\EIMSNext.Async.Tests.csproj", "{E40BDC5F-29AD-46A5-A802-C937565906C9}"
EndProject
Project("{FAE04EC0-301F-11D3-BF4B-00C04F79EFBC}") = "EIMSNext.Common.Tests", "Tests\EIMSNext.Common.Tests\EIMSNext.Common.Tests.csproj", "{C339C456-7E21-47A2-9746-91537F2DF5AF}"
EndProject
Project("{FAE04EC0-301F-11D3-BF4B-00C04F79EFBC}") = "EIMSNext.Core.Tests", "Tests\EIMSNext.Core.Tests\EIMSNext.Core.Tests.csproj", "{D1D75A95-CE21-4D3C-93BE-0540261EA16B}"
EndProject
Project("{FAE04EC0-301F-11D3-BF4B-00C04F79EFBC}") = "EIMSNext.Flow.Tests", "Tests\EIMSNext.Flow.Tests\EIMSNext.Flow.Tests.csproj", "{F59B3468-1115-41B2-9128-E09C9F2F528E}"
EndProject
Project("{FAE04EC0-301F-11D3-BF4B-00C04F79EFBC}") = "EIMSNext.Identity.Tests", "Tests\EIMSNext.Identity.Tests\EIMSNext.Identity.Tests.csproj", "{1352157D-1F5E-46A6-951A-41C9068F6655}"
EndProject
Project("{FAE04EC0-301F-11D3-BF4B-00C04F79EFBC}") = "EIMSNext.Json.Tests", "Tests\EIMSNext.Json.Tests\EIMSNext.Json.Tests.csproj", "{0E716074-7346-43CF-AC14-CED1985F1D4B}"
EndProject
Project("{FAE04EC0-301F-11D3-BF4B-00C04F79EFBC}") = "EIMSNext.Print.Tests", "Tests\EIMSNext.Print.Tests\EIMSNext.Print.Tests.csproj", "{83C39639-B471-43DF-B208-FD7DCE156C7C}"
EndProject
Project("{FAE04EC0-301F-11D3-BF4B-00C04F79EFBC}") = "EIMSNext.Scripting.Tests", "Tests\EIMSNext.Scripting.Tests\EIMSNext.Scripting.Tests.csproj", "{2BEB83D8-BF88-47F8-8BEC-24172FD5F926}"
EndProject
Project("{FAE04EC0-301F-11D3-BF4B-00C04F79EFBC}") = "EIMSNext.Service.Tests", "Tests\EIMSNext.Service.Tests\EIMSNext.Service.Tests.csproj", "{504A9D73-E0FD-477A-8907-2D138E722FE8}"
EndProject
Project("{FAE04EC0-301F-11D3-BF4B-00C04F79EFBC}") = "EIMSNext.WeChat", "Identity\EIMSNext.WeChat\EIMSNext.WeChat.csproj", "{8DA36B0D-7FFE-45B7-A10E-C5D71648A263}"
EndProject
Project("{FAE04EC0-301F-11D3-BF4B-00C04F79EFBC}") = "EIMSNext.WxWork", "Identity\EIMSNext.WxWork\EIMSNext.WxWork.csproj", "{BAD36DF4-E6EA-4644-B6BA-34A1BFF41AE5}"
EndProject
Project("{FAE04EC0-301F-11D3-BF4B-00C04F79EFBC}") = "EIMSNext.DingTalk", "Identity\EIMSNext.DingTalk\EIMSNext.DingTalk.csproj", "{8259795A-5C07-438F-A430-7F9CD4F860AF}"
EndProject
Project("{FAE04EC0-301F-11D3-BF4B-00C04F79EFBC}") = "EIMSNext.Feishu", "Identity\EIMSNext.Feishu\EIMSNext.Feishu.csproj", "{B6F82CBD-6328-45A9-902E-DB305D7B1452}"
EndProject
Project("{FAE04EC0-301F-11D3-BF4B-00C04F79EFBC}") = "EIMSNext.Identity.Abstractions", "Identity\EIMSNext.Identity.Abstractions\EIMSNext.Identity.Abstractions.csproj", "{9E304864-C0DB-40F5-85B8-DBC8AB683697}"
EndProject
Project("{FAE04EC0-301F-11D3-BF4B-00C04F79EFBC}") = "EIMSNext.Identity.WeChat", "Identity\EIMSNext.Identity.WeChat\EIMSNext.Identity.WeChat.csproj", "{584726A8-5B4C-466E-BCFD-C58B10F00E3B}"
EndProject
Project("{FAE04EC0-301F-11D3-BF4B-00C04F79EFBC}") = "EIMSNext.Identity.WxWork", "Identity\EIMSNext.Identity.WxWork\EIMSNext.Identity.WxWork.csproj", "{761B46BB-B00E-47B7-8CD9-102C55DCE07E}"
EndProject
Project("{FAE04EC0-301F-11D3-BF4B-00C04F79EFBC}") = "EIMSNext.Identity.DingTalk", "Identity\EIMSNext.Identity.DingTalk\EIMSNext.Identity.DingTalk.csproj", "{61C6C782-2994-4473-9FD4-9DF6EEA02C16}"
EndProject
Project("{FAE04EC0-301F-11D3-BF4B-00C04F79EFBC}") = "EIMSNext.Identity.Feishu", "Identity\EIMSNext.Identity.Feishu\EIMSNext.Identity.Feishu.csproj", "{6CC0D19A-E9CC-46A0-80B9-9DD7597060AC}"
EndProject
Global
	GlobalSection(SolutionConfigurationPlatforms) = preSolution
		Debug|Any CPU = Debug|Any CPU
		Debug|x64 = Debug|x64
		Debug|x86 = Debug|x86
		Release|Any CPU = Release|Any CPU
		Release|x64 = Release|x64
		Release|x86 = Release|x86
	EndGlobalSection
	GlobalSection(ProjectConfigurationPlatforms) = postSolution
		{18FEC141-20D6-406A-AE1F-70A322B71726}.Debug|Any CPU.ActiveCfg = Debug|Any CPU
		{18FEC141-20D6-406A-AE1F-70A322B71726}.Debug|Any CPU.Build.0 = Debug|Any CPU
		{18FEC141-20D6-406A-AE1F-70A322B71726}.Debug|x64.ActiveCfg = Debug|Any CPU
		{18FEC141-20D6-406A-AE1F-70A322B71726}.Debug|x64.Build.0 = Debug|Any CPU
		{18FEC141-20D6-406A-AE1F-70A322B71726}.Debug|x86.ActiveCfg = Debug|Any CPU
		{18FEC141-20D6-406A-AE1F-70A322B71726}.Debug|x86.Build.0 = Debug|Any CPU
		{18FEC141-20D6-406A-AE1F-70A322B71726}.Release|Any CPU.ActiveCfg = Release|Any CPU
		{18FEC141-20D6-406A-AE1F-70A322B71726}.Release|Any CPU.Build.0 = Release|Any CPU
		{18FEC141-20D6-406A-AE1F-70A322B71726}.Release|x64.ActiveCfg = Release|Any CPU
		{18FEC141-20D6-406A-AE1F-70A322B71726}.Release|x64.Build.0 = Release|Any CPU
		{18FEC141-20D6-406A-AE1F-70A322B71726}.Release|x86.ActiveCfg = Release|Any CPU
		{18FEC141-20D6-406A-AE1F-70A322B71726}.Release|x86.Build.0 = Release|Any CPU
		{923EF371-F7FD-4589-9FED-74D287C5F1BA}.Debug|Any CPU.ActiveCfg = Debug|Any CPU
		{923EF371-F7FD-4589-9FED-74D287C5F1BA}.Debug|Any CPU.Build.0 = Debug|Any CPU
		{923EF371-F7FD-4589-9FED-74D287C5F1BA}.Debug|x64.ActiveCfg = Debug|Any CPU
		{923EF371-F7FD-4589-9FED-74D287C5F1BA}.Debug|x64.Build.0 = Debug|Any CPU
		{923EF371-F7FD-4589-9FED-74D287C5F1BA}.Debug|x86.ActiveCfg = Debug|Any CPU
		{923EF371-F7FD-4589-9FED-74D287C5F1BA}.Debug|x86.Build.0 = Debug|Any CPU
		{923EF371-F7FD-4589-9FED-74D287C5F1BA}.Release|Any CPU.ActiveCfg = Release|Any CPU
		{923EF371-F7FD-4589-9FED-74D287C5F1BA}.Release|Any CPU.Build.0 = Release|Any CPU
		{923EF371-F7FD-4589-9FED-74D287C5F1BA}.Release|x64.ActiveCfg = Release|Any CPU
		{923EF371-F7FD-4589-9FED-74D287C5F1BA}.Release|x64.Build.0 = Release|Any CPU
		{923EF371-F7FD-4589-9FED-74D287C5F1BA}.Release|x86.ActiveCfg = Release|Any CPU
		{923EF371-F7FD-4589-9FED-74D287C5F1BA}.Release|x86.Build.0 = Release|Any CPU
		{8AD57C3E-20DB-440A-BC44-E24713E926AC}.Debug|Any CPU.ActiveCfg = Debug|Any CPU
		{8AD57C3E-20DB-440A-BC44-E24713E926AC}.Debug|Any CPU.Build.0 = Debug|Any CPU
		{8AD57C3E-20DB-440A-BC44-E24713E926AC}.Debug|x64.ActiveCfg = Debug|Any CPU
		{8AD57C3E-20DB-440A-BC44-E24713E926AC}.Debug|x64.Build.0 = Debug|Any CPU
		{8AD57C3E-20DB-440A-BC44-E24713E926AC}.Debug|x86.ActiveCfg = Debug|Any CPU
		{8AD57C3E-20DB-440A-BC44-E24713E926AC}.Debug|x86.Build.0 = Debug|Any CPU
		{8AD57C3E-20DB-440A-BC44-E24713E926AC}.Release|Any CPU.ActiveCfg = Release|Any CPU
		{8AD57C3E-20DB-440A-BC44-E24713E926AC}.Release|Any CPU.Build.0 = Release|Any CPU
		{8AD57C3E-20DB-440A-BC44-E24713E926AC}.Release|x64.ActiveCfg = Release|Any CPU
		{8AD57C3E-20DB-440A-BC44-E24713E926AC}.Release|x64.Build.0 = Release|Any CPU
		{8AD57C3E-20DB-440A-BC44-E24713E926AC}.Release|x86.ActiveCfg = Release|Any CPU
		{8AD57C3E-20DB-440A-BC44-E24713E926AC}.Release|x86.Build.0 = Release|Any CPU
		{C57975C3-CDFB-4ED5-97DC-2C85EB9D23A0}.Debug|Any CPU.ActiveCfg = Debug|Any CPU
		{C57975C3-CDFB-4ED5-97DC-2C85EB9D23A0}.Debug|Any CPU.Build.0 = Debug|Any CPU
		{C57975C3-CDFB-4ED5-97DC-2C85EB9D23A0}.Debug|x64.ActiveCfg = Debug|Any CPU
		{C57975C3-CDFB-4ED5-97DC-2C85EB9D23A0}.Debug|x64.Build.0 = Debug|Any CPU
		{C57975C3-CDFB-4ED5-97DC-2C85EB9D23A0}.Debug|x86.ActiveCfg = Debug|Any CPU
		{C57975C3-CDFB-4ED5-97DC-2C85EB9D23A0}.Debug|x86.Build.0 = Debug|Any CPU
		{C57975C3-CDFB-4ED5-97DC-2C85EB9D23A0}.Release|Any CPU.ActiveCfg = Release|Any CPU
		{C57975C3-CDFB-4ED5-97DC-2C85EB9D23A0}.Release|Any CPU.Build.0 = Release|Any CPU
		{C57975C3-CDFB-4ED5-97DC-2C85EB9D23A0}.Release|x64.ActiveCfg = Release|Any CPU
		{C57975C3-CDFB-4ED5-97DC-2C85EB9D23A0}.Release|x64.Build.0 = Release|Any CPU
		{C57975C3-CDFB-4ED5-97DC-2C85EB9D23A0}.Release|x86.ActiveCfg = Release|Any CPU
		{C57975C3-CDFB-4ED5-97DC-2C85EB9D23A0}.Release|x86.Build.0 = Release|Any CPU
		{F1133DE5-8094-42EE-9C0C-CD228F8908EB}.Debug|Any CPU.ActiveCfg = Debug|Any CPU
		{F1133DE5-8094-42EE-9C0C-CD228F8908EB}.Debug|Any CPU.Build.0 = Debug|Any CPU
		{F1133DE5-8094-42EE-9C0C-CD228F8908EB}.Debug|x64.ActiveCfg = Debug|Any CPU
		{F1133DE5-8094-42EE-9C0C-CD228F8908EB}.Debug|x64.Build.0 = Debug|Any CPU
		{F1133DE5-8094-42EE-9C0C-CD228F8908EB}.Debug|x86.ActiveCfg = Debug|Any CPU
		{F1133DE5-8094-42EE-9C0C-CD228F8908EB}.Debug|x86.Build.0 = Debug|Any CPU
		{F1133DE5-8094-42EE-9C0C-CD228F8908EB}.Release|Any CPU.ActiveCfg = Release|Any CPU
		{F1133DE5-8094-42EE-9C0C-CD228F8908EB}.Release|Any CPU.Build.0 = Release|Any CPU
		{F1133DE5-8094-42EE-9C0C-CD228F8908EB}.Release|x64.ActiveCfg = Release|Any CPU
		{F1133DE5-8094-42EE-9C0C-CD228F8908EB}.Release|x64.Build.0 = Release|Any CPU
		{F1133DE5-8094-42EE-9C0C-CD228F8908EB}.Release|x86.ActiveCfg = Release|Any CPU
		{F1133DE5-8094-42EE-9C0C-CD228F8908EB}.Release|x86.Build.0 = Release|Any CPU
		{0BB8E8A0-1A09-4F98-9D2D-35212BEB6CF6}.Debug|Any CPU.ActiveCfg = Debug|Any CPU
		{0BB8E8A0-1A09-4F98-9D2D-35212BEB6CF6}.Debug|Any CPU.Build.0 = Debug|Any CPU
		{0BB8E8A0-1A09-4F98-9D2D-35212BEB6CF6}.Debug|x64.ActiveCfg = Debug|Any CPU
		{0BB8E8A0-1A09-4F98-9D2D-35212BEB6CF6}.Debug|x64.Build.0 = Debug|Any CPU
		{0BB8E8A0-1A09-4F98-9D2D-35212BEB6CF6}.Debug|x86.ActiveCfg = Debug|Any CPU
		{0BB8E8A0-1A09-4F98-9D2D-35212BEB6CF6}.Debug|x86.Build.0 = Debug|Any CPU
		{0BB8E8A0-1A09-4F98-9D2D-35212BEB6CF6}.Release|Any CPU.ActiveCfg = Release|Any CPU
		{0BB8E8A0-1A09-4F98-9D2D-35212BEB6CF6}.Release|Any CPU.Build.0 = Release|Any CPU
		{0BB8E8A0-1A09-4F98-9D2D-35212BEB6CF6}.Release|x64.ActiveCfg = Release|Any CPU
		{0BB8E8A0-1A09-4F98-9D2D-35212BEB6CF6}.Release|x64.Build.0 = Release|Any CPU
		{0BB8E8A0-1A09-4F98-9D2D-35212BEB6CF6}.Release|x86.ActiveCfg = Release|Any CPU
		{0BB8E8A0-1A09-4F98-9D2D-35212BEB6CF6}.Release|x86.Build.0 = Release|Any CPU
		{9486168F-DBAB-4B0C-93A5-5354A6443939}.Debug|Any CPU.ActiveCfg = Debug|Any CPU
		{9486168F-DBAB-4B0C-93A5-5354A6443939}.Debug|Any CPU.Build.0 = Debug|Any CPU
		{9486168F-DBAB-4B0C-93A5-5354A6443939}.Debug|x64.ActiveCfg = Debug|Any CPU
		{9486168F-DBAB-4B0C-93A5-5354A6443939}.Debug|x64.Build.0 = Debug|Any CPU
		{9486168F-DBAB-4B0C-93A5-5354A6443939}.Debug|x86.ActiveCfg = Debug|Any CPU
		{9486168F-DBAB-4B0C-93A5-5354A6443939}.Debug|x86.Build.0 = Debug|Any CPU
		{9486168F-DBAB-4B0C-93A5-5354A6443939}.Release|Any CPU.ActiveCfg = Release|Any CPU
		{9486168F-DBAB-4B0C-93A5-5354A6443939}.Release|Any CPU.Build.0 = Release|Any CPU
		{9486168F-DBAB-4B0C-93A5-5354A6443939}.Release|x64.ActiveCfg = Release|Any CPU
		{9486168F-DBAB-4B0C-93A5-5354A6443939}.Release|x64.Build.0 = Release|Any CPU
		{9486168F-DBAB-4B0C-93A5-5354A6443939}.Release|x86.ActiveCfg = Release|Any CPU
		{9486168F-DBAB-4B0C-93A5-5354A6443939}.Release|x86.Build.0 = Release|Any CPU
		{2BC99B2B-0B82-4E2B-9BCD-4CE29B526920}.Debug|Any CPU.ActiveCfg = Debug|Any CPU
		{2BC99B2B-0B82-4E2B-9BCD-4CE29B526920}.Debug|Any CPU.Build.0 = Debug|Any CPU
		{2BC99B2B-0B82-4E2B-9BCD-4CE29B526920}.Debug|x64.ActiveCfg = Debug|Any CPU
		{2BC99B2B-0B82-4E2B-9BCD-4CE29B526920}.Debug|x64.Build.0 = Debug|Any CPU
		{2BC99B2B-0B82-4E2B-9BCD-4CE29B526920}.Debug|x86.ActiveCfg = Debug|Any CPU
		{2BC99B2B-0B82-4E2B-9BCD-4CE29B526920}.Debug|x86.Build.0 = Debug|Any CPU
		{2BC99B2B-0B82-4E2B-9BCD-4CE29B526920}.Release|Any CPU.ActiveCfg = Release|Any CPU
		{2BC99B2B-0B82-4E2B-9BCD-4CE29B526920}.Release|Any CPU.Build.0 = Release|Any CPU
		{2BC99B2B-0B82-4E2B-9BCD-4CE29B526920}.Release|x64.ActiveCfg = Release|Any CPU
		{2BC99B2B-0B82-4E2B-9BCD-4CE29B526920}.Release|x64.Build.0 = Release|Any CPU
		{2BC99B2B-0B82-4E2B-9BCD-4CE29B526920}.Release|x86.ActiveCfg = Release|Any CPU
		{2BC99B2B-0B82-4E2B-9BCD-4CE29B526920}.Release|x86.Build.0 = Release|Any CPU
		{6025E01D-952F-4605-BE59-D983B0181997}.Debug|Any CPU.ActiveCfg = Debug|Any CPU
		{6025E01D-952F-4605-BE59-D983B0181997}.Debug|Any CPU.Build.0 = Debug|Any CPU
		{6025E01D-952F-4605-BE59-D983B0181997}.Debug|x64.ActiveCfg = Debug|Any CPU
		{6025E01D-952F-4605-BE59-D983B0181997}.Debug|x64.Build.0 = Debug|Any CPU
		{6025E01D-952F-4605-BE59-D983B0181997}.Debug|x86.ActiveCfg = Debug|Any CPU
		{6025E01D-952F-4605-BE59-D983B0181997}.Debug|x86.Build.0 = Debug|Any CPU
		{6025E01D-952F-4605-BE59-D983B0181997}.Release|Any CPU.ActiveCfg = Release|Any CPU
		{6025E01D-952F-4605-BE59-D983B0181997}.Release|Any CPU.Build.0 = Release|Any CPU
		{6025E01D-952F-4605-BE59-D983B0181997}.Release|x64.ActiveCfg = Release|Any CPU
		{6025E01D-952F-4605-BE59-D983B0181997}.Release|x64.Build.0 = Release|Any CPU
		{6025E01D-952F-4605-BE59-D983B0181997}.Release|x86.ActiveCfg = Release|Any CPU
		{6025E01D-952F-4605-BE59-D983B0181997}.Release|x86.Build.0 = Release|Any CPU
		{87BE1549-ACAC-4C64-AC00-ECC9E1DBF027}.Debug|Any CPU.ActiveCfg = Debug|Any CPU
		{87BE1549-ACAC-4C64-AC00-ECC9E1DBF027}.Debug|Any CPU.Build.0 = Debug|Any CPU
		{87BE1549-ACAC-4C64-AC00-ECC9E1DBF027}.Debug|x64.ActiveCfg = Debug|Any CPU
		{87BE1549-ACAC-4C64-AC00-ECC9E1DBF027}.Debug|x64.Build.0 = Debug|Any CPU
		{87BE1549-ACAC-4C64-AC00-ECC9E1DBF027}.Debug|x86.ActiveCfg = Debug|Any CPU
		{87BE1549-ACAC-4C64-AC00-ECC9E1DBF027}.Debug|x86.Build.0 = Debug|Any CPU
		{87BE1549-ACAC-4C64-AC00-ECC9E1DBF027}.Release|Any CPU.ActiveCfg = Release|Any CPU
		{87BE1549-ACAC-4C64-AC00-ECC9E1DBF027}.Release|Any CPU.Build.0 = Release|Any CPU
		{87BE1549-ACAC-4C64-AC00-ECC9E1DBF027}.Release|x64.ActiveCfg = Release|Any CPU
		{87BE1549-ACAC-4C64-AC00-ECC9E1DBF027}.Release|x64.Build.0 = Release|Any CPU
		{87BE1549-ACAC-4C64-AC00-ECC9E1DBF027}.Release|x86.ActiveCfg = Release|Any CPU
		{87BE1549-ACAC-4C64-AC00-ECC9E1DBF027}.Release|x86.Build.0 = Release|Any CPU
		{008CF4F1-B3F3-49E7-95B4-A64CD47C5CC8}.Debug|Any CPU.ActiveCfg = Debug|Any CPU
		{008CF4F1-B3F3-49E7-95B4-A64CD47C5CC8}.Debug|Any CPU.Build.0 = Debug|Any CPU
		{008CF4F1-B3F3-49E7-95B4-A64CD47C5CC8}.Debug|x64.ActiveCfg = Debug|Any CPU
		{008CF4F1-B3F3-49E7-95B4-A64CD47C5CC8}.Debug|x64.Build.0 = Debug|Any CPU
		{008CF4F1-B3F3-49E7-95B4-A64CD47C5CC8}.Debug|x86.ActiveCfg = Debug|Any CPU
		{008CF4F1-B3F3-49E7-95B4-A64CD47C5CC8}.Debug|x86.Build.0 = Debug|Any CPU
		{008CF4F1-B3F3-49E7-95B4-A64CD47C5CC8}.Release|Any CPU.ActiveCfg = Release|Any CPU
		{008CF4F1-B3F3-49E7-95B4-A64CD47C5CC8}.Release|Any CPU.Build.0 = Release|Any CPU
		{008CF4F1-B3F3-49E7-95B4-A64CD47C5CC8}.Release|x64.ActiveCfg = Release|Any CPU
		{008CF4F1-B3F3-49E7-95B4-A64CD47C5CC8}.Release|x64.Build.0 = Release|Any CPU
		{008CF4F1-B3F3-49E7-95B4-A64CD47C5CC8}.Release|x86.ActiveCfg = Release|Any CPU
		{008CF4F1-B3F3-49E7-95B4-A64CD47C5CC8}.Release|x86.Build.0 = Release|Any CPU
		{AAC160E9-2BFF-43C3-973A-8D005FB96D61}.Debug|Any CPU.ActiveCfg = Debug|Any CPU
		{AAC160E9-2BFF-43C3-973A-8D005FB96D61}.Debug|Any CPU.Build.0 = Debug|Any CPU
		{AAC160E9-2BFF-43C3-973A-8D005FB96D61}.Debug|x64.ActiveCfg = Debug|Any CPU
		{AAC160E9-2BFF-43C3-973A-8D005FB96D61}.Debug|x64.Build.0 = Debug|Any CPU
		{AAC160E9-2BFF-43C3-973A-8D005FB96D61}.Debug|x86.ActiveCfg = Debug|Any CPU
		{AAC160E9-2BFF-43C3-973A-8D005FB96D61}.Debug|x86.Build.0 = Debug|Any CPU
		{AAC160E9-2BFF-43C3-973A-8D005FB96D61}.Release|Any CPU.ActiveCfg = Release|Any CPU
		{AAC160E9-2BFF-43C3-973A-8D005FB96D61}.Release|Any CPU.Build.0 = Release|Any CPU
		{AAC160E9-2BFF-43C3-973A-8D005FB96D61}.Release|x64.ActiveCfg = Release|Any CPU
		{AAC160E9-2BFF-43C3-973A-8D005FB96D61}.Release|x64.Build.0 = Release|Any CPU
		{AAC160E9-2BFF-43C3-973A-8D005FB96D61}.Release|x86.ActiveCfg = Release|Any CPU
		{AAC160E9-2BFF-43C3-973A-8D005FB96D61}.Release|x86.Build.0 = Release|Any CPU
		{7650E828-DE21-4E3B-A0EC-8ED7DA1F998C}.Debug|Any CPU.ActiveCfg = Debug|Any CPU
		{7650E828-DE21-4E3B-A0EC-8ED7DA1F998C}.Debug|Any CPU.Build.0 = Debug|Any CPU
		{7650E828-DE21-4E3B-A0EC-8ED7DA1F998C}.Debug|x64.ActiveCfg = Debug|Any CPU
		{7650E828-DE21-4E3B-A0EC-8ED7DA1F998C}.Debug|x64.Build.0 = Debug|Any CPU
		{7650E828-DE21-4E3B-A0EC-8ED7DA1F998C}.Debug|x86.ActiveCfg = Debug|Any CPU
		{7650E828-DE21-4E3B-A0EC-8ED7DA1F998C}.Debug|x86.Build.0 = Debug|Any CPU
		{7650E828-DE21-4E3B-A0EC-8ED7DA1F998C}.Release|Any CPU.ActiveCfg = Release|Any CPU
		{7650E828-DE21-4E3B-A0EC-8ED7DA1F998C}.Release|Any CPU.Build.0 = Release|Any CPU
		{7650E828-DE21-4E3B-A0EC-8ED7DA1F998C}.Release|x64.ActiveCfg = Release|Any CPU
		{7650E828-DE21-4E3B-A0EC-8ED7DA1F998C}.Release|x64.Build.0 = Release|Any CPU
		{7650E828-DE21-4E3B-A0EC-8ED7DA1F998C}.Release|x86.ActiveCfg = Release|Any CPU
		{7650E828-DE21-4E3B-A0EC-8ED7DA1F998C}.Release|x86.Build.0 = Release|Any CPU
		{7349E569-319D-4984-86BC-C0B8C8B591F4}.Debug|Any CPU.ActiveCfg = Debug|Any CPU
		{7349E569-319D-4984-86BC-C0B8C8B591F4}.Debug|Any CPU.Build.0 = Debug|Any CPU
		{7349E569-319D-4984-86BC-C0B8C8B591F4}.Debug|x64.ActiveCfg = Debug|Any CPU
		{7349E569-319D-4984-86BC-C0B8C8B591F4}.Debug|x64.Build.0 = Debug|Any CPU
		{7349E569-319D-4984-86BC-C0B8C8B591F4}.Debug|x86.ActiveCfg = Debug|Any CPU
		{7349E569-319D-4984-86BC-C0B8C8B591F4}.Debug|x86.Build.0 = Debug|Any CPU
		{7349E569-319D-4984-86BC-C0B8C8B591F4}.Release|Any CPU.ActiveCfg = Release|Any CPU
		{7349E569-319D-4984-86BC-C0B8C8B591F4}.Release|Any CPU.Build.0 = Release|Any CPU
		{7349E569-319D-4984-86BC-C0B8C8B591F4}.Release|x64.ActiveCfg = Release|Any CPU
		{7349E569-319D-4984-86BC-C0B8C8B591F4}.Release|x64.Build.0 = Release|Any CPU
		{7349E569-319D-4984-86BC-C0B8C8B591F4}.Release|x86.ActiveCfg = Release|Any CPU
		{7349E569-319D-4984-86BC-C0B8C8B591F4}.Release|x86.Build.0 = Release|Any CPU
		{E98A5777-B657-46A7-9019-80E6B59A7A2A}.Debug|Any CPU.ActiveCfg = Debug|Any CPU
		{E98A5777-B657-46A7-9019-80E6B59A7A2A}.Debug|Any CPU.Build.0 = Debug|Any CPU
		{E98A5777-B657-46A7-9019-80E6B59A7A2A}.Debug|x64.ActiveCfg = Debug|Any CPU
		{E98A5777-B657-46A7-9019-80E6B59A7A2A}.Debug|x64.Build.0 = Debug|Any CPU
		{E98A5777-B657-46A7-9019-80E6B59A7A2A}.Debug|x86.ActiveCfg = Debug|Any CPU
		{E98A5777-B657-46A7-9019-80E6B59A7A2A}.Debug|x86.Build.0 = Debug|Any CPU
		{E98A5777-B657-46A7-9019-80E6B59A7A2A}.Release|Any CPU.ActiveCfg = Release|Any CPU
		{E98A5777-B657-46A7-9019-80E6B59A7A2A}.Release|Any CPU.Build.0 = Release|Any CPU
		{E98A5777-B657-46A7-9019-80E6B59A7A2A}.Release|x64.ActiveCfg = Release|Any CPU
		{E98A5777-B657-46A7-9019-80E6B59A7A2A}.Release|x64.Build.0 = Release|Any CPU
		{E98A5777-B657-46A7-9019-80E6B59A7A2A}.Release|x86.ActiveCfg = Release|Any CPU
		{E98A5777-B657-46A7-9019-80E6B59A7A2A}.Release|x86.Build.0 = Release|Any CPU
		{E31B749E-ED36-407B-8BDA-69E25AEC7ACC}.Debug|Any CPU.ActiveCfg = Debug|Any CPU
		{E31B749E-ED36-407B-8BDA-69E25AEC7ACC}.Debug|Any CPU.Build.0 = Debug|Any CPU
		{E31B749E-ED36-407B-8BDA-69E25AEC7ACC}.Debug|x64.ActiveCfg = Debug|Any CPU
		{E31B749E-ED36-407B-8BDA-69E25AEC7ACC}.Debug|x64.Build.0 = Debug|Any CPU
		{E31B749E-ED36-407B-8BDA-69E25AEC7ACC}.Debug|x86.ActiveCfg = Debug|Any CPU
		{E31B749E-ED36-407B-8BDA-69E25AEC7ACC}.Debug|x86.Build.0 = Debug|Any CPU
		{E31B749E-ED36-407B-8BDA-69E25AEC7ACC}.Release|Any CPU.ActiveCfg = Release|Any CPU
		{E31B749E-ED36-407B-8BDA-69E25AEC7ACC}.Release|Any CPU.Build.0 = Release|Any CPU
		{E31B749E-ED36-407B-8BDA-69E25AEC7ACC}.Release|x64.ActiveCfg = Release|Any CPU
		{E31B749E-ED36-407B-8BDA-69E25AEC7ACC}.Release|x64.Build.0 = Release|Any CPU
		{E31B749E-ED36-407B-8BDA-69E25AEC7ACC}.Release|x86.ActiveCfg = Release|Any CPU
		{E31B749E-ED36-407B-8BDA-69E25AEC7ACC}.Release|x86.Build.0 = Release|Any CPU
		{01C08F11-35E4-47E5-9C62-53F959F0D965}.Debug|Any CPU.ActiveCfg = Debug|Any CPU
		{01C08F11-35E4-47E5-9C62-53F959F0D965}.Debug|Any CPU.Build.0 = Debug|Any CPU
		{01C08F11-35E4-47E5-9C62-53F959F0D965}.Debug|x64.ActiveCfg = Debug|Any CPU
		{01C08F11-35E4-47E5-9C62-53F959F0D965}.Debug|x64.Build.0 = Debug|Any CPU
		{01C08F11-35E4-47E5-9C62-53F959F0D965}.Debug|x86.ActiveCfg = Debug|Any CPU
		{01C08F11-35E4-47E5-9C62-53F959F0D965}.Debug|x86.Build.0 = Debug|Any CPU
		{01C08F11-35E4-47E5-9C62-53F959F0D965}.Release|Any CPU.ActiveCfg = Release|Any CPU
		{01C08F11-35E4-47E5-9C62-53F959F0D965}.Release|Any CPU.Build.0 = Release|Any CPU
		{01C08F11-35E4-47E5-9C62-53F959F0D965}.Release|x64.ActiveCfg = Release|Any CPU
		{01C08F11-35E4-47E5-9C62-53F959F0D965}.Release|x64.Build.0 = Release|Any CPU
		{01C08F11-35E4-47E5-9C62-53F959F0D965}.Release|x86.ActiveCfg = Release|Any CPU
		{01C08F11-35E4-47E5-9C62-53F959F0D965}.Release|x86.Build.0 = Release|Any CPU
		{2F1EC3EF-44FF-40C2-8041-6A07BCC4294C}.Debug|Any CPU.ActiveCfg = Debug|Any CPU
		{2F1EC3EF-44FF-40C2-8041-6A07BCC4294C}.Debug|Any CPU.Build.0 = Debug|Any CPU
		{2F1EC3EF-44FF-40C2-8041-6A07BCC4294C}.Debug|x64.ActiveCfg = Debug|Any CPU
		{2F1EC3EF-44FF-40C2-8041-6A07BCC4294C}.Debug|x64.Build.0 = Debug|Any CPU
		{2F1EC3EF-44FF-40C2-8041-6A07BCC4294C}.Debug|x86.ActiveCfg = Debug|Any CPU
		{2F1EC3EF-44FF-40C2-8041-6A07BCC4294C}.Debug|x86.Build.0 = Debug|Any CPU
		{2F1EC3EF-44FF-40C2-8041-6A07BCC4294C}.Release|Any CPU.ActiveCfg = Release|Any CPU
		{2F1EC3EF-44FF-40C2-8041-6A07BCC4294C}.Release|Any CPU.Build.0 = Release|Any CPU
		{2F1EC3EF-44FF-40C2-8041-6A07BCC4294C}.Release|x64.ActiveCfg = Release|Any CPU
		{2F1EC3EF-44FF-40C2-8041-6A07BCC4294C}.Release|x64.Build.0 = Release|Any CPU
		{2F1EC3EF-44FF-40C2-8041-6A07BCC4294C}.Release|x86.ActiveCfg = Release|Any CPU
		{2F1EC3EF-44FF-40C2-8041-6A07BCC4294C}.Release|x86.Build.0 = Release|Any CPU
		{4106A05B-B650-41FE-8A60-34B0F5637EEF}.Debug|Any CPU.ActiveCfg = Debug|Any CPU
		{4106A05B-B650-41FE-8A60-34B0F5637EEF}.Debug|Any CPU.Build.0 = Debug|Any CPU
		{4106A05B-B650-41FE-8A60-34B0F5637EEF}.Debug|x64.ActiveCfg = Debug|Any CPU
		{4106A05B-B650-41FE-8A60-34B0F5637EEF}.Debug|x64.Build.0 = Debug|Any CPU
		{4106A05B-B650-41FE-8A60-34B0F5637EEF}.Debug|x86.ActiveCfg = Debug|Any CPU
		{4106A05B-B650-41FE-8A60-34B0F5637EEF}.Debug|x86.Build.0 = Debug|Any CPU
		{4106A05B-B650-41FE-8A60-34B0F5637EEF}.Release|Any CPU.ActiveCfg = Release|Any CPU
		{4106A05B-B650-41FE-8A60-34B0F5637EEF}.Release|Any CPU.Build.0 = Release|Any CPU
		{4106A05B-B650-41FE-8A60-34B0F5637EEF}.Release|x64.ActiveCfg = Release|Any CPU
		{4106A05B-B650-41FE-8A60-34B0F5637EEF}.Release|x64.Build.0 = Release|Any CPU
		{4106A05B-B650-41FE-8A60-34B0F5637EEF}.Release|x86.ActiveCfg = Release|Any CPU
		{4106A05B-B650-41FE-8A60-34B0F5637EEF}.Release|x86.Build.0 = Release|Any CPU
		{A3DC22D3-60CE-45C2-A934-A5296340FC9C}.Debug|Any CPU.ActiveCfg = Debug|Any CPU
		{A3DC22D3-60CE-45C2-A934-A5296340FC9C}.Debug|Any CPU.Build.0 = Debug|Any CPU
		{A3DC22D3-60CE-45C2-A934-A5296340FC9C}.Debug|x64.ActiveCfg = Debug|Any CPU
		{A3DC22D3-60CE-45C2-A934-A5296340FC9C}.Debug|x64.Build.0 = Debug|Any CPU
		{A3DC22D3-60CE-45C2-A934-A5296340FC9C}.Debug|x86.ActiveCfg = Debug|Any CPU
		{A3DC22D3-60CE-45C2-A934-A5296340FC9C}.Debug|x86.Build.0 = Debug|Any CPU
		{A3DC22D3-60CE-45C2-A934-A5296340FC9C}.Release|Any CPU.ActiveCfg = Release|Any CPU
		{A3DC22D3-60CE-45C2-A934-A5296340FC9C}.Release|Any CPU.Build.0 = Release|Any CPU
		{A3DC22D3-60CE-45C2-A934-A5296340FC9C}.Release|x64.ActiveCfg = Release|Any CPU
		{A3DC22D3-60CE-45C2-A934-A5296340FC9C}.Release|x64.Build.0 = Release|Any CPU
		{A3DC22D3-60CE-45C2-A934-A5296340FC9C}.Release|x86.ActiveCfg = Release|Any CPU
		{A3DC22D3-60CE-45C2-A934-A5296340FC9C}.Release|x86.Build.0 = Release|Any CPU
		{4D030FFB-82BC-4404-BE1C-5A210D358E29}.Debug|Any CPU.ActiveCfg = Debug|Any CPU
		{4D030FFB-82BC-4404-BE1C-5A210D358E29}.Debug|Any CPU.Build.0 = Debug|Any CPU
		{4D030FFB-82BC-4404-BE1C-5A210D358E29}.Debug|x64.ActiveCfg = Debug|Any CPU
		{4D030FFB-82BC-4404-BE1C-5A210D358E29}.Debug|x64.Build.0 = Debug|Any CPU
		{4D030FFB-82BC-4404-BE1C-5A210D358E29}.Debug|x86.ActiveCfg = Debug|Any CPU
		{4D030FFB-82BC-4404-BE1C-5A210D358E29}.Debug|x86.Build.0 = Debug|Any CPU
		{4D030FFB-82BC-4404-BE1C-5A210D358E29}.Release|Any CPU.ActiveCfg = Release|Any CPU
		{4D030FFB-82BC-4404-BE1C-5A210D358E29}.Release|Any CPU.Build.0 = Release|Any CPU
		{4D030FFB-82BC-4404-BE1C-5A210D358E29}.Release|x64.ActiveCfg = Release|Any CPU
		{4D030FFB-82BC-4404-BE1C-5A210D358E29}.Release|x64.Build.0 = Release|Any CPU
		{4D030FFB-82BC-4404-BE1C-5A210D358E29}.Release|x86.ActiveCfg = Release|Any CPU
		{4D030FFB-82BC-4404-BE1C-5A210D358E29}.Release|x86.Build.0 = Release|Any CPU
		{43ED7483-60AA-4D90-90EF-FEF1A0076F72}.Debug|Any CPU.ActiveCfg = Debug|Any CPU
		{43ED7483-60AA-4D90-90EF-FEF1A0076F72}.Debug|Any CPU.Build.0 = Debug|Any CPU
		{43ED7483-60AA-4D90-90EF-FEF1A0076F72}.Debug|x64.ActiveCfg = Debug|Any CPU
		{43ED7483-60AA-4D90-90EF-FEF1A0076F72}.Debug|x64.Build.0 = Debug|Any CPU
		{43ED7483-60AA-4D90-90EF-FEF1A0076F72}.Debug|x86.ActiveCfg = Debug|Any CPU
		{43ED7483-60AA-4D90-90EF-FEF1A0076F72}.Debug|x86.Build.0 = Debug|Any CPU
		{43ED7483-60AA-4D90-90EF-FEF1A0076F72}.Release|Any CPU.ActiveCfg = Release|Any CPU
		{43ED7483-60AA-4D90-90EF-FEF1A0076F72}.Release|Any CPU.Build.0 = Release|Any CPU
		{43ED7483-60AA-4D90-90EF-FEF1A0076F72}.Release|x64.ActiveCfg = Release|Any CPU
		{43ED7483-60AA-4D90-90EF-FEF1A0076F72}.Release|x64.Build.0 = Release|Any CPU
		{43ED7483-60AA-4D90-90EF-FEF1A0076F72}.Release|x86.ActiveCfg = Release|Any CPU
		{43ED7483-60AA-4D90-90EF-FEF1A0076F72}.Release|x86.Build.0 = Release|Any CPU
		{C24285BB-A01D-4F72-9853-0D8B802DFBDE}.Debug|Any CPU.ActiveCfg = Debug|Any CPU
		{C24285BB-A01D-4F72-9853-0D8B802DFBDE}.Debug|Any CPU.Build.0 = Debug|Any CPU
		{C24285BB-A01D-4F72-9853-0D8B802DFBDE}.Debug|x64.ActiveCfg = Debug|Any CPU
		{C24285BB-A01D-4F72-9853-0D8B802DFBDE}.Debug|x64.Build.0 = Debug|Any CPU
		{C24285BB-A01D-4F72-9853-0D8B802DFBDE}.Debug|x86.ActiveCfg = Debug|Any CPU
		{C24285BB-A01D-4F72-9853-0D8B802DFBDE}.Debug|x86.Build.0 = Debug|Any CPU
		{C24285BB-A01D-4F72-9853-0D8B802DFBDE}.Release|Any CPU.ActiveCfg = Release|Any CPU
		{C24285BB-A01D-4F72-9853-0D8B802DFBDE}.Release|Any CPU.Build.0 = Release|Any CPU
		{C24285BB-A01D-4F72-9853-0D8B802DFBDE}.Release|x64.ActiveCfg = Release|Any CPU
		{C24285BB-A01D-4F72-9853-0D8B802DFBDE}.Release|x64.Build.0 = Release|Any CPU
		{C24285BB-A01D-4F72-9853-0D8B802DFBDE}.Release|x86.ActiveCfg = Release|Any CPU
		{C24285BB-A01D-4F72-9853-0D8B802DFBDE}.Release|x86.Build.0 = Release|Any CPU
		{1BECDD16-86DF-4F74-A132-93CE9E84AD15}.Debug|Any CPU.ActiveCfg = Debug|Any CPU
		{1BECDD16-86DF-4F74-A132-93CE9E84AD15}.Debug|Any CPU.Build.0 = Debug|Any CPU
		{1BECDD16-86DF-4F74-A132-93CE9E84AD15}.Debug|x64.ActiveCfg = Debug|Any CPU
		{1BECDD16-86DF-4F74-A132-93CE9E84AD15}.Debug|x64.Build.0 = Debug|Any CPU
		{1BECDD16-86DF-4F74-A132-93CE9E84AD15}.Debug|x86.ActiveCfg = Debug|Any CPU
		{1BECDD16-86DF-4F74-A132-93CE9E84AD15}.Debug|x86.Build.0 = Debug|Any CPU
		{1BECDD16-86DF-4F74-A132-93CE9E84AD15}.Release|Any CPU.ActiveCfg = Release|Any CPU
		{1BECDD16-86DF-4F74-A132-93CE9E84AD15}.Release|Any CPU.Build.0 = Release|Any CPU
		{1BECDD16-86DF-4F74-A132-93CE9E84AD15}.Release|x64.ActiveCfg = Release|Any CPU
		{1BECDD16-86DF-4F74-A132-93CE9E84AD15}.Release|x64.Build.0 = Release|Any CPU
		{1BECDD16-86DF-4F74-A132-93CE9E84AD15}.Release|x86.ActiveCfg = Release|Any CPU
		{1BECDD16-86DF-4F74-A132-93CE9E84AD15}.Release|x86.Build.0 = Release|Any CPU
		{EE6DF1A3-28CC-4B2A-8E9F-67A0DC53C2C6}.Debug|Any CPU.ActiveCfg = Debug|Any CPU
		{EE6DF1A3-28CC-4B2A-8E9F-67A0DC53C2C6}.Debug|Any CPU.Build.0 = Debug|Any CPU
		{EE6DF1A3-28CC-4B2A-8E9F-67A0DC53C2C6}.Debug|x64.ActiveCfg = Debug|Any CPU
		{EE6DF1A3-28CC-4B2A-8E9F-67A0DC53C2C6}.Debug|x64.Build.0 = Debug|Any CPU
		{EE6DF1A3-28CC-4B2A-8E9F-67A0DC53C2C6}.Debug|x86.ActiveCfg = Debug|Any CPU
		{EE6DF1A3-28CC-4B2A-8E9F-67A0DC53C2C6}.Debug|x86.Build.0 = Debug|Any CPU
		{EE6DF1A3-28CC-4B2A-8E9F-67A0DC53C2C6}.Release|Any CPU.ActiveCfg = Release|Any CPU
		{EE6DF1A3-28CC-4B2A-8E9F-67A0DC53C2C6}.Release|Any CPU.Build.0 = Release|Any CPU
		{EE6DF1A3-28CC-4B2A-8E9F-67A0DC53C2C6}.Release|x64.ActiveCfg = Release|Any CPU
		{EE6DF1A3-28CC-4B2A-8E9F-67A0DC53C2C6}.Release|x64.Build.0 = Release|Any CPU
		{EE6DF1A3-28CC-4B2A-8E9F-67A0DC53C2C6}.Release|x86.ActiveCfg = Release|Any CPU
		{EE6DF1A3-28CC-4B2A-8E9F-67A0DC53C2C6}.Release|x86.Build.0 = Release|Any CPU
		{4BDDF66C-6668-4B9F-97BB-1FBD87418FE9}.Debug|Any CPU.ActiveCfg = Debug|Any CPU
		{4BDDF66C-6668-4B9F-97BB-1FBD87418FE9}.Debug|Any CPU.Build.0 = Debug|Any CPU
		{4BDDF66C-6668-4B9F-97BB-1FBD87418FE9}.Debug|x64.ActiveCfg = Debug|Any CPU
		{4BDDF66C-6668-4B9F-97BB-1FBD87418FE9}.Debug|x64.Build.0 = Debug|Any CPU
		{4BDDF66C-6668-4B9F-97BB-1FBD87418FE9}.Debug|x86.ActiveCfg = Debug|Any CPU
		{4BDDF66C-6668-4B9F-97BB-1FBD87418FE9}.Debug|x86.Build.0 = Debug|Any CPU
		{4BDDF66C-6668-4B9F-97BB-1FBD87418FE9}.Release|Any CPU.ActiveCfg = Release|Any CPU
		{4BDDF66C-6668-4B9F-97BB-1FBD87418FE9}.Release|Any CPU.Build.0 = Release|Any CPU
		{4BDDF66C-6668-4B9F-97BB-1FBD87418FE9}.Release|x64.ActiveCfg = Release|Any CPU
		{4BDDF66C-6668-4B9F-97BB-1FBD87418FE9}.Release|x64.Build.0 = Release|Any CPU
		{4BDDF66C-6668-4B9F-97BB-1FBD87418FE9}.Release|x86.ActiveCfg = Release|Any CPU
		{4BDDF66C-6668-4B9F-97BB-1FBD87418FE9}.Release|x86.Build.0 = Release|Any CPU
		{BDEE1511-D25C-434B-B5C4-4637E47E6AB6}.Debug|Any CPU.ActiveCfg = Debug|Any CPU
		{BDEE1511-D25C-434B-B5C4-4637E47E6AB6}.Debug|Any CPU.Build.0 = Debug|Any CPU
		{BDEE1511-D25C-434B-B5C4-4637E47E6AB6}.Debug|x64.ActiveCfg = Debug|Any CPU
		{BDEE1511-D25C-434B-B5C4-4637E47E6AB6}.Debug|x64.Build.0 = Debug|Any CPU
		{BDEE1511-D25C-434B-B5C4-4637E47E6AB6}.Debug|x86.ActiveCfg = Debug|Any CPU
		{BDEE1511-D25C-434B-B5C4-4637E47E6AB6}.Debug|x86.Build.0 = Debug|Any CPU
		{BDEE1511-D25C-434B-B5C4-4637E47E6AB6}.Release|Any CPU.ActiveCfg = Release|Any CPU
		{BDEE1511-D25C-434B-B5C4-4637E47E6AB6}.Release|Any CPU.Build.0 = Release|Any CPU
		{BDEE1511-D25C-434B-B5C4-4637E47E6AB6}.Release|x64.ActiveCfg = Release|Any CPU
		{BDEE1511-D25C-434B-B5C4-4637E47E6AB6}.Release|x64.Build.0 = Release|Any CPU
		{BDEE1511-D25C-434B-B5C4-4637E47E6AB6}.Release|x86.ActiveCfg = Release|Any CPU
		{BDEE1511-D25C-434B-B5C4-4637E47E6AB6}.Release|x86.Build.0 = Release|Any CPU
		{B4C381D5-7828-4640-9822-491B22B4E78B}.Debug|Any CPU.ActiveCfg = Debug|Any CPU
		{B4C381D5-7828-4640-9822-491B22B4E78B}.Debug|Any CPU.Build.0 = Debug|Any CPU
		{B4C381D5-7828-4640-9822-491B22B4E78B}.Debug|x64.ActiveCfg = Debug|Any CPU
		{B4C381D5-7828-4640-9822-491B22B4E78B}.Debug|x64.Build.0 = Debug|Any CPU
		{B4C381D5-7828-4640-9822-491B22B4E78B}.Debug|x86.ActiveCfg = Debug|Any CPU
		{B4C381D5-7828-4640-9822-491B22B4E78B}.Debug|x86.Build.0 = Debug|Any CPU
		{B4C381D5-7828-4640-9822-491B22B4E78B}.Release|Any CPU.ActiveCfg = Release|Any CPU
		{B4C381D5-7828-4640-9822-491B22B4E78B}.Release|Any CPU.Build.0 = Release|Any CPU
		{B4C381D5-7828-4640-9822-491B22B4E78B}.Release|x64.ActiveCfg = Release|Any CPU
		{B4C381D5-7828-4640-9822-491B22B4E78B}.Release|x64.Build.0 = Release|Any CPU
		{B4C381D5-7828-4640-9822-491B22B4E78B}.Release|x86.ActiveCfg = Release|Any CPU
		{B4C381D5-7828-4640-9822-491B22B4E78B}.Release|x86.Build.0 = Release|Any CPU
		{1C306053-7BE2-4FA2-9B1F-80D612D1D32F}.Debug|Any CPU.ActiveCfg = Debug|Any CPU
		{1C306053-7BE2-4FA2-9B1F-80D612D1D32F}.Debug|Any CPU.Build.0 = Debug|Any CPU
		{1C306053-7BE2-4FA2-9B1F-80D612D1D32F}.Debug|x64.ActiveCfg = Debug|Any CPU
		{1C306053-7BE2-4FA2-9B1F-80D612D1D32F}.Debug|x64.Build.0 = Debug|Any CPU
		{1C306053-7BE2-4FA2-9B1F-80D612D1D32F}.Debug|x86.ActiveCfg = Debug|Any CPU
		{1C306053-7BE2-4FA2-9B1F-80D612D1D32F}.Debug|x86.Build.0 = Debug|Any CPU
		{1C306053-7BE2-4FA2-9B1F-80D612D1D32F}.Release|Any CPU.ActiveCfg = Release|Any CPU
		{1C306053-7BE2-4FA2-9B1F-80D612D1D32F}.Release|Any CPU.Build.0 = Release|Any CPU
		{1C306053-7BE2-4FA2-9B1F-80D612D1D32F}.Release|x64.ActiveCfg = Release|Any CPU
		{1C306053-7BE2-4FA2-9B1F-80D612D1D32F}.Release|x64.Build.0 = Release|Any CPU
		{1C306053-7BE2-4FA2-9B1F-80D612D1D32F}.Release|x86.ActiveCfg = Release|Any CPU
		{1C306053-7BE2-4FA2-9B1F-80D612D1D32F}.Release|x86.Build.0 = Release|Any CPU
		{DEF24E9E-8AA7-4312-A99D-7251816A841B}.Debug|Any CPU.ActiveCfg = Debug|Any CPU
		{DEF24E9E-8AA7-4312-A99D-7251816A841B}.Debug|Any CPU.Build.0 = Debug|Any CPU
		{DEF24E9E-8AA7-4312-A99D-7251816A841B}.Debug|x64.ActiveCfg = Debug|Any CPU
		{DEF24E9E-8AA7-4312-A99D-7251816A841B}.Debug|x64.Build.0 = Debug|Any CPU
		{DEF24E9E-8AA7-4312-A99D-7251816A841B}.Debug|x86.ActiveCfg = Debug|Any CPU
		{DEF24E9E-8AA7-4312-A99D-7251816A841B}.Debug|x86.Build.0 = Debug|Any CPU
		{DEF24E9E-8AA7-4312-A99D-7251816A841B}.Release|Any CPU.ActiveCfg = Release|Any CPU
		{DEF24E9E-8AA7-4312-A99D-7251816A841B}.Release|Any CPU.Build.0 = Release|Any CPU
		{DEF24E9E-8AA7-4312-A99D-7251816A841B}.Release|x64.ActiveCfg = Release|Any CPU
		{DEF24E9E-8AA7-4312-A99D-7251816A841B}.Release|x64.Build.0 = Release|Any CPU
		{DEF24E9E-8AA7-4312-A99D-7251816A841B}.Release|x86.ActiveCfg = Release|Any CPU
		{DEF24E9E-8AA7-4312-A99D-7251816A841B}.Release|x86.Build.0 = Release|Any CPU
		{BF7880BF-BD62-4809-962B-F0ABAB8843BF}.Debug|Any CPU.ActiveCfg = Debug|Any CPU
		{BF7880BF-BD62-4809-962B-F0ABAB8843BF}.Debug|Any CPU.Build.0 = Debug|Any CPU
		{BF7880BF-BD62-4809-962B-F0ABAB8843BF}.Debug|x64.ActiveCfg = Debug|Any CPU
		{BF7880BF-BD62-4809-962B-F0ABAB8843BF}.Debug|x64.Build.0 = Debug|Any CPU
		{BF7880BF-BD62-4809-962B-F0ABAB8843BF}.Debug|x86.ActiveCfg = Debug|Any CPU
		{BF7880BF-BD62-4809-962B-F0ABAB8843BF}.Debug|x86.Build.0 = Debug|Any CPU
		{BF7880BF-BD62-4809-962B-F0ABAB8843BF}.Release|Any CPU.ActiveCfg = Release|Any CPU
		{BF7880BF-BD62-4809-962B-F0ABAB8843BF}.Release|Any CPU.Build.0 = Release|Any CPU
		{BF7880BF-BD62-4809-962B-F0ABAB8843BF}.Release|x64.ActiveCfg = Release|Any CPU
		{BF7880BF-BD62-4809-962B-F0ABAB8843BF}.Release|x64.Build.0 = Release|Any CPU
		{BF7880BF-BD62-4809-962B-F0ABAB8843BF}.Release|x86.ActiveCfg = Release|Any CPU
		{BF7880BF-BD62-4809-962B-F0ABAB8843BF}.Release|x86.Build.0 = Release|Any CPU
		{E146BAFB-B43F-4EFA-BCC9-05A901342878}.Debug|Any CPU.ActiveCfg = Debug|Any CPU
		{E146BAFB-B43F-4EFA-BCC9-05A901342878}.Debug|Any CPU.Build.0 = Debug|Any CPU
		{E146BAFB-B43F-4EFA-BCC9-05A901342878}.Debug|x64.ActiveCfg = Debug|Any CPU
		{E146BAFB-B43F-4EFA-BCC9-05A901342878}.Debug|x64.Build.0 = Debug|Any CPU
		{E146BAFB-B43F-4EFA-BCC9-05A901342878}.Debug|x86.ActiveCfg = Debug|Any CPU
		{E146BAFB-B43F-4EFA-BCC9-05A901342878}.Debug|x86.Build.0 = Debug|Any CPU
		{E146BAFB-B43F-4EFA-BCC9-05A901342878}.Release|Any CPU.ActiveCfg = Release|Any CPU
		{E146BAFB-B43F-4EFA-BCC9-05A901342878}.Release|Any CPU.Build.0 = Release|Any CPU
		{E146BAFB-B43F-4EFA-BCC9-05A901342878}.Release|x64.ActiveCfg = Release|Any CPU
		{E146BAFB-B43F-4EFA-BCC9-05A901342878}.Release|x64.Build.0 = Release|Any CPU
		{E146BAFB-B43F-4EFA-BCC9-05A901342878}.Release|x86.ActiveCfg = Release|Any CPU
		{E146BAFB-B43F-4EFA-BCC9-05A901342878}.Release|x86.Build.0 = Release|Any CPU
		{EF1110C8-7662-4EA7-ADD9-56A0B4C98A4C}.Debug|Any CPU.ActiveCfg = Debug|Any CPU
		{EF1110C8-7662-4EA7-ADD9-56A0B4C98A4C}.Debug|Any CPU.Build.0 = Debug|Any CPU
		{EF1110C8-7662-4EA7-ADD9-56A0B4C98A4C}.Debug|x64.ActiveCfg = Debug|Any CPU
		{EF1110C8-7662-4EA7-ADD9-56A0B4C98A4C}.Debug|x64.Build.0 = Debug|Any CPU
		{EF1110C8-7662-4EA7-ADD9-56A0B4C98A4C}.Debug|x86.ActiveCfg = Debug|Any CPU
		{EF1110C8-7662-4EA7-ADD9-56A0B4C98A4C}.Debug|x86.Build.0 = Debug|Any CPU
		{EF1110C8-7662-4EA7-ADD9-56A0B4C98A4C}.Release|Any CPU.ActiveCfg = Release|Any CPU
		{EF1110C8-7662-4EA7-ADD9-56A0B4C98A4C}.Release|Any CPU.Build.0 = Release|Any CPU
		{EF1110C8-7662-4EA7-ADD9-56A0B4C98A4C}.Release|x64.ActiveCfg = Release|Any CPU
		{EF1110C8-7662-4EA7-ADD9-56A0B4C98A4C}.Release|x64.Build.0 = Release|Any CPU
		{EF1110C8-7662-4EA7-ADD9-56A0B4C98A4C}.Release|x86.ActiveCfg = Release|Any CPU
		{EF1110C8-7662-4EA7-ADD9-56A0B4C98A4C}.Release|x86.Build.0 = Release|Any CPU
		{F661C9AE-93D7-4FC9-819D-F4C01C154B94}.Debug|Any CPU.ActiveCfg = Debug|Any CPU
		{F661C9AE-93D7-4FC9-819D-F4C01C154B94}.Debug|Any CPU.Build.0 = Debug|Any CPU
		{F661C9AE-93D7-4FC9-819D-F4C01C154B94}.Debug|x64.ActiveCfg = Debug|Any CPU
		{F661C9AE-93D7-4FC9-819D-F4C01C154B94}.Debug|x64.Build.0 = Debug|Any CPU
		{F661C9AE-93D7-4FC9-819D-F4C01C154B94}.Debug|x86.ActiveCfg = Debug|Any CPU
		{F661C9AE-93D7-4FC9-819D-F4C01C154B94}.Debug|x86.Build.0 = Debug|Any CPU
		{F661C9AE-93D7-4FC9-819D-F4C01C154B94}.Release|Any CPU.ActiveCfg = Release|Any CPU
		{F661C9AE-93D7-4FC9-819D-F4C01C154B94}.Release|Any CPU.Build.0 = Release|Any CPU
		{F661C9AE-93D7-4FC9-819D-F4C01C154B94}.Release|x64.ActiveCfg = Release|Any CPU
		{F661C9AE-93D7-4FC9-819D-F4C01C154B94}.Release|x64.Build.0 = Release|Any CPU
		{F661C9AE-93D7-4FC9-819D-F4C01C154B94}.Release|x86.ActiveCfg = Release|Any CPU
		{F661C9AE-93D7-4FC9-819D-F4C01C154B94}.Release|x86.Build.0 = Release|Any CPU
		{03DBD18C-5D8F-4576-82A0-68394D0443E6}.Debug|Any CPU.ActiveCfg = Debug|Any CPU
		{03DBD18C-5D8F-4576-82A0-68394D0443E6}.Debug|Any CPU.Build.0 = Debug|Any CPU
		{03DBD18C-5D8F-4576-82A0-68394D0443E6}.Debug|x64.ActiveCfg = Debug|Any CPU
		{03DBD18C-5D8F-4576-82A0-68394D0443E6}.Debug|x64.Build.0 = Debug|Any CPU
		{03DBD18C-5D8F-4576-82A0-68394D0443E6}.Debug|x86.ActiveCfg = Debug|Any CPU
		{03DBD18C-5D8F-4576-82A0-68394D0443E6}.Debug|x86.Build.0 = Debug|Any CPU
		{03DBD18C-5D8F-4576-82A0-68394D0443E6}.Release|Any CPU.ActiveCfg = Release|Any CPU
		{03DBD18C-5D8F-4576-82A0-68394D0443E6}.Release|Any CPU.Build.0 = Release|Any CPU
		{03DBD18C-5D8F-4576-82A0-68394D0443E6}.Release|x64.ActiveCfg = Release|Any CPU
		{03DBD18C-5D8F-4576-82A0-68394D0443E6}.Release|x64.Build.0 = Release|Any CPU
		{03DBD18C-5D8F-4576-82A0-68394D0443E6}.Release|x86.ActiveCfg = Release|Any CPU
		{03DBD18C-5D8F-4576-82A0-68394D0443E6}.Release|x86.Build.0 = Release|Any CPU
		{A316779E-584B-42D0-B80A-670EADF9CD0B}.Debug|Any CPU.ActiveCfg = Debug|Any CPU
		{A316779E-584B-42D0-B80A-670EADF9CD0B}.Debug|Any CPU.Build.0 = Debug|Any CPU
		{A316779E-584B-42D0-B80A-670EADF9CD0B}.Debug|x64.ActiveCfg = Debug|Any CPU
		{A316779E-584B-42D0-B80A-670EADF9CD0B}.Debug|x64.Build.0 = Debug|Any CPU
		{A316779E-584B-42D0-B80A-670EADF9CD0B}.Debug|x86.ActiveCfg = Debug|Any CPU
		{A316779E-584B-42D0-B80A-670EADF9CD0B}.Debug|x86.Build.0 = Debug|Any CPU
		{A316779E-584B-42D0-B80A-670EADF9CD0B}.Release|Any CPU.ActiveCfg = Release|Any CPU
		{A316779E-584B-42D0-B80A-670EADF9CD0B}.Release|Any CPU.Build.0 = Release|Any CPU
		{A316779E-584B-42D0-B80A-670EADF9CD0B}.Release|x64.ActiveCfg = Release|Any CPU
		{A316779E-584B-42D0-B80A-670EADF9CD0B}.Release|x64.Build.0 = Release|Any CPU
		{A316779E-584B-42D0-B80A-670EADF9CD0B}.Release|x86.ActiveCfg = Release|Any CPU
		{A316779E-584B-42D0-B80A-670EADF9CD0B}.Release|x86.Build.0 = Release|Any CPU
		{61581D3E-A4E5-45CB-94B4-EB2E51D59D50}.Debug|Any CPU.ActiveCfg = Debug|Any CPU
		{61581D3E-A4E5-45CB-94B4-EB2E51D59D50}.Debug|Any CPU.Build.0 = Debug|Any CPU
		{61581D3E-A4E5-45CB-94B4-EB2E51D59D50}.Debug|x64.ActiveCfg = Debug|Any CPU
		{61581D3E-A4E5-45CB-94B4-EB2E51D59D50}.Debug|x64.Build.0 = Debug|Any CPU
		{61581D3E-A4E5-45CB-94B4-EB2E51D59D50}.Debug|x86.ActiveCfg = Debug|Any CPU
		{61581D3E-A4E5-45CB-94B4-EB2E51D59D50}.Debug|x86.Build.0 = Debug|Any CPU
		{61581D3E-A4E5-45CB-94B4-EB2E51D59D50}.Release|Any CPU.ActiveCfg = Release|Any CPU
		{61581D3E-A4E5-45CB-94B4-EB2E51D59D50}.Release|Any CPU.Build.0 = Release|Any CPU
		{61581D3E-A4E5-45CB-94B4-EB2E51D59D50}.Release|x64.ActiveCfg = Release|Any CPU
		{61581D3E-A4E5-45CB-94B4-EB2E51D59D50}.Release|x64.Build.0 = Release|Any CPU
		{61581D3E-A4E5-45CB-94B4-EB2E51D59D50}.Release|x86.ActiveCfg = Release|Any CPU
		{61581D3E-A4E5-45CB-94B4-EB2E51D59D50}.Release|x86.Build.0 = Release|Any CPU
		{31DDE70B-1C1E-413F-A9B1-02BAEE81533F}.Debug|Any CPU.ActiveCfg = Debug|Any CPU
		{31DDE70B-1C1E-413F-A9B1-02BAEE81533F}.Debug|Any CPU.Build.0 = Debug|Any CPU
		{31DDE70B-1C1E-413F-A9B1-02BAEE81533F}.Debug|x64.ActiveCfg = Debug|Any CPU
		{31DDE70B-1C1E-413F-A9B1-02BAEE81533F}.Debug|x64.Build.0 = Debug|Any CPU
		{31DDE70B-1C1E-413F-A9B1-02BAEE81533F}.Debug|x86.ActiveCfg = Debug|Any CPU
		{31DDE70B-1C1E-413F-A9B1-02BAEE81533F}.Debug|x86.Build.0 = Debug|Any CPU
		{31DDE70B-1C1E-413F-A9B1-02BAEE81533F}.Release|Any CPU.ActiveCfg = Release|Any CPU
		{31DDE70B-1C1E-413F-A9B1-02BAEE81533F}.Release|Any CPU.Build.0 = Release|Any CPU
		{31DDE70B-1C1E-413F-A9B1-02BAEE81533F}.Release|x64.ActiveCfg = Release|Any CPU
		{31DDE70B-1C1E-413F-A9B1-02BAEE81533F}.Release|x64.Build.0 = Release|Any CPU
		{31DDE70B-1C1E-413F-A9B1-02BAEE81533F}.Release|x86.ActiveCfg = Release|Any CPU
		{31DDE70B-1C1E-413F-A9B1-02BAEE81533F}.Release|x86.Build.0 = Release|Any CPU
		{D96F0089-6290-45BC-A0E0-87193908A9B9}.Debug|Any CPU.ActiveCfg = Debug|Any CPU
		{D96F0089-6290-45BC-A0E0-87193908A9B9}.Debug|Any CPU.Build.0 = Debug|Any CPU
		{D96F0089-6290-45BC-A0E0-87193908A9B9}.Debug|x64.ActiveCfg = Debug|Any CPU
		{D96F0089-6290-45BC-A0E0-87193908A9B9}.Debug|x64.Build.0 = Debug|Any CPU
		{D96F0089-6290-45BC-A0E0-87193908A9B9}.Debug|x86.ActiveCfg = Debug|Any CPU
		{D96F0089-6290-45BC-A0E0-87193908A9B9}.Debug|x86.Build.0 = Debug|Any CPU
		{D96F0089-6290-45BC-A0E0-87193908A9B9}.Release|Any CPU.ActiveCfg = Release|Any CPU
		{D96F0089-6290-45BC-A0E0-87193908A9B9}.Release|Any CPU.Build.0 = Release|Any CPU
		{D96F0089-6290-45BC-A0E0-87193908A9B9}.Release|x64.ActiveCfg = Release|Any CPU
		{D96F0089-6290-45BC-A0E0-87193908A9B9}.Release|x64.Build.0 = Release|Any CPU
		{D96F0089-6290-45BC-A0E0-87193908A9B9}.Release|x86.ActiveCfg = Release|Any CPU
		{D96F0089-6290-45BC-A0E0-87193908A9B9}.Release|x86.Build.0 = Release|Any CPU
		{15625B25-5565-4DB9-8E4C-2340227EF651}.Debug|Any CPU.ActiveCfg = Debug|Any CPU
		{15625B25-5565-4DB9-8E4C-2340227EF651}.Debug|Any CPU.Build.0 = Debug|Any CPU
		{15625B25-5565-4DB9-8E4C-2340227EF651}.Debug|x64.ActiveCfg = Debug|Any CPU
		{15625B25-5565-4DB9-8E4C-2340227EF651}.Debug|x64.Build.0 = Debug|Any CPU
		{15625B25-5565-4DB9-8E4C-2340227EF651}.Debug|x86.ActiveCfg = Debug|Any CPU
		{15625B25-5565-4DB9-8E4C-2340227EF651}.Debug|x86.Build.0 = Debug|Any CPU
		{15625B25-5565-4DB9-8E4C-2340227EF651}.Release|Any CPU.ActiveCfg = Release|Any CPU
		{15625B25-5565-4DB9-8E4C-2340227EF651}.Release|Any CPU.Build.0 = Release|Any CPU
		{15625B25-5565-4DB9-8E4C-2340227EF651}.Release|x64.ActiveCfg = Release|Any CPU
		{15625B25-5565-4DB9-8E4C-2340227EF651}.Release|x64.Build.0 = Release|Any CPU
		{15625B25-5565-4DB9-8E4C-2340227EF651}.Release|x86.ActiveCfg = Release|Any CPU
		{15625B25-5565-4DB9-8E4C-2340227EF651}.Release|x86.Build.0 = Release|Any CPU
		{B77F1000-5C04-4D24-B20F-50D741003BB0}.Debug|Any CPU.ActiveCfg = Debug|Any CPU
		{B77F1000-5C04-4D24-B20F-50D741003BB0}.Debug|Any CPU.Build.0 = Debug|Any CPU
		{B77F1000-5C04-4D24-B20F-50D741003BB0}.Debug|x64.ActiveCfg = Debug|Any CPU
		{B77F1000-5C04-4D24-B20F-50D741003BB0}.Debug|x64.Build.0 = Debug|Any CPU
		{B77F1000-5C04-4D24-B20F-50D741003BB0}.Debug|x86.ActiveCfg = Debug|Any CPU
		{B77F1000-5C04-4D24-B20F-50D741003BB0}.Debug|x86.Build.0 = Debug|Any CPU
		{B77F1000-5C04-4D24-B20F-50D741003BB0}.Release|Any CPU.ActiveCfg = Release|Any CPU
		{B77F1000-5C04-4D24-B20F-50D741003BB0}.Release|Any CPU.Build.0 = Release|Any CPU
		{B77F1000-5C04-4D24-B20F-50D741003BB0}.Release|x64.ActiveCfg = Release|Any CPU
		{B77F1000-5C04-4D24-B20F-50D741003BB0}.Release|x64.Build.0 = Release|Any CPU
		{B77F1000-5C04-4D24-B20F-50D741003BB0}.Release|x86.ActiveCfg = Release|Any CPU
		{B77F1000-5C04-4D24-B20F-50D741003BB0}.Release|x86.Build.0 = Release|Any CPU
		{2DA799EB-25AA-4511-B4B8-0429FC21FB6E}.Debug|Any CPU.ActiveCfg = Debug|Any CPU
		{2DA799EB-25AA-4511-B4B8-0429FC21FB6E}.Debug|Any CPU.Build.0 = Debug|Any CPU
		{2DA799EB-25AA-4511-B4B8-0429FC21FB6E}.Debug|x64.ActiveCfg = Debug|Any CPU
		{2DA799EB-25AA-4511-B4B8-0429FC21FB6E}.Debug|x64.Build.0 = Debug|Any CPU
		{2DA799EB-25AA-4511-B4B8-0429FC21FB6E}.Debug|x86.ActiveCfg = Debug|Any CPU
		{2DA799EB-25AA-4511-B4B8-0429FC21FB6E}.Debug|x86.Build.0 = Debug|Any CPU
		{2DA799EB-25AA-4511-B4B8-0429FC21FB6E}.Release|Any CPU.ActiveCfg = Release|Any CPU
		{2DA799EB-25AA-4511-B4B8-0429FC21FB6E}.Release|Any CPU.Build.0 = Release|Any CPU
		{2DA799EB-25AA-4511-B4B8-0429FC21FB6E}.Release|x64.ActiveCfg = Release|Any CPU
		{2DA799EB-25AA-4511-B4B8-0429FC21FB6E}.Release|x64.Build.0 = Release|Any CPU
		{2DA799EB-25AA-4511-B4B8-0429FC21FB6E}.Release|x86.ActiveCfg = Release|Any CPU
		{2DA799EB-25AA-4511-B4B8-0429FC21FB6E}.Release|x86.Build.0 = Release|Any CPU
		{1C078054-ACE4-4A92-8EE4-CBB31F2CF785}.Debug|Any CPU.ActiveCfg = Debug|Any CPU
		{1C078054-ACE4-4A92-8EE4-CBB31F2CF785}.Debug|Any CPU.Build.0 = Debug|Any CPU
		{1C078054-ACE4-4A92-8EE4-CBB31F2CF785}.Debug|x64.ActiveCfg = Debug|Any CPU
		{1C078054-ACE4-4A92-8EE4-CBB31F2CF785}.Debug|x64.Build.0 = Debug|Any CPU
		{1C078054-ACE4-4A92-8EE4-CBB31F2CF785}.Debug|x86.ActiveCfg = Debug|Any CPU
		{1C078054-ACE4-4A92-8EE4-CBB31F2CF785}.Debug|x86.Build.0 = Debug|Any CPU
		{1C078054-ACE4-4A92-8EE4-CBB31F2CF785}.Release|Any CPU.ActiveCfg = Release|Any CPU
		{1C078054-ACE4-4A92-8EE4-CBB31F2CF785}.Release|Any CPU.Build.0 = Release|Any CPU
		{1C078054-ACE4-4A92-8EE4-CBB31F2CF785}.Release|x64.ActiveCfg = Release|Any CPU
		{1C078054-ACE4-4A92-8EE4-CBB31F2CF785}.Release|x64.Build.0 = Release|Any CPU
		{1C078054-ACE4-4A92-8EE4-CBB31F2CF785}.Release|x86.ActiveCfg = Release|Any CPU
		{1C078054-ACE4-4A92-8EE4-CBB31F2CF785}.Release|x86.Build.0 = Release|Any CPU
		{2E9CFCE4-0B9F-42CB-A1DC-B0A4A879E2D6}.Debug|Any CPU.ActiveCfg = Debug|Any CPU
		{2E9CFCE4-0B9F-42CB-A1DC-B0A4A879E2D6}.Debug|Any CPU.Build.0 = Debug|Any CPU
		{2E9CFCE4-0B9F-42CB-A1DC-B0A4A879E2D6}.Debug|x64.ActiveCfg = Debug|Any CPU
		{2E9CFCE4-0B9F-42CB-A1DC-B0A4A879E2D6}.Debug|x64.Build.0 = Debug|Any CPU
		{2E9CFCE4-0B9F-42CB-A1DC-B0A4A879E2D6}.Debug|x86.ActiveCfg = Debug|Any CPU
		{2E9CFCE4-0B9F-42CB-A1DC-B0A4A879E2D6}.Debug|x86.Build.0 = Debug|Any CPU
		{2E9CFCE4-0B9F-42CB-A1DC-B0A4A879E2D6}.Release|Any CPU.ActiveCfg = Release|Any CPU
		{2E9CFCE4-0B9F-42CB-A1DC-B0A4A879E2D6}.Release|Any CPU.Build.0 = Release|Any CPU
		{2E9CFCE4-0B9F-42CB-A1DC-B0A4A879E2D6}.Release|x64.ActiveCfg = Release|Any CPU
		{2E9CFCE4-0B9F-42CB-A1DC-B0A4A879E2D6}.Release|x64.Build.0 = Release|Any CPU
		{2E9CFCE4-0B9F-42CB-A1DC-B0A4A879E2D6}.Release|x86.ActiveCfg = Release|Any CPU
		{2E9CFCE4-0B9F-42CB-A1DC-B0A4A879E2D6}.Release|x86.Build.0 = Release|Any CPU
		{13F262BA-E27C-439D-991A-341E1F63553D}.Debug|Any CPU.ActiveCfg = Debug|Any CPU
		{13F262BA-E27C-439D-991A-341E1F63553D}.Debug|Any CPU.Build.0 = Debug|Any CPU
		{13F262BA-E27C-439D-991A-341E1F63553D}.Debug|x64.ActiveCfg = Debug|Any CPU
		{13F262BA-E27C-439D-991A-341E1F63553D}.Debug|x64.Build.0 = Debug|Any CPU
		{13F262BA-E27C-439D-991A-341E1F63553D}.Debug|x86.ActiveCfg = Debug|Any CPU
		{13F262BA-E27C-439D-991A-341E1F63553D}.Debug|x86.Build.0 = Debug|Any CPU
		{13F262BA-E27C-439D-991A-341E1F63553D}.Release|Any CPU.ActiveCfg = Release|Any CPU
		{13F262BA-E27C-439D-991A-341E1F63553D}.Release|Any CPU.Build.0 = Release|Any CPU
		{13F262BA-E27C-439D-991A-341E1F63553D}.Release|x64.ActiveCfg = Release|Any CPU
		{13F262BA-E27C-439D-991A-341E1F63553D}.Release|x64.Build.0 = Release|Any CPU
		{13F262BA-E27C-439D-991A-341E1F63553D}.Release|x86.ActiveCfg = Release|Any CPU
		{13F262BA-E27C-439D-991A-341E1F63553D}.Release|x86.Build.0 = Release|Any CPU
		{E40BDC5F-29AD-46A5-A802-C937565906C9}.Debug|Any CPU.ActiveCfg = Debug|Any CPU
		{E40BDC5F-29AD-46A5-A802-C937565906C9}.Debug|Any CPU.Build.0 = Debug|Any CPU
		{E40BDC5F-29AD-46A5-A802-C937565906C9}.Debug|x64.ActiveCfg = Debug|Any CPU
		{E40BDC5F-29AD-46A5-A802-C937565906C9}.Debug|x64.Build.0 = Debug|Any CPU
		{E40BDC5F-29AD-46A5-A802-C937565906C9}.Debug|x86.ActiveCfg = Debug|Any CPU
		{E40BDC5F-29AD-46A5-A802-C937565906C9}.Debug|x86.Build.0 = Debug|Any CPU
		{E40BDC5F-29AD-46A5-A802-C937565906C9}.Release|Any CPU.ActiveCfg = Release|Any CPU
		{E40BDC5F-29AD-46A5-A802-C937565906C9}.Release|Any CPU.Build.0 = Release|Any CPU
		{E40BDC5F-29AD-46A5-A802-C937565906C9}.Release|x64.ActiveCfg = Release|Any CPU
		{E40BDC5F-29AD-46A5-A802-C937565906C9}.Release|x64.Build.0 = Release|Any CPU
		{E40BDC5F-29AD-46A5-A802-C937565906C9}.Release|x86.ActiveCfg = Release|Any CPU
		{E40BDC5F-29AD-46A5-A802-C937565906C9}.Release|x86.Build.0 = Release|Any CPU
		{C339C456-7E21-47A2-9746-91537F2DF5AF}.Debug|Any CPU.ActiveCfg = Debug|Any CPU
		{C339C456-7E21-47A2-9746-91537F2DF5AF}.Debug|Any CPU.Build.0 = Debug|Any CPU
		{C339C456-7E21-47A2-9746-91537F2DF5AF}.Debug|x64.ActiveCfg = Debug|Any CPU
		{C339C456-7E21-47A2-9746-91537F2DF5AF}.Debug|x64.Build.0 = Debug|Any CPU
		{C339C456-7E21-47A2-9746-91537F2DF5AF}.Debug|x86.ActiveCfg = Debug|Any CPU
		{C339C456-7E21-47A2-9746-91537F2DF5AF}.Debug|x86.Build.0 = Debug|Any CPU
		{C339C456-7E21-47A2-9746-91537F2DF5AF}.Release|Any CPU.ActiveCfg = Release|Any CPU
		{C339C456-7E21-47A2-9746-91537F2DF5AF}.Release|Any CPU.Build.0 = Release|Any CPU
		{C339C456-7E21-47A2-9746-91537F2DF5AF}.Release|x64.ActiveCfg = Release|Any CPU
		{C339C456-7E21-47A2-9746-91537F2DF5AF}.Release|x64.Build.0 = Release|Any CPU
		{C339C456-7E21-47A2-9746-91537F2DF5AF}.Release|x86.ActiveCfg = Release|Any CPU
		{C339C456-7E21-47A2-9746-91537F2DF5AF}.Release|x86.Build.0 = Release|Any CPU
		{D1D75A95-CE21-4D3C-93BE-0540261EA16B}.Debug|Any CPU.ActiveCfg = Debug|Any CPU
		{D1D75A95-CE21-4D3C-93BE-0540261EA16B}.Debug|Any CPU.Build.0 = Debug|Any CPU
		{D1D75A95-CE21-4D3C-93BE-0540261EA16B}.Debug|x64.ActiveCfg = Debug|Any CPU
		{D1D75A95-CE21-4D3C-93BE-0540261EA16B}.Debug|x64.Build.0 = Debug|Any CPU
		{D1D75A95-CE21-4D3C-93BE-0540261EA16B}.Debug|x86.ActiveCfg = Debug|Any CPU
		{D1D75A95-CE21-4D3C-93BE-0540261EA16B}.Debug|x86.Build.0 = Debug|Any CPU
		{D1D75A95-CE21-4D3C-93BE-0540261EA16B}.Release|Any CPU.ActiveCfg = Release|Any CPU
		{D1D75A95-CE21-4D3C-93BE-0540261EA16B}.Release|Any CPU.Build.0 = Release|Any CPU
		{D1D75A95-CE21-4D3C-93BE-0540261EA16B}.Release|x64.ActiveCfg = Release|Any CPU
		{D1D75A95-CE21-4D3C-93BE-0540261EA16B}.Release|x64.Build.0 = Release|Any CPU
		{D1D75A95-CE21-4D3C-93BE-0540261EA16B}.Release|x86.ActiveCfg = Release|Any CPU
		{D1D75A95-CE21-4D3C-93BE-0540261EA16B}.Release|x86.Build.0 = Release|Any CPU
		{F59B3468-1115-41B2-9128-E09C9F2F528E}.Debug|Any CPU.ActiveCfg = Debug|Any CPU
		{F59B3468-1115-41B2-9128-E09C9F2F528E}.Debug|Any CPU.Build.0 = Debug|Any CPU
		{F59B3468-1115-41B2-9128-E09C9F2F528E}.Debug|x64.ActiveCfg = Debug|Any CPU
		{F59B3468-1115-41B2-9128-E09C9F2F528E}.Debug|x64.Build.0 = Debug|Any CPU
		{F59B3468-1115-41B2-9128-E09C9F2F528E}.Debug|x86.ActiveCfg = Debug|Any CPU
		{F59B3468-1115-41B2-9128-E09C9F2F528E}.Debug|x86.Build.0 = Debug|Any CPU
		{F59B3468-1115-41B2-9128-E09C9F2F528E}.Release|Any CPU.ActiveCfg = Release|Any CPU
		{F59B3468-1115-41B2-9128-E09C9F2F528E}.Release|Any CPU.Build.0 = Release|Any CPU
		{F59B3468-1115-41B2-9128-E09C9F2F528E}.Release|x64.ActiveCfg = Release|Any CPU
		{F59B3468-1115-41B2-9128-E09C9F2F528E}.Release|x64.Build.0 = Release|Any CPU
		{F59B3468-1115-41B2-9128-E09C9F2F528E}.Release|x86.ActiveCfg = Release|Any CPU
		{F59B3468-1115-41B2-9128-E09C9F2F528E}.Release|x86.Build.0 = Release|Any CPU
		{1352157D-1F5E-46A6-951A-41C9068F6655}.Debug|Any CPU.ActiveCfg = Debug|Any CPU
		{1352157D-1F5E-46A6-951A-41C9068F6655}.Debug|Any CPU.Build.0 = Debug|Any CPU
		{1352157D-1F5E-46A6-951A-41C9068F6655}.Debug|x64.ActiveCfg = Debug|Any CPU
		{1352157D-1F5E-46A6-951A-41C9068F6655}.Debug|x64.Build.0 = Debug|Any CPU
		{1352157D-1F5E-46A6-951A-41C9068F6655}.Debug|x86.ActiveCfg = Debug|Any CPU
		{1352157D-1F5E-46A6-951A-41C9068F6655}.Debug|x86.Build.0 = Debug|Any CPU
		{1352157D-1F5E-46A6-951A-41C9068F6655}.Release|Any CPU.ActiveCfg = Release|Any CPU
		{1352157D-1F5E-46A6-951A-41C9068F6655}.Release|Any CPU.Build.0 = Release|Any CPU
		{1352157D-1F5E-46A6-951A-41C9068F6655}.Release|x64.ActiveCfg = Release|Any CPU
		{1352157D-1F5E-46A6-951A-41C9068F6655}.Release|x64.Build.0 = Release|Any CPU
		{1352157D-1F5E-46A6-951A-41C9068F6655}.Release|x86.ActiveCfg = Release|Any CPU
		{1352157D-1F5E-46A6-951A-41C9068F6655}.Release|x86.Build.0 = Release|Any CPU
		{0E716074-7346-43CF-AC14-CED1985F1D4B}.Debug|Any CPU.ActiveCfg = Debug|Any CPU
		{0E716074-7346-43CF-AC14-CED1985F1D4B}.Debug|Any CPU.Build.0 = Debug|Any CPU
		{0E716074-7346-43CF-AC14-CED1985F1D4B}.Debug|x64.ActiveCfg = Debug|Any CPU
		{0E716074-7346-43CF-AC14-CED1985F1D4B}.Debug|x64.Build.0 = Debug|Any CPU
		{0E716074-7346-43CF-AC14-CED1985F1D4B}.Debug|x86.ActiveCfg = Debug|Any CPU
		{0E716074-7346-43CF-AC14-CED1985F1D4B}.Debug|x86.Build.0 = Debug|Any CPU
		{0E716074-7346-43CF-AC14-CED1985F1D4B}.Release|Any CPU.ActiveCfg = Release|Any CPU
		{0E716074-7346-43CF-AC14-CED1985F1D4B}.Release|Any CPU.Build.0 = Release|Any CPU
		{0E716074-7346-43CF-AC14-CED1985F1D4B}.Release|x64.ActiveCfg = Release|Any CPU
		{0E716074-7346-43CF-AC14-CED1985F1D4B}.Release|x64.Build.0 = Release|Any CPU
		{0E716074-7346-43CF-AC14-CED1985F1D4B}.Release|x86.ActiveCfg = Release|Any CPU
		{0E716074-7346-43CF-AC14-CED1985F1D4B}.Release|x86.Build.0 = Release|Any CPU
		{83C39639-B471-43DF-B208-FD7DCE156C7C}.Debug|Any CPU.ActiveCfg = Debug|Any CPU
		{83C39639-B471-43DF-B208-FD7DCE156C7C}.Debug|Any CPU.Build.0 = Debug|Any CPU
		{83C39639-B471-43DF-B208-FD7DCE156C7C}.Debug|x64.ActiveCfg = Debug|Any CPU
		{83C39639-B471-43DF-B208-FD7DCE156C7C}.Debug|x64.Build.0 = Debug|Any CPU
		{83C39639-B471-43DF-B208-FD7DCE156C7C}.Debug|x86.ActiveCfg = Debug|Any CPU
		{83C39639-B471-43DF-B208-FD7DCE156C7C}.Debug|x86.Build.0 = Debug|Any CPU
		{83C39639-B471-43DF-B208-FD7DCE156C7C}.Release|Any CPU.ActiveCfg = Release|Any CPU
		{83C39639-B471-43DF-B208-FD7DCE156C7C}.Release|Any CPU.Build.0 = Release|Any CPU
		{83C39639-B471-43DF-B208-FD7DCE156C7C}.Release|x64.ActiveCfg = Release|Any CPU
		{83C39639-B471-43DF-B208-FD7DCE156C7C}.Release|x64.Build.0 = Release|Any CPU
		{83C39639-B471-43DF-B208-FD7DCE156C7C}.Release|x86.ActiveCfg = Release|Any CPU
		{83C39639-B471-43DF-B208-FD7DCE156C7C}.Release|x86.Build.0 = Release|Any CPU
		{2BEB83D8-BF88-47F8-8BEC-24172FD5F926}.Debug|Any CPU.ActiveCfg = Debug|Any CPU
		{2BEB83D8-BF88-47F8-8BEC-24172FD5F926}.Debug|Any CPU.Build.0 = Debug|Any CPU
		{2BEB83D8-BF88-47F8-8BEC-24172FD5F926}.Debug|x64.ActiveCfg = Debug|Any CPU
		{2BEB83D8-BF88-47F8-8BEC-24172FD5F926}.Debug|x64.Build.0 = Debug|Any CPU
		{2BEB83D8-BF88-47F8-8BEC-24172FD5F926}.Debug|x86.ActiveCfg = Debug|Any CPU
		{2BEB83D8-BF88-47F8-8BEC-24172FD5F926}.Debug|x86.Build.0 = Debug|Any CPU
		{2BEB83D8-BF88-47F8-8BEC-24172FD5F926}.Release|Any CPU.ActiveCfg = Release|Any CPU
		{2BEB83D8-BF88-47F8-8BEC-24172FD5F926}.Release|Any CPU.Build.0 = Release|Any CPU
		{2BEB83D8-BF88-47F8-8BEC-24172FD5F926}.Release|x64.ActiveCfg = Release|Any CPU
		{2BEB83D8-BF88-47F8-8BEC-24172FD5F926}.Release|x64.Build.0 = Release|Any CPU
		{2BEB83D8-BF88-47F8-8BEC-24172FD5F926}.Release|x86.ActiveCfg = Release|Any CPU
		{2BEB83D8-BF88-47F8-8BEC-24172FD5F926}.Release|x86.Build.0 = Release|Any CPU
		{504A9D73-E0FD-477A-8907-2D138E722FE8}.Debug|Any CPU.ActiveCfg = Debug|Any CPU
		{504A9D73-E0FD-477A-8907-2D138E722FE8}.Debug|Any CPU.Build.0 = Debug|Any CPU
		{504A9D73-E0FD-477A-8907-2D138E722FE8}.Debug|x64.ActiveCfg = Debug|Any CPU
		{504A9D73-E0FD-477A-8907-2D138E722FE8}.Debug|x64.Build.0 = Debug|Any CPU
		{504A9D73-E0FD-477A-8907-2D138E722FE8}.Debug|x86.ActiveCfg = Debug|Any CPU
		{504A9D73-E0FD-477A-8907-2D138E722FE8}.Debug|x86.Build.0 = Debug|Any CPU
		{504A9D73-E0FD-477A-8907-2D138E722FE8}.Release|Any CPU.ActiveCfg = Release|Any CPU
		{504A9D73-E0FD-477A-8907-2D138E722FE8}.Release|Any CPU.Build.0 = Release|Any CPU
		{504A9D73-E0FD-477A-8907-2D138E722FE8}.Release|x64.ActiveCfg = Release|Any CPU
		{504A9D73-E0FD-477A-8907-2D138E722FE8}.Release|x64.Build.0 = Release|Any CPU
		{504A9D73-E0FD-477A-8907-2D138E722FE8}.Release|x86.ActiveCfg = Release|Any CPU
		{504A9D73-E0FD-477A-8907-2D138E722FE8}.Release|x86.Build.0 = Release|Any CPU
	EndGlobalSection
	GlobalSection(SolutionProperties) = preSolution
		HideSolutionNode = FALSE
	EndGlobalSection
	GlobalSection(NestedProjects) = preSolution
		{18FEC141-20D6-406A-AE1F-70A322B71726} = {7115EC45-BAD0-9256-AF7C-A990A473B171}
		{923EF371-F7FD-4589-9FED-74D287C5F1BA} = {FBF56CC3-7AE6-AD2D-3F14-7F97FD322CD6}
		{8AD57C3E-20DB-440A-BC44-E24713E926AC} = {FBF56CC3-7AE6-AD2D-3F14-7F97FD322CD6}
		{C57975C3-CDFB-4ED5-97DC-2C85EB9D23A0} = {7115EC45-BAD0-9256-AF7C-A990A473B171}
		{F1133DE5-8094-42EE-9C0C-CD228F8908EB} = {7115EC45-BAD0-9256-AF7C-A990A473B171}
		{0BB8E8A0-1A09-4F98-9D2D-35212BEB6CF6} = {EE81EDC0-88A8-CC19-15AA-4E2E4AE9700B}
		{9486168F-DBAB-4B0C-93A5-5354A6443939} = {FBF56CC3-7AE6-AD2D-3F14-7F97FD322CD6}
		{2BC99B2B-0B82-4E2B-9BCD-4CE29B526920} = {FBF56CC3-7AE6-AD2D-3F14-7F97FD322CD6}
		{6025E01D-952F-4605-BE59-D983B0181997} = {FBF56CC3-7AE6-AD2D-3F14-7F97FD322CD6}
		{87BE1549-ACAC-4C64-AC00-ECC9E1DBF027} = {FBF56CC3-7AE6-AD2D-3F14-7F97FD322CD6}
		{008CF4F1-B3F3-49E7-95B4-A64CD47C5CC8} = {7F42074E-682A-A599-6CDB-8399CB51B8EF}
		{AAC160E9-2BFF-43C3-973A-8D005FB96D61} = {FBF56CC3-7AE6-AD2D-3F14-7F97FD322CD6}
		{7650E828-DE21-4E3B-A0EC-8ED7DA1F998C} = {FBF56CC3-7AE6-AD2D-3F14-7F97FD322CD6}
		{7349E569-319D-4984-86BC-C0B8C8B591F4} = {226567F5-DD15-7888-5BF1-C4407778305A}
		{E98A5777-B657-46A7-9019-80E6B59A7A2A} = {19808F1A-1DBF-8D67-1BED-F7171A0BEB65}
		{E31B749E-ED36-407B-8BDA-69E25AEC7ACC} = {19808F1A-1DBF-8D67-1BED-F7171A0BEB65}
		{01C08F11-35E4-47E5-9C62-53F959F0D965} = {FBF56CC3-7AE6-AD2D-3F14-7F97FD322CD6}
		{2F1EC3EF-44FF-40C2-8041-6A07BCC4294C} = {EE81EDC0-88A8-CC19-15AA-4E2E4AE9700B}
		{4106A05B-B650-41FE-8A60-34B0F5637EEF} = {19808F1A-1DBF-8D67-1BED-F7171A0BEB65}
		{A3DC22D3-60CE-45C2-A934-A5296340FC9C} = {226567F5-DD15-7888-5BF1-C4407778305A}
		{4D030FFB-82BC-4404-BE1C-5A210D358E29} = {226567F5-DD15-7888-5BF1-C4407778305A}
		{43ED7483-60AA-4D90-90EF-FEF1A0076F72} = {EAB3E87B-3F47-B4F0-2D5F-E75331CBE572}
		{C24285BB-A01D-4F72-9853-0D8B802DFBDE} = {226567F5-DD15-7888-5BF1-C4407778305A}
		{1BECDD16-86DF-4F74-A132-93CE9E84AD15} = {226567F5-DD15-7888-5BF1-C4407778305A}
		{EE6DF1A3-28CC-4B2A-8E9F-67A0DC53C2C6} = {FBF56CC3-7AE6-AD2D-3F14-7F97FD322CD6}
		{4BDDF66C-6668-4B9F-97BB-1FBD87418FE9} = {226567F5-DD15-7888-5BF1-C4407778305A}
		{BDEE1511-D25C-434B-B5C4-4637E47E6AB6} = {226567F5-DD15-7888-5BF1-C4407778305A}
		{B4C381D5-7828-4640-9822-491B22B4E78B} = {19808F1A-1DBF-8D67-1BED-F7171A0BEB65}
		{1C306053-7BE2-4FA2-9B1F-80D612D1D32F} = {EAB3E87B-3F47-B4F0-2D5F-E75331CBE572}
		{DEF24E9E-8AA7-4312-A99D-7251816A841B} = {EAB3E87B-3F47-B4F0-2D5F-E75331CBE572}
		{BF7880BF-BD62-4809-962B-F0ABAB8843BF} = {FBF56CC3-7AE6-AD2D-3F14-7F97FD322CD6}
		{E146BAFB-B43F-4EFA-BCC9-05A901342878} = {EE81EDC0-88A8-CC19-15AA-4E2E4AE9700B}
		{EF1110C8-7662-4EA7-ADD9-56A0B4C98A4C} = {02E0B4C9-D51E-FCEF-98C8-20E25B859C77}
		{F661C9AE-93D7-4FC9-819D-F4C01C154B94} = {02E0B4C9-D51E-FCEF-98C8-20E25B859C77}
		{03DBD18C-5D8F-4576-82A0-68394D0443E6} = {EE81EDC0-88A8-CC19-15AA-4E2E4AE9700B}
		{A316779E-584B-42D0-B80A-670EADF9CD0B} = {EE81EDC0-88A8-CC19-15AA-4E2E4AE9700B}
		{61581D3E-A4E5-45CB-94B4-EB2E51D59D50} = {2FA89949-C014-61E3-9766-4043502A0423}
		{31DDE70B-1C1E-413F-A9B1-02BAEE81533F} = {EE81EDC0-88A8-CC19-15AA-4E2E4AE9700B}
		{D96F0089-6290-45BC-A0E0-87193908A9B9} = {EE81EDC0-88A8-CC19-15AA-4E2E4AE9700B}
		{15625B25-5565-4DB9-8E4C-2340227EF651} = {EE81EDC0-88A8-CC19-15AA-4E2E4AE9700B}
		{B77F1000-5C04-4D24-B20F-50D741003BB0} = {7F42074E-682A-A599-6CDB-8399CB51B8EF}
		{2DA799EB-25AA-4511-B4B8-0429FC21FB6E} = {7F42074E-682A-A599-6CDB-8399CB51B8EF}
		{1C078054-ACE4-4A92-8EE4-CBB31F2CF785} = {7F42074E-682A-A599-6CDB-8399CB51B8EF}
		{2E9CFCE4-0B9F-42CB-A1DC-B0A4A879E2D6} = {7F42074E-682A-A599-6CDB-8399CB51B8EF}
		{13F262BA-E27C-439D-991A-341E1F63553D} = {0AB3BF05-4346-4AA6-1389-037BE0695223}
		{E40BDC5F-29AD-46A5-A802-C937565906C9} = {0AB3BF05-4346-4AA6-1389-037BE0695223}
		{C339C456-7E21-47A2-9746-91537F2DF5AF} = {0AB3BF05-4346-4AA6-1389-037BE0695223}
		{D1D75A95-CE21-4D3C-93BE-0540261EA16B} = {0AB3BF05-4346-4AA6-1389-037BE0695223}
		{F59B3468-1115-41B2-9128-E09C9F2F528E} = {0AB3BF05-4346-4AA6-1389-037BE0695223}
		{1352157D-1F5E-46A6-951A-41C9068F6655} = {0AB3BF05-4346-4AA6-1389-037BE0695223}
		{0E716074-7346-43CF-AC14-CED1985F1D4B} = {0AB3BF05-4346-4AA6-1389-037BE0695223}
		{83C39639-B471-43DF-B208-FD7DCE156C7C} = {0AB3BF05-4346-4AA6-1389-037BE0695223}
		{2BEB83D8-BF88-47F8-8BEC-24172FD5F926} = {0AB3BF05-4346-4AA6-1389-037BE0695223}
		{504A9D73-E0FD-477A-8907-2D138E722FE8} = {0AB3BF05-4346-4AA6-1389-037BE0695223}
	EndGlobalSection
EndGlobal
