
Microsoft Visual Studio Solution File, Format Version 12.00
# Visual Studio Version 17
VisualStudioVersion = 17.14.37111.16
MinimumVisualStudioVersion = 10.0.40219.1
Project("{2150E333-8FDC-42A3-9474-1A3956D46DE8}") = "Tests", "Tests", "{02EA681E-C7D8-13C7-8484-4AC65E1B71E8}"
EndProject
Project("{2150E333-8FDC-42A3-9474-1A3956D46DE8}") = "ApiHost", "ApiHost", "{20FA451A-9F1F-4127-B502-07531B2C82E5}"
EndProject
Project("{2150E333-8FDC-42A3-9474-1A3956D46DE8}") = "Core", "Core", "{76407934-BF39-42DF-9357-6B6BAD278049}"
EndProject
Project("{2150E333-8FDC-42A3-9474-1A3956D46DE8}") = "Flow", "Flow", "{BB93C68D-3B4C-458A-BA1A-44BBE4DAD686}"
EndProject
Project("{2150E333-8FDC-42A3-9474-1A3956D46DE8}") = "Auth", "Auth", "{D029680B-BA85-4B52-A88F-A04C74E17782}"
EndProject
Project("{2150E333-8FDC-42A3-9474-1A3956D46DE8}") = "Service", "Service", "{6AD7170E-E584-4379-975F-60309C4CA3E7}"
EndProject
Project("{2150E333-8FDC-42A3-9474-1A3956D46DE8}") = "ApiClient", "ApiClient", "{A251A455-C08B-4F5B-B6B4-5F99F0803D23}"
EndProject
Project("{FAE04EC0-301F-11D3-BF4B-00C04F79EFBC}") = "EIMSNext.Auth.Host", "ApiHost\EIMSNext.Auth.Host\EIMSNext.Auth.Host.csproj", "{A867BADE-9E41-4533-83DC-ECC36D3E681C}"
EndProject
Project("{FAE04EC0-301F-11D3-BF4B-00C04F79EFBC}") = "EIMSNext.Flow.Host", "ApiHost\EIMSNext.Flow.Host\EIMSNext.Flow.Host.csproj", "{66EB6867-9C9B-4EBB-8822-3BB6D79D2EF6}"
EndProject
Project("{FAE04EC0-301F-11D3-BF4B-00C04F79EFBC}") = "EIMSNext.Service.Host", "ApiHost\EIMSNext.Service.Host\EIMSNext.Service.Host.csproj", "{993FC2B9-730E-48D8-A970-896B3AA2737B}"
EndProject
Project("{FAE04EC0-301F-11D3-BF4B-00C04F79EFBC}") = "EIMSNext.Common", "Core\EIMSNext.Common\EIMSNext.Common.csproj", "{546D162D-3A1C-4573-8A5B-5E913A59691A}"
EndProject
Project("{FAE04EC0-301F-11D3-BF4B-00C04F79EFBC}") = "EIMSNext.Core", "Core\EIMSNext.Core\EIMSNext.Core.csproj", "{E33DE8E5-B2F2-4661-901E-8788126C2F85}"
EndProject
Project("{FAE04EC0-301F-11D3-BF4B-00C04F79EFBC}") = "EIMSNext.ApiCore", "Core\EIMSNext.ApiCore\EIMSNext.ApiCore.csproj", "{D40445B9-D342-4448-B585-9002BA06AE9F}"
EndProject
Project("{FAE04EC0-301F-11D3-BF4B-00C04F79EFBC}") = "EIMSNext.Cache", "Core\EIMSNext.Cache\EIMSNext.Cache.csproj", "{4A5077C6-DD88-475A-95E0-0B40260562E0}"
EndProject
Project("{FAE04EC0-301F-11D3-BF4B-00C04F79EFBC}") = "EIMSNext.Service.Entities", "Service\EIMSNext.Service.Entities\EIMSNext.Service.Entities.csproj", "{F5076283-BBC1-7EF4-376E-18830829B7D1}"
EndProject
Project("{FAE04EC0-301F-11D3-BF4B-00C04F79EFBC}") = "EIMSNext.Service.Persistence", "Service\EIMSNext.Service.Persistence\EIMSNext.Service.Persistence.csproj", "{833C07D9-E4E5-47C6-A9C9-CE222DAE1276}"
EndProject
Project("{FAE04EC0-301F-11D3-BF4B-00C04F79EFBC}") = "EIMSNext.Component", "Service\EIMSNext.Component\EIMSNext.Component.csproj", "{6B900364-4D56-43AD-A38A-344E27404F22}"
EndProject
Project("{FAE04EC0-301F-11D3-BF4B-00C04F79EFBC}") = "EIMSNext.Scripting", "Core\EIMSNext.Scripting\EIMSNext.Scripting.csproj", "{FFFE64BA-C4CB-4E6A-BCB6-D6F923E91167}"
EndProject
Project("{FAE04EC0-301F-11D3-BF4B-00C04F79EFBC}") = "EIMSNext.Flow.Core", "Flow\EIMSNext.Flow.Core\EIMSNext.Flow.Core.csproj", "{803FACE4-16C0-40A0-A420-42AC4520708F}"
EndProject
Project("{FAE04EC0-301F-11D3-BF4B-00C04F79EFBC}") = "EIMSNext.Flow.Service", "Flow\EIMSNext.Flow.Service\EIMSNext.Flow.Service.csproj", "{3662EB43-224A-41F1-8849-B80A817B21E1}"
EndProject
Project("{FAE04EC0-301F-11D3-BF4B-00C04F79EFBC}") = "EIMSNext.Flow.Persistence", "Flow\EIMSNext.Flow.Persistence\EIMSNext.Flow.Persistence.csproj", "{6C185FA2-7147-47B5-8607-3E8C5F44676E}"
EndProject
Project("{FAE04EC0-301F-11D3-BF4B-00C04F79EFBC}") = "EIMSNext.Service.Contracts", "Service\EIMSNext.Service.Contracts\EIMSNext.Service.Contracts.csproj", "{EC9E38AD-96F4-4EE8-A63A-BC836EE6B592}"
EndProject
Project("{FAE04EC0-301F-11D3-BF4B-00C04F79EFBC}") = "EIMSNext.Service", "Service\EIMSNext.Service\EIMSNext.Service.csproj", "{C01E2C50-8102-4181-8CDA-C423FD9BDDD6}"
EndProject
Project("{FAE04EC0-301F-11D3-BF4B-00C04F79EFBC}") = "EIMSNext.ApiService", "Service\EIMSNext.ApiService\EIMSNext.ApiService.csproj", "{A03432BD-0E6D-46C2-BE4D-95EE1DF6658B}"
EndProject
Project("{FAE04EC0-301F-11D3-BF4B-00C04F79EFBC}") = "EIMSNext.Auth", "Auth\EIMSNext.Auth\EIMSNext.Auth.csproj", "{DA98F7F2-14D8-4F72-8D1C-A93B9278DFCD}"
EndProject
Project("{FAE04EC0-301F-11D3-BF4B-00C04F79EFBC}") = "EIMSNext.Auth.Entities", "Auth\EIMSNext.Auth.Entities\EIMSNext.Auth.Entities.csproj", "{F60D13EB-B420-4F45-A2A9-C5D0D2DC1856}"
EndProject
Project("{FAE04EC0-301F-11D3-BF4B-00C04F79EFBC}") = "EIMSNext.ApiClient.Contracts", "ApiClient\EIMSNext.ApiClient.Contracts\EIMSNext.ApiClient.Contracts.csproj", "{B9E0CEB6-A531-42E0-85EA-2ECAB415F41B}"
EndProject
Project("{FAE04EC0-301F-11D3-BF4B-00C04F79EFBC}") = "EIMSNext.ApiClient.Flow", "ApiClient\EIMSNext.ApiClient.Flow\EIMSNext.ApiClient.Flow.csproj", "{467B6FF5-D18C-4755-AE38-7D0D6296302B}"
EndProject
Project("{FAE04EC0-301F-11D3-BF4B-00C04F79EFBC}") = "EIMSNext.Common.Tests", "Tests\EIMSNext.Common.Tests\EIMSNext.Common.Tests.csproj", "{02ABC5B1-E656-43EF-9F13-A779F1BC1458}"
EndProject
Project("{FAE04EC0-301F-11D3-BF4B-00C04F79EFBC}") = "EIMSNext.Scripting.Tests", "Tests\EIMSNext.Scripting.Tests\EIMSNext.Scripting.Tests.csproj", "{BCB5D194-FDAA-40E8-B036-79F6BB443F37}"
EndProject
Project("{FAE04EC0-301F-11D3-BF4B-00C04F79EFBC}") = "EIMSNext.Core.Tests", "Tests\EIMSNext.Core.Tests\EIMSNext.Core.Tests.csproj", "{08775282-B676-4C4F-9F2B-8DEA103FC982}"
EndProject
Project("{FAE04EC0-301F-11D3-BF4B-00C04F79EFBC}") = "EIMSNext.Tool.DbMaintenance", "ApiHost\EIMSNext.Tool.DbMaintenance\EIMSNext.Tool.DbMaintenance.csproj", "{08864436-CF5B-4EB3-B52D-CD5F53228F84}"
EndProject
Project("{2150E333-8FDC-42A3-9474-1A3956D46DE8}") = "File", "File", "{E3DDE0DA-2C97-406D-A1D4-64C24E431D22}"
EndProject
Project("{FAE04EC0-301F-11D3-BF4B-00C04F79EFBC}") = "EIMSNext.File", "File\EIMSNext.File\EIMSNext.File.csproj", "{D1338E84-1663-4F52-A644-FA3872004A17}"
EndProject
Project("{2150E333-8FDC-42A3-9474-1A3956D46DE8}") = "Plugin", "Plugin", "{686D9CE6-B2EA-469F-8BB2-43811107E2D2}"
EndProject
Project("{FAE04EC0-301F-11D3-BF4B-00C04F79EFBC}") = "EIMSNext.Plugin.Contracts", "Plugin\EIMSNext.Plugin.Contracts\EIMSNext.Plugin.Contracts.csproj", "{7F587A14-7D91-4504-B858-46B9DC42CECB}"
EndProject
Project("{FAE04EC0-301F-11D3-BF4B-00C04F79EFBC}") = "SamplePlugin", "Plugin\SamplePlugin\SamplePlugin.csproj", "{F2D0C2B8-3A2D-4BCB-AF77-7437166C3C61}"
EndProject
Project("{FAE04EC0-301F-11D3-BF4B-00C04F79EFBC}") = "EIMSNext.ApiHost", "ApiHost\EIMSNext.ApiHost\EIMSNext.ApiHost.csproj", "{06142CEF-B25F-41DF-A759-549700A4E9E2}"
EndProject
Project("{FAE04EC0-301F-11D3-BF4B-00C04F79EFBC}") = "EIMSNext.Plugin.Host", "ApiHost\EIMSNext.Plugin.Host\EIMSNext.Plugin.Host.csproj", "{78425E2C-42DD-40C8-95D5-865DA1BE0C13}"
EndProject
Project("{FAE04EC0-301F-11D3-BF4B-00C04F79EFBC}") = "EIMSNext.ApiService.Contracts", "Service\EIMSNext.ApiService.Contracts\EIMSNext.ApiService.Contracts.csproj", "{DE530934-143A-449D-801D-1B12F8C0D8BA}"
EndProject
Project("{FAE04EC0-301F-11D3-BF4B-00C04F79EFBC}") = "EIMSNext.CloudEvent", "Core\EIMSNext.CloudEvent\EIMSNext.CloudEvent.csproj", "{1963C629-C395-43E3-B1FC-F24338C24102}"
EndProject
Project("{FAE04EC0-301F-11D3-BF4B-00C04F79EFBC}") = "EIMSNext.ApiClient.CloudEvent", "ApiClient\EIMSNext.ApiClient.CloudEvent\EIMSNext.ApiClient.CloudEvent.csproj", "{1F56DE7F-BC65-4E39-A36F-C1A5F5EC3D66}"
EndProject
Project("{FAE04EC0-301F-11D3-BF4B-00C04F79EFBC}") = "EIMSNext.Async.Host", "ApiHost\EIMSNext.Async.Host\EIMSNext.Async.Host.csproj", "{36506AF2-B902-46DA-B24E-9EB30FDEB16E}"
EndProject
Project("{2150E333-8FDC-42A3-9474-1A3956D46DE8}") = "Async", "Async", "{F017BAF4-EB4F-4FDE-97E3-E01A2B4A3775}"
EndProject
Project("{FAE04EC0-301F-11D3-BF4B-00C04F79EFBC}") = "EIMSNext.Print", "Core\EIMSNext.Print\EIMSNext.Print.csproj", "{90823DB6-0538-4628-BB5C-0E2E64276AC4}"
EndProject
Project("{FAE04EC0-301F-11D3-BF4B-00C04F79EFBC}") = "EIMSNext.Print.Tests", "Tests\EIMSNext.Print.Tests\EIMSNext.Print.Tests.csproj", "{502F6E9D-54ED-42B2-9640-108E2DF9A4C7}"
EndProject
Project("{FAE04EC0-301F-11D3-BF4B-00C04F79EFBC}") = "EIMSNext.Json", "Core\EIMSNext.Json\EIMSNext.Json.csproj", "{822AA329-4D72-4E29-9AA0-E093B1C9CB6F}"
EndProject
Project("{FAE04EC0-301F-11D3-BF4B-00C04F79EFBC}") = "EIMSNext.Json.Tests", "Tests\EIMSNext.Json.Tests\EIMSNext.Json.Tests.csproj", "{3BD4512D-1B08-D74D-8601-22673437D770}"
EndProject
Project("{FAE04EC0-301F-11D3-BF4B-00C04F79EFBC}") = "EIMSNext.File.Host", "ApiHost\EIMSNext.File.Host\EIMSNext.File.Host.csproj", "{4EF74785-A771-10B7-6A57-D180A7EBFAC6}"
EndProject
Project("{FAE04EC0-301F-11D3-BF4B-00C04F79EFBC}") = "EIMSNext.Storage", "Core\EIMSNext.Storage\EIMSNext.Storage.csproj", "{B42A7BC1-39B1-4D50-B268-DD91CF9281E1}"
EndProject
Project("{FAE04EC0-301F-11D3-BF4B-00C04F79EFBC}") = "EIMSNext.Async.Abstractions", "Async\EIMSNext.Async.Abstractions\EIMSNext.Async.Abstractions.csproj", "{E8748847-68A7-4F00-AB9A-D47F96BDFF60}"
EndProject
Project("{FAE04EC0-301F-11D3-BF4B-00C04F79EFBC}") = "EIMSNext.Async.RabbitMQ", "Async\EIMSNext.Async.RabbitMQ\EIMSNext.Async.RabbitMQ.csproj", "{BA90F75D-BADF-4D57-9C39-548892830B0C}"
EndProject
Project("{FAE04EC0-301F-11D3-BF4B-00C04F79EFBC}") = "EIMSNext.Async.Tasks", "Async\EIMSNext.Async.Tasks\EIMSNext.Async.Tasks.csproj", "{D1B25D4B-393F-45BE-80CD-1A05F97C5844}"
EndProject
Project("{FAE04EC0-301F-11D3-BF4B-00C04F79EFBC}") = "EIMSNext.Async.Quartz", "Async\EIMSNext.Async.Quartz\EIMSNext.Async.Quartz.csproj", "{BAD6B32E-4F8A-4341-A98B-F9194B86AE60}"
EndProject
Project("{FAE04EC0-301F-11D3-BF4B-00C04F79EFBC}") = "EIMSNext.Async.Tests", "Tests\EIMSNext.Async.Tests\EIMSNext.Async.Tests.csproj", "{1093FF62-C679-4D4A-822A-1FB30F696CF5}"
EndProject
Project("{FAE04EC0-301F-11D3-BF4B-00C04F79EFBC}") = "EIMSNext.Flow.Tests", "Tests\EIMSNext.Flow.Tests\EIMSNext.Flow.Tests.csproj", "{1B96B584-DDB8-4237-8239-29A5133F441F}"
EndProject
Project("{FAE04EC0-301F-11D3-BF4B-00C04F79EFBC}") = "EIMSNext.Auth.Tests", "Tests\EIMSNext.Auth.Tests\EIMSNext.Auth.Tests.csproj", "{C07CDAA4-3B29-4ADB-BB15-84060BEE4FFA}"
EndProject
Global
	GlobalSection(SolutionConfigurationPlatforms) = preSolution
		Debug|Any CPU = Debug|Any CPU
		Debug|x64 = Debug|x64
		Debug|x86 = Debug|x86
		Release|Any CPU = Release|Any CPU
		Release|x64 = Release|x64
		Release|x86 = Release|x86
	EndGlobalSection
	GlobalSection(ProjectConfigurationPlatforms) = postSolution
		{A867BADE-9E41-4533-83DC-ECC36D3E681C}.Debug|Any CPU.ActiveCfg = Debug|Any CPU
		{A867BADE-9E41-4533-83DC-ECC36D3E681C}.Debug|Any CPU.Build.0 = Debug|Any CPU
		{A867BADE-9E41-4533-83DC-ECC36D3E681C}.Debug|x64.ActiveCfg = Debug|Any CPU
		{A867BADE-9E41-4533-83DC-ECC36D3E681C}.Debug|x64.Build.0 = Debug|Any CPU
		{A867BADE-9E41-4533-83DC-ECC36D3E681C}.Debug|x86.ActiveCfg = Debug|Any CPU
		{A867BADE-9E41-4533-83DC-ECC36D3E681C}.Debug|x86.Build.0 = Debug|Any CPU
		{A867BADE-9E41-4533-83DC-ECC36D3E681C}.Release|Any CPU.ActiveCfg = Release|Any CPU
		{A867BADE-9E41-4533-83DC-ECC36D3E681C}.Release|Any CPU.Build.0 = Release|Any CPU
		{A867BADE-9E41-4533-83DC-ECC36D3E681C}.Release|x64.ActiveCfg = Release|Any CPU
		{A867BADE-9E41-4533-83DC-ECC36D3E681C}.Release|x64.Build.0 = Release|Any CPU
		{A867BADE-9E41-4533-83DC-ECC36D3E681C}.Release|x86.ActiveCfg = Release|Any CPU
		{A867BADE-9E41-4533-83DC-ECC36D3E681C}.Release|x86.Build.0 = Release|Any CPU
		{66EB6867-9C9B-4EBB-8822-3BB6D79D2EF6}.Debug|Any CPU.ActiveCfg = Debug|Any CPU
		{66EB6867-9C9B-4EBB-8822-3BB6D79D2EF6}.Debug|Any CPU.Build.0 = Debug|Any CPU
		{66EB6867-9C9B-4EBB-8822-3BB6D79D2EF6}.Debug|x64.ActiveCfg = Debug|Any CPU
		{66EB6867-9C9B-4EBB-8822-3BB6D79D2EF6}.Debug|x64.Build.0 = Debug|Any CPU
		{66EB6867-9C9B-4EBB-8822-3BB6D79D2EF6}.Debug|x86.ActiveCfg = Debug|Any CPU
		{66EB6867-9C9B-4EBB-8822-3BB6D79D2EF6}.Debug|x86.Build.0 = Debug|Any CPU
		{66EB6867-9C9B-4EBB-8822-3BB6D79D2EF6}.Release|Any CPU.ActiveCfg = Release|Any CPU
		{66EB6867-9C9B-4EBB-8822-3BB6D79D2EF6}.Release|Any CPU.Build.0 = Release|Any CPU
		{66EB6867-9C9B-4EBB-8822-3BB6D79D2EF6}.Release|x64.ActiveCfg = Release|Any CPU
		{66EB6867-9C9B-4EBB-8822-3BB6D79D2EF6}.Release|x64.Build.0 = Release|Any CPU
		{66EB6867-9C9B-4EBB-8822-3BB6D79D2EF6}.Release|x86.ActiveCfg = Release|Any CPU
		{66EB6867-9C9B-4EBB-8822-3BB6D79D2EF6}.Release|x86.Build.0 = Release|Any CPU
		{993FC2B9-730E-48D8-A970-896B3AA2737B}.Debug|Any CPU.ActiveCfg = Debug|Any CPU
		{993FC2B9-730E-48D8-A970-896B3AA2737B}.Debug|Any CPU.Build.0 = Debug|Any CPU
		{993FC2B9-730E-48D8-A970-896B3AA2737B}.Debug|x64.ActiveCfg = Debug|Any CPU
		{993FC2B9-730E-48D8-A970-896B3AA2737B}.Debug|x64.Build.0 = Debug|Any CPU
		{993FC2B9-730E-48D8-A970-896B3AA2737B}.Debug|x86.ActiveCfg = Debug|Any CPU
		{993FC2B9-730E-48D8-A970-896B3AA2737B}.Debug|x86.Build.0 = Debug|Any CPU
		{993FC2B9-730E-48D8-A970-896B3AA2737B}.Release|Any CPU.ActiveCfg = Release|Any CPU
		{993FC2B9-730E-48D8-A970-896B3AA2737B}.Release|Any CPU.Build.0 = Release|Any CPU
		{993FC2B9-730E-48D8-A970-896B3AA2737B}.Release|x64.ActiveCfg = Release|Any CPU
		{993FC2B9-730E-48D8-A970-896B3AA2737B}.Release|x64.Build.0 = Release|Any CPU
		{993FC2B9-730E-48D8-A970-896B3AA2737B}.Release|x86.ActiveCfg = Release|Any CPU
		{993FC2B9-730E-48D8-A970-896B3AA2737B}.Release|x86.Build.0 = Release|Any CPU
		{546D162D-3A1C-4573-8A5B-5E913A59691A}.Debug|Any CPU.ActiveCfg = Debug|Any CPU
		{546D162D-3A1C-4573-8A5B-5E913A59691A}.Debug|Any CPU.Build.0 = Debug|Any CPU
		{546D162D-3A1C-4573-8A5B-5E913A59691A}.Debug|x64.ActiveCfg = Debug|Any CPU
		{546D162D-3A1C-4573-8A5B-5E913A59691A}.Debug|x64.Build.0 = Debug|Any CPU
		{546D162D-3A1C-4573-8A5B-5E913A59691A}.Debug|x86.ActiveCfg = Debug|Any CPU
		{546D162D-3A1C-4573-8A5B-5E913A59691A}.Debug|x86.Build.0 = Debug|Any CPU
		{546D162D-3A1C-4573-8A5B-5E913A59691A}.Release|Any CPU.ActiveCfg = Release|Any CPU
		{546D162D-3A1C-4573-8A5B-5E913A59691A}.Release|Any CPU.Build.0 = Release|Any CPU
		{546D162D-3A1C-4573-8A5B-5E913A59691A}.Release|x64.ActiveCfg = Release|Any CPU
		{546D162D-3A1C-4573-8A5B-5E913A59691A}.Release|x64.Build.0 = Release|Any CPU
		{546D162D-3A1C-4573-8A5B-5E913A59691A}.Release|x86.ActiveCfg = Release|Any CPU
		{546D162D-3A1C-4573-8A5B-5E913A59691A}.Release|x86.Build.0 = Release|Any CPU
		{E33DE8E5-B2F2-4661-901E-8788126C2F85}.Debug|Any CPU.ActiveCfg = Debug|Any CPU
		{E33DE8E5-B2F2-4661-901E-8788126C2F85}.Debug|Any CPU.Build.0 = Debug|Any CPU
		{E33DE8E5-B2F2-4661-901E-8788126C2F85}.Debug|x64.ActiveCfg = Debug|Any CPU
		{E33DE8E5-B2F2-4661-901E-8788126C2F85}.Debug|x64.Build.0 = Debug|Any CPU
		{E33DE8E5-B2F2-4661-901E-8788126C2F85}.Debug|x86.ActiveCfg = Debug|Any CPU
		{E33DE8E5-B2F2-4661-901E-8788126C2F85}.Debug|x86.Build.0 = Debug|Any CPU
		{E33DE8E5-B2F2-4661-901E-8788126C2F85}.Release|Any CPU.ActiveCfg = Release|Any CPU
		{E33DE8E5-B2F2-4661-901E-8788126C2F85}.Release|Any CPU.Build.0 = Release|Any CPU
		{E33DE8E5-B2F2-4661-901E-8788126C2F85}.Release|x64.ActiveCfg = Release|Any CPU
		{E33DE8E5-B2F2-4661-901E-8788126C2F85}.Release|x64.Build.0 = Release|Any CPU
		{E33DE8E5-B2F2-4661-901E-8788126C2F85}.Release|x86.ActiveCfg = Release|Any CPU
		{E33DE8E5-B2F2-4661-901E-8788126C2F85}.Release|x86.Build.0 = Release|Any CPU
		{D40445B9-D342-4448-B585-9002BA06AE9F}.Debug|Any CPU.ActiveCfg = Debug|Any CPU
		{D40445B9-D342-4448-B585-9002BA06AE9F}.Debug|Any CPU.Build.0 = Debug|Any CPU
		{D40445B9-D342-4448-B585-9002BA06AE9F}.Debug|x64.ActiveCfg = Debug|Any CPU
		{D40445B9-D342-4448-B585-9002BA06AE9F}.Debug|x64.Build.0 = Debug|Any CPU
		{D40445B9-D342-4448-B585-9002BA06AE9F}.Debug|x86.ActiveCfg = Debug|Any CPU
		{D40445B9-D342-4448-B585-9002BA06AE9F}.Debug|x86.Build.0 = Debug|Any CPU
		{D40445B9-D342-4448-B585-9002BA06AE9F}.Release|Any CPU.ActiveCfg = Release|Any CPU
		{D40445B9-D342-4448-B585-9002BA06AE9F}.Release|Any CPU.Build.0 = Release|Any CPU
		{D40445B9-D342-4448-B585-9002BA06AE9F}.Release|x64.ActiveCfg = Release|Any CPU
		{D40445B9-D342-4448-B585-9002BA06AE9F}.Release|x64.Build.0 = Release|Any CPU
		{D40445B9-D342-4448-B585-9002BA06AE9F}.Release|x86.ActiveCfg = Release|Any CPU
		{D40445B9-D342-4448-B585-9002BA06AE9F}.Release|x86.Build.0 = Release|Any CPU
		{4A5077C6-DD88-475A-95E0-0B40260562E0}.Debug|Any CPU.ActiveCfg = Debug|Any CPU
		{4A5077C6-DD88-475A-95E0-0B40260562E0}.Debug|Any CPU.Build.0 = Debug|Any CPU
		{4A5077C6-DD88-475A-95E0-0B40260562E0}.Debug|x64.ActiveCfg = Debug|Any CPU
		{4A5077C6-DD88-475A-95E0-0B40260562E0}.Debug|x64.Build.0 = Debug|Any CPU
		{4A5077C6-DD88-475A-95E0-0B40260562E0}.Debug|x86.ActiveCfg = Debug|Any CPU
		{4A5077C6-DD88-475A-95E0-0B40260562E0}.Debug|x86.Build.0 = Debug|Any CPU
		{4A5077C6-DD88-475A-95E0-0B40260562E0}.Release|Any CPU.ActiveCfg = Release|Any CPU
		{4A5077C6-DD88-475A-95E0-0B40260562E0}.Release|Any CPU.Build.0 = Release|Any CPU
		{4A5077C6-DD88-475A-95E0-0B40260562E0}.Release|x64.ActiveCfg = Release|Any CPU
		{4A5077C6-DD88-475A-95E0-0B40260562E0}.Release|x64.Build.0 = Release|Any CPU
		{4A5077C6-DD88-475A-95E0-0B40260562E0}.Release|x86.ActiveCfg = Release|Any CPU
		{4A5077C6-DD88-475A-95E0-0B40260562E0}.Release|x86.Build.0 = Release|Any CPU
		{F5076283-BBC1-7EF4-376E-18830829B7D1}.Debug|Any CPU.ActiveCfg = Debug|Any CPU
		{F5076283-BBC1-7EF4-376E-18830829B7D1}.Debug|Any CPU.Build.0 = Debug|Any CPU
		{F5076283-BBC1-7EF4-376E-18830829B7D1}.Debug|x64.ActiveCfg = Debug|Any CPU
		{F5076283-BBC1-7EF4-376E-18830829B7D1}.Debug|x64.Build.0 = Debug|Any CPU
		{F5076283-BBC1-7EF4-376E-18830829B7D1}.Debug|x86.ActiveCfg = Debug|Any CPU
		{F5076283-BBC1-7EF4-376E-18830829B7D1}.Debug|x86.Build.0 = Debug|Any CPU
		{F5076283-BBC1-7EF4-376E-18830829B7D1}.Release|Any CPU.ActiveCfg = Release|Any CPU
		{F5076283-BBC1-7EF4-376E-18830829B7D1}.Release|Any CPU.Build.0 = Release|Any CPU
		{F5076283-BBC1-7EF4-376E-18830829B7D1}.Release|x64.ActiveCfg = Release|Any CPU
		{F5076283-BBC1-7EF4-376E-18830829B7D1}.Release|x64.Build.0 = Release|Any CPU
		{F5076283-BBC1-7EF4-376E-18830829B7D1}.Release|x86.ActiveCfg = Release|Any CPU
		{F5076283-BBC1-7EF4-376E-18830829B7D1}.Release|x86.Build.0 = Release|Any CPU
		{833C07D9-E4E5-47C6-A9C9-CE222DAE1276}.Debug|Any CPU.ActiveCfg = Debug|Any CPU
		{833C07D9-E4E5-47C6-A9C9-CE222DAE1276}.Debug|Any CPU.Build.0 = Debug|Any CPU
		{833C07D9-E4E5-47C6-A9C9-CE222DAE1276}.Debug|x64.ActiveCfg = Debug|Any CPU
		{833C07D9-E4E5-47C6-A9C9-CE222DAE1276}.Debug|x64.Build.0 = Debug|Any CPU
		{833C07D9-E4E5-47C6-A9C9-CE222DAE1276}.Debug|x86.ActiveCfg = Debug|Any CPU
		{833C07D9-E4E5-47C6-A9C9-CE222DAE1276}.Debug|x86.Build.0 = Debug|Any CPU
		{833C07D9-E4E5-47C6-A9C9-CE222DAE1276}.Release|Any CPU.ActiveCfg = Release|Any CPU
		{833C07D9-E4E5-47C6-A9C9-CE222DAE1276}.Release|Any CPU.Build.0 = Release|Any CPU
		{833C07D9-E4E5-47C6-A9C9-CE222DAE1276}.Release|x64.ActiveCfg = Release|Any CPU
		{833C07D9-E4E5-47C6-A9C9-CE222DAE1276}.Release|x64.Build.0 = Release|Any CPU
		{833C07D9-E4E5-47C6-A9C9-CE222DAE1276}.Release|x86.ActiveCfg = Release|Any CPU
		{833C07D9-E4E5-47C6-A9C9-CE222DAE1276}.Release|x86.Build.0 = Release|Any CPU
		{6B900364-4D56-43AD-A38A-344E27404F22}.Debug|Any CPU.ActiveCfg = Debug|Any CPU
		{6B900364-4D56-43AD-A38A-344E27404F22}.Debug|Any CPU.Build.0 = Debug|Any CPU
		{6B900364-4D56-43AD-A38A-344E27404F22}.Debug|x64.ActiveCfg = Debug|Any CPU
		{6B900364-4D56-43AD-A38A-344E27404F22}.Debug|x64.Build.0 = Debug|Any CPU
		{6B900364-4D56-43AD-A38A-344E27404F22}.Debug|x86.ActiveCfg = Debug|Any CPU
		{6B900364-4D56-43AD-A38A-344E27404F22}.Debug|x86.Build.0 = Debug|Any CPU
		{6B900364-4D56-43AD-A38A-344E27404F22}.Release|Any CPU.ActiveCfg = Release|Any CPU
		{6B900364-4D56-43AD-A38A-344E27404F22}.Release|Any CPU.Build.0 = Release|Any CPU
		{6B900364-4D56-43AD-A38A-344E27404F22}.Release|x64.ActiveCfg = Release|Any CPU
		{6B900364-4D56-43AD-A38A-344E27404F22}.Release|x64.Build.0 = Release|Any CPU
		{6B900364-4D56-43AD-A38A-344E27404F22}.Release|x86.ActiveCfg = Release|Any CPU
		{6B900364-4D56-43AD-A38A-344E27404F22}.Release|x86.Build.0 = Release|Any CPU
		{FFFE64BA-C4CB-4E6A-BCB6-D6F923E91167}.Debug|Any CPU.ActiveCfg = Debug|Any CPU
		{FFFE64BA-C4CB-4E6A-BCB6-D6F923E91167}.Debug|Any CPU.Build.0 = Debug|Any CPU
		{FFFE64BA-C4CB-4E6A-BCB6-D6F923E91167}.Debug|x64.ActiveCfg = Debug|Any CPU
		{FFFE64BA-C4CB-4E6A-BCB6-D6F923E91167}.Debug|x64.Build.0 = Debug|Any CPU
		{FFFE64BA-C4CB-4E6A-BCB6-D6F923E91167}.Debug|x86.ActiveCfg = Debug|Any CPU
		{FFFE64BA-C4CB-4E6A-BCB6-D6F923E91167}.Debug|x86.Build.0 = Debug|Any CPU
		{FFFE64BA-C4CB-4E6A-BCB6-D6F923E91167}.Release|Any CPU.ActiveCfg = Release|Any CPU
		{FFFE64BA-C4CB-4E6A-BCB6-D6F923E91167}.Release|Any CPU.Build.0 = Release|Any CPU
		{FFFE64BA-C4CB-4E6A-BCB6-D6F923E91167}.Release|x64.ActiveCfg = Release|Any CPU
		{FFFE64BA-C4CB-4E6A-BCB6-D6F923E91167}.Release|x64.Build.0 = Release|Any CPU
		{FFFE64BA-C4CB-4E6A-BCB6-D6F923E91167}.Release|x86.ActiveCfg = Release|Any CPU
		{FFFE64BA-C4CB-4E6A-BCB6-D6F923E91167}.Release|x86.Build.0 = Release|Any CPU
		{803FACE4-16C0-40A0-A420-42AC4520708F}.Debug|Any CPU.ActiveCfg = Debug|Any CPU
		{803FACE4-16C0-40A0-A420-42AC4520708F}.Debug|Any CPU.Build.0 = Debug|Any CPU
		{803FACE4-16C0-40A0-A420-42AC4520708F}.Debug|x64.ActiveCfg = Debug|Any CPU
		{803FACE4-16C0-40A0-A420-42AC4520708F}.Debug|x64.Build.0 = Debug|Any CPU
		{803FACE4-16C0-40A0-A420-42AC4520708F}.Debug|x86.ActiveCfg = Debug|Any CPU
		{803FACE4-16C0-40A0-A420-42AC4520708F}.Debug|x86.Build.0 = Debug|Any CPU
		{803FACE4-16C0-40A0-A420-42AC4520708F}.Release|Any CPU.ActiveCfg = Release|Any CPU
		{803FACE4-16C0-40A0-A420-42AC4520708F}.Release|Any CPU.Build.0 = Release|Any CPU
		{803FACE4-16C0-40A0-A420-42AC4520708F}.Release|x64.ActiveCfg = Release|Any CPU
		{803FACE4-16C0-40A0-A420-42AC4520708F}.Release|x64.Build.0 = Release|Any CPU
		{803FACE4-16C0-40A0-A420-42AC4520708F}.Release|x86.ActiveCfg = Release|Any CPU
		{803FACE4-16C0-40A0-A420-42AC4520708F}.Release|x86.Build.0 = Release|Any CPU
		{3662EB43-224A-41F1-8849-B80A817B21E1}.Debug|Any CPU.ActiveCfg = Debug|Any CPU
		{3662EB43-224A-41F1-8849-B80A817B21E1}.Debug|Any CPU.Build.0 = Debug|Any CPU
		{3662EB43-224A-41F1-8849-B80A817B21E1}.Debug|x64.ActiveCfg = Debug|Any CPU
		{3662EB43-224A-41F1-8849-B80A817B21E1}.Debug|x64.Build.0 = Debug|Any CPU
		{3662EB43-224A-41F1-8849-B80A817B21E1}.Debug|x86.ActiveCfg = Debug|Any CPU
		{3662EB43-224A-41F1-8849-B80A817B21E1}.Debug|x86.Build.0 = Debug|Any CPU
		{3662EB43-224A-41F1-8849-B80A817B21E1}.Release|Any CPU.ActiveCfg = Release|Any CPU
		{3662EB43-224A-41F1-8849-B80A817B21E1}.Release|Any CPU.Build.0 = Release|Any CPU
		{3662EB43-224A-41F1-8849-B80A817B21E1}.Release|x64.ActiveCfg = Release|Any CPU
		{3662EB43-224A-41F1-8849-B80A817B21E1}.Release|x64.Build.0 = Release|Any CPU
		{3662EB43-224A-41F1-8849-B80A817B21E1}.Release|x86.ActiveCfg = Release|Any CPU
		{3662EB43-224A-41F1-8849-B80A817B21E1}.Release|x86.Build.0 = Release|Any CPU
		{6C185FA2-7147-47B5-8607-3E8C5F44676E}.Debug|Any CPU.ActiveCfg = Debug|Any CPU
		{6C185FA2-7147-47B5-8607-3E8C5F44676E}.Debug|Any CPU.Build.0 = Debug|Any CPU
		{6C185FA2-7147-47B5-8607-3E8C5F44676E}.Debug|x64.ActiveCfg = Debug|Any CPU
		{6C185FA2-7147-47B5-8607-3E8C5F44676E}.Debug|x64.Build.0 = Debug|Any CPU
		{6C185FA2-7147-47B5-8607-3E8C5F44676E}.Debug|x86.ActiveCfg = Debug|Any CPU
		{6C185FA2-7147-47B5-8607-3E8C5F44676E}.Debug|x86.Build.0 = Debug|Any CPU
		{6C185FA2-7147-47B5-8607-3E8C5F44676E}.Release|Any CPU.ActiveCfg = Release|Any CPU
		{6C185FA2-7147-47B5-8607-3E8C5F44676E}.Release|Any CPU.Build.0 = Release|Any CPU
		{6C185FA2-7147-47B5-8607-3E8C5F44676E}.Release|x64.ActiveCfg = Release|Any CPU
		{6C185FA2-7147-47B5-8607-3E8C5F44676E}.Release|x64.Build.0 = Release|Any CPU
		{6C185FA2-7147-47B5-8607-3E8C5F44676E}.Release|x86.ActiveCfg = Release|Any CPU
		{6C185FA2-7147-47B5-8607-3E8C5F44676E}.Release|x86.Build.0 = Release|Any CPU
		{EC9E38AD-96F4-4EE8-A63A-BC836EE6B592}.Debug|Any CPU.ActiveCfg = Debug|Any CPU
		{EC9E38AD-96F4-4EE8-A63A-BC836EE6B592}.Debug|Any CPU.Build.0 = Debug|Any CPU
		{EC9E38AD-96F4-4EE8-A63A-BC836EE6B592}.Debug|x64.ActiveCfg = Debug|Any CPU
		{EC9E38AD-96F4-4EE8-A63A-BC836EE6B592}.Debug|x64.Build.0 = Debug|Any CPU
		{EC9E38AD-96F4-4EE8-A63A-BC836EE6B592}.Debug|x86.ActiveCfg = Debug|Any CPU
		{EC9E38AD-96F4-4EE8-A63A-BC836EE6B592}.Debug|x86.Build.0 = Debug|Any CPU
		{EC9E38AD-96F4-4EE8-A63A-BC836EE6B592}.Release|Any CPU.ActiveCfg = Release|Any CPU
		{EC9E38AD-96F4-4EE8-A63A-BC836EE6B592}.Release|Any CPU.Build.0 = Release|Any CPU
		{EC9E38AD-96F4-4EE8-A63A-BC836EE6B592}.Release|x64.ActiveCfg = Release|Any CPU
		{EC9E38AD-96F4-4EE8-A63A-BC836EE6B592}.Release|x64.Build.0 = Release|Any CPU
		{EC9E38AD-96F4-4EE8-A63A-BC836EE6B592}.Release|x86.ActiveCfg = Release|Any CPU
		{EC9E38AD-96F4-4EE8-A63A-BC836EE6B592}.Release|x86.Build.0 = Release|Any CPU
		{C01E2C50-8102-4181-8CDA-C423FD9BDDD6}.Debug|Any CPU.ActiveCfg = Debug|Any CPU
		{C01E2C50-8102-4181-8CDA-C423FD9BDDD6}.Debug|Any CPU.Build.0 = Debug|Any CPU
		{C01E2C50-8102-4181-8CDA-C423FD9BDDD6}.Debug|x64.ActiveCfg = Debug|Any CPU
		{C01E2C50-8102-4181-8CDA-C423FD9BDDD6}.Debug|x64.Build.0 = Debug|Any CPU
		{C01E2C50-8102-4181-8CDA-C423FD9BDDD6}.Debug|x86.ActiveCfg = Debug|Any CPU
		{C01E2C50-8102-4181-8CDA-C423FD9BDDD6}.Debug|x86.Build.0 = Debug|Any CPU
		{C01E2C50-8102-4181-8CDA-C423FD9BDDD6}.Release|Any CPU.ActiveCfg = Release|Any CPU
		{C01E2C50-8102-4181-8CDA-C423FD9BDDD6}.Release|Any CPU.Build.0 = Release|Any CPU
		{C01E2C50-8102-4181-8CDA-C423FD9BDDD6}.Release|x64.ActiveCfg = Release|Any CPU
		{C01E2C50-8102-4181-8CDA-C423FD9BDDD6}.Release|x64.Build.0 = Release|Any CPU
		{C01E2C50-8102-4181-8CDA-C423FD9BDDD6}.Release|x86.ActiveCfg = Release|Any CPU
		{C01E2C50-8102-4181-8CDA-C423FD9BDDD6}.Release|x86.Build.0 = Release|Any CPU
		{A03432BD-0E6D-46C2-BE4D-95EE1DF6658B}.Debug|Any CPU.ActiveCfg = Debug|Any CPU
		{A03432BD-0E6D-46C2-BE4D-95EE1DF6658B}.Debug|Any CPU.Build.0 = Debug|Any CPU
		{A03432BD-0E6D-46C2-BE4D-95EE1DF6658B}.Debug|x64.ActiveCfg = Debug|Any CPU
		{A03432BD-0E6D-46C2-BE4D-95EE1DF6658B}.Debug|x64.Build.0 = Debug|Any CPU
		{A03432BD-0E6D-46C2-BE4D-95EE1DF6658B}.Debug|x86.ActiveCfg = Debug|Any CPU
		{A03432BD-0E6D-46C2-BE4D-95EE1DF6658B}.Debug|x86.Build.0 = Debug|Any CPU
		{A03432BD-0E6D-46C2-BE4D-95EE1DF6658B}.Release|Any CPU.ActiveCfg = Release|Any CPU
		{A03432BD-0E6D-46C2-BE4D-95EE1DF6658B}.Release|Any CPU.Build.0 = Release|Any CPU
		{A03432BD-0E6D-46C2-BE4D-95EE1DF6658B}.Release|x64.ActiveCfg = Release|Any CPU
		{A03432BD-0E6D-46C2-BE4D-95EE1DF6658B}.Release|x64.Build.0 = Release|Any CPU
		{A03432BD-0E6D-46C2-BE4D-95EE1DF6658B}.Release|x86.ActiveCfg = Release|Any CPU
		{A03432BD-0E6D-46C2-BE4D-95EE1DF6658B}.Release|x86.Build.0 = Release|Any CPU
		{DA98F7F2-14D8-4F72-8D1C-A93B9278DFCD}.Debug|Any CPU.ActiveCfg = Debug|Any CPU
		{DA98F7F2-14D8-4F72-8D1C-A93B9278DFCD}.Debug|Any CPU.Build.0 = Debug|Any CPU
		{DA98F7F2-14D8-4F72-8D1C-A93B9278DFCD}.Debug|x64.ActiveCfg = Debug|Any CPU
		{DA98F7F2-14D8-4F72-8D1C-A93B9278DFCD}.Debug|x64.Build.0 = Debug|Any CPU
		{DA98F7F2-14D8-4F72-8D1C-A93B9278DFCD}.Debug|x86.ActiveCfg = Debug|Any CPU
		{DA98F7F2-14D8-4F72-8D1C-A93B9278DFCD}.Debug|x86.Build.0 = Debug|Any CPU
		{DA98F7F2-14D8-4F72-8D1C-A93B9278DFCD}.Release|Any CPU.ActiveCfg = Release|Any CPU
		{DA98F7F2-14D8-4F72-8D1C-A93B9278DFCD}.Release|Any CPU.Build.0 = Release|Any CPU
		{DA98F7F2-14D8-4F72-8D1C-A93B9278DFCD}.Release|x64.ActiveCfg = Release|Any CPU
		{DA98F7F2-14D8-4F72-8D1C-A93B9278DFCD}.Release|x64.Build.0 = Release|Any CPU
		{DA98F7F2-14D8-4F72-8D1C-A93B9278DFCD}.Release|x86.ActiveCfg = Release|Any CPU
		{DA98F7F2-14D8-4F72-8D1C-A93B9278DFCD}.Release|x86.Build.0 = Release|Any CPU
		{F60D13EB-B420-4F45-A2A9-C5D0D2DC1856}.Debug|Any CPU.ActiveCfg = Debug|Any CPU
		{F60D13EB-B420-4F45-A2A9-C5D0D2DC1856}.Debug|Any CPU.Build.0 = Debug|Any CPU
		{F60D13EB-B420-4F45-A2A9-C5D0D2DC1856}.Debug|x64.ActiveCfg = Debug|Any CPU
		{F60D13EB-B420-4F45-A2A9-C5D0D2DC1856}.Debug|x64.Build.0 = Debug|Any CPU
		{F60D13EB-B420-4F45-A2A9-C5D0D2DC1856}.Debug|x86.ActiveCfg = Debug|Any CPU
		{F60D13EB-B420-4F45-A2A9-C5D0D2DC1856}.Debug|x86.Build.0 = Debug|Any CPU
		{F60D13EB-B420-4F45-A2A9-C5D0D2DC1856}.Release|Any CPU.ActiveCfg = Release|Any CPU
		{F60D13EB-B420-4F45-A2A9-C5D0D2DC1856}.Release|Any CPU.Build.0 = Release|Any CPU
		{F60D13EB-B420-4F45-A2A9-C5D0D2DC1856}.Release|x64.ActiveCfg = Release|Any CPU
		{F60D13EB-B420-4F45-A2A9-C5D0D2DC1856}.Release|x64.Build.0 = Release|Any CPU
		{F60D13EB-B420-4F45-A2A9-C5D0D2DC1856}.Release|x86.ActiveCfg = Release|Any CPU
		{F60D13EB-B420-4F45-A2A9-C5D0D2DC1856}.Release|x86.Build.0 = Release|Any CPU
		{B9E0CEB6-A531-42E0-85EA-2ECAB415F41B}.Debug|Any CPU.ActiveCfg = Debug|Any CPU
		{B9E0CEB6-A531-42E0-85EA-2ECAB415F41B}.Debug|Any CPU.Build.0 = Debug|Any CPU
		{B9E0CEB6-A531-42E0-85EA-2ECAB415F41B}.Debug|x64.ActiveCfg = Debug|Any CPU
		{B9E0CEB6-A531-42E0-85EA-2ECAB415F41B}.Debug|x64.Build.0 = Debug|Any CPU
		{B9E0CEB6-A531-42E0-85EA-2ECAB415F41B}.Debug|x86.ActiveCfg = Debug|Any CPU
		{B9E0CEB6-A531-42E0-85EA-2ECAB415F41B}.Debug|x86.Build.0 = Debug|Any CPU
		{B9E0CEB6-A531-42E0-85EA-2ECAB415F41B}.Release|Any CPU.ActiveCfg = Release|Any CPU
		{B9E0CEB6-A531-42E0-85EA-2ECAB415F41B}.Release|Any CPU.Build.0 = Release|Any CPU
		{B9E0CEB6-A531-42E0-85EA-2ECAB415F41B}.Release|x64.ActiveCfg = Release|Any CPU
		{B9E0CEB6-A531-42E0-85EA-2ECAB415F41B}.Release|x64.Build.0 = Release|Any CPU
		{B9E0CEB6-A531-42E0-85EA-2ECAB415F41B}.Release|x86.ActiveCfg = Release|Any CPU
		{B9E0CEB6-A531-42E0-85EA-2ECAB415F41B}.Release|x86.Build.0 = Release|Any CPU
		{467B6FF5-D18C-4755-AE38-7D0D6296302B}.Debug|Any CPU.ActiveCfg = Debug|Any CPU
		{467B6FF5-D18C-4755-AE38-7D0D6296302B}.Debug|Any CPU.Build.0 = Debug|Any CPU
		{467B6FF5-D18C-4755-AE38-7D0D6296302B}.Debug|x64.ActiveCfg = Debug|Any CPU
		{467B6FF5-D18C-4755-AE38-7D0D6296302B}.Debug|x64.Build.0 = Debug|Any CPU
		{467B6FF5-D18C-4755-AE38-7D0D6296302B}.Debug|x86.ActiveCfg = Debug|Any CPU
		{467B6FF5-D18C-4755-AE38-7D0D6296302B}.Debug|x86.Build.0 = Debug|Any CPU
		{467B6FF5-D18C-4755-AE38-7D0D6296302B}.Release|Any CPU.ActiveCfg = Release|Any CPU
		{467B6FF5-D18C-4755-AE38-7D0D6296302B}.Release|Any CPU.Build.0 = Release|Any CPU
		{467B6FF5-D18C-4755-AE38-7D0D6296302B}.Release|x64.ActiveCfg = Release|Any CPU
		{467B6FF5-D18C-4755-AE38-7D0D6296302B}.Release|x64.Build.0 = Release|Any CPU
		{467B6FF5-D18C-4755-AE38-7D0D6296302B}.Release|x86.ActiveCfg = Release|Any CPU
		{467B6FF5-D18C-4755-AE38-7D0D6296302B}.Release|x86.Build.0 = Release|Any CPU
		{02ABC5B1-E656-43EF-9F13-A779F1BC1458}.Debug|Any CPU.ActiveCfg = Debug|Any CPU
		{02ABC5B1-E656-43EF-9F13-A779F1BC1458}.Debug|Any CPU.Build.0 = Debug|Any CPU
		{02ABC5B1-E656-43EF-9F13-A779F1BC1458}.Debug|x64.ActiveCfg = Debug|Any CPU
		{02ABC5B1-E656-43EF-9F13-A779F1BC1458}.Debug|x64.Build.0 = Debug|Any CPU
		{02ABC5B1-E656-43EF-9F13-A779F1BC1458}.Debug|x86.ActiveCfg = Debug|Any CPU
		{02ABC5B1-E656-43EF-9F13-A779F1BC1458}.Debug|x86.Build.0 = Debug|Any CPU
		{02ABC5B1-E656-43EF-9F13-A779F1BC1458}.Release|Any CPU.ActiveCfg = Release|Any CPU
		{02ABC5B1-E656-43EF-9F13-A779F1BC1458}.Release|Any CPU.Build.0 = Release|Any CPU
		{02ABC5B1-E656-43EF-9F13-A779F1BC1458}.Release|x64.ActiveCfg = Release|Any CPU
		{02ABC5B1-E656-43EF-9F13-A779F1BC1458}.Release|x64.Build.0 = Release|Any CPU
		{02ABC5B1-E656-43EF-9F13-A779F1BC1458}.Release|x86.ActiveCfg = Release|Any CPU
		{02ABC5B1-E656-43EF-9F13-A779F1BC1458}.Release|x86.Build.0 = Release|Any CPU
		{BCB5D194-FDAA-40E8-B036-79F6BB443F37}.Debug|Any CPU.ActiveCfg = Debug|Any CPU
		{BCB5D194-FDAA-40E8-B036-79F6BB443F37}.Debug|Any CPU.Build.0 = Debug|Any CPU
		{BCB5D194-FDAA-40E8-B036-79F6BB443F37}.Debug|x64.ActiveCfg = Debug|Any CPU
		{BCB5D194-FDAA-40E8-B036-79F6BB443F37}.Debug|x64.Build.0 = Debug|Any CPU
		{BCB5D194-FDAA-40E8-B036-79F6BB443F37}.Debug|x86.ActiveCfg = Debug|Any CPU
		{BCB5D194-FDAA-40E8-B036-79F6BB443F37}.Debug|x86.Build.0 = Debug|Any CPU
		{BCB5D194-FDAA-40E8-B036-79F6BB443F37}.Release|Any CPU.ActiveCfg = Release|Any CPU
		{BCB5D194-FDAA-40E8-B036-79F6BB443F37}.Release|Any CPU.Build.0 = Release|Any CPU
		{BCB5D194-FDAA-40E8-B036-79F6BB443F37}.Release|x64.ActiveCfg = Release|Any CPU
		{BCB5D194-FDAA-40E8-B036-79F6BB443F37}.Release|x64.Build.0 = Release|Any CPU
		{BCB5D194-FDAA-40E8-B036-79F6BB443F37}.Release|x86.ActiveCfg = Release|Any CPU
		{BCB5D194-FDAA-40E8-B036-79F6BB443F37}.Release|x86.Build.0 = Release|Any CPU
		{08775282-B676-4C4F-9F2B-8DEA103FC982}.Debug|Any CPU.ActiveCfg = Debug|Any CPU
		{08775282-B676-4C4F-9F2B-8DEA103FC982}.Debug|Any CPU.Build.0 = Debug|Any CPU
		{08775282-B676-4C4F-9F2B-8DEA103FC982}.Debug|x64.ActiveCfg = Debug|Any CPU
		{08775282-B676-4C4F-9F2B-8DEA103FC982}.Debug|x64.Build.0 = Debug|Any CPU
		{08775282-B676-4C4F-9F2B-8DEA103FC982}.Debug|x86.ActiveCfg = Debug|Any CPU
		{08775282-B676-4C4F-9F2B-8DEA103FC982}.Debug|x86.Build.0 = Debug|Any CPU
		{08775282-B676-4C4F-9F2B-8DEA103FC982}.Release|Any CPU.ActiveCfg = Release|Any CPU
		{08775282-B676-4C4F-9F2B-8DEA103FC982}.Release|Any CPU.Build.0 = Release|Any CPU
		{08775282-B676-4C4F-9F2B-8DEA103FC982}.Release|x64.ActiveCfg = Release|Any CPU
		{08775282-B676-4C4F-9F2B-8DEA103FC982}.Release|x64.Build.0 = Release|Any CPU
		{08775282-B676-4C4F-9F2B-8DEA103FC982}.Release|x86.ActiveCfg = Release|Any CPU
		{08775282-B676-4C4F-9F2B-8DEA103FC982}.Release|x86.Build.0 = Release|Any CPU
		{08864436-CF5B-4EB3-B52D-CD5F53228F84}.Debug|Any CPU.ActiveCfg = Debug|Any CPU
		{08864436-CF5B-4EB3-B52D-CD5F53228F84}.Debug|Any CPU.Build.0 = Debug|Any CPU
		{08864436-CF5B-4EB3-B52D-CD5F53228F84}.Debug|x64.ActiveCfg = Debug|Any CPU
		{08864436-CF5B-4EB3-B52D-CD5F53228F84}.Debug|x64.Build.0 = Debug|Any CPU
		{08864436-CF5B-4EB3-B52D-CD5F53228F84}.Debug|x86.ActiveCfg = Debug|Any CPU
		{08864436-CF5B-4EB3-B52D-CD5F53228F84}.Debug|x86.Build.0 = Debug|Any CPU
		{08864436-CF5B-4EB3-B52D-CD5F53228F84}.Release|Any CPU.ActiveCfg = Release|Any CPU
		{08864436-CF5B-4EB3-B52D-CD5F53228F84}.Release|Any CPU.Build.0 = Release|Any CPU
		{08864436-CF5B-4EB3-B52D-CD5F53228F84}.Release|x64.ActiveCfg = Release|Any CPU
		{08864436-CF5B-4EB3-B52D-CD5F53228F84}.Release|x64.Build.0 = Release|Any CPU
		{08864436-CF5B-4EB3-B52D-CD5F53228F84}.Release|x86.ActiveCfg = Release|Any CPU
		{08864436-CF5B-4EB3-B52D-CD5F53228F84}.Release|x86.Build.0 = Release|Any CPU
		{D1338E84-1663-4F52-A644-FA3872004A17}.Debug|Any CPU.ActiveCfg = Debug|Any CPU
		{D1338E84-1663-4F52-A644-FA3872004A17}.Debug|Any CPU.Build.0 = Debug|Any CPU
		{D1338E84-1663-4F52-A644-FA3872004A17}.Debug|x64.ActiveCfg = Debug|Any CPU
		{D1338E84-1663-4F52-A644-FA3872004A17}.Debug|x64.Build.0 = Debug|Any CPU
		{D1338E84-1663-4F52-A644-FA3872004A17}.Debug|x86.ActiveCfg = Debug|Any CPU
		{D1338E84-1663-4F52-A644-FA3872004A17}.Debug|x86.Build.0 = Debug|Any CPU
		{D1338E84-1663-4F52-A644-FA3872004A17}.Release|Any CPU.ActiveCfg = Release|Any CPU
		{D1338E84-1663-4F52-A644-FA3872004A17}.Release|Any CPU.Build.0 = Release|Any CPU
		{D1338E84-1663-4F52-A644-FA3872004A17}.Release|x64.ActiveCfg = Release|Any CPU
		{D1338E84-1663-4F52-A644-FA3872004A17}.Release|x64.Build.0 = Release|Any CPU
		{D1338E84-1663-4F52-A644-FA3872004A17}.Release|x86.ActiveCfg = Release|Any CPU
		{D1338E84-1663-4F52-A644-FA3872004A17}.Release|x86.Build.0 = Release|Any CPU
		{7F587A14-7D91-4504-B858-46B9DC42CECB}.Debug|Any CPU.ActiveCfg = Debug|Any CPU
		{7F587A14-7D91-4504-B858-46B9DC42CECB}.Debug|Any CPU.Build.0 = Debug|Any CPU
		{7F587A14-7D91-4504-B858-46B9DC42CECB}.Debug|x64.ActiveCfg = Debug|Any CPU
		{7F587A14-7D91-4504-B858-46B9DC42CECB}.Debug|x64.Build.0 = Debug|Any CPU
		{7F587A14-7D91-4504-B858-46B9DC42CECB}.Debug|x86.ActiveCfg = Debug|Any CPU
		{7F587A14-7D91-4504-B858-46B9DC42CECB}.Debug|x86.Build.0 = Debug|Any CPU
		{7F587A14-7D91-4504-B858-46B9DC42CECB}.Release|Any CPU.ActiveCfg = Release|Any CPU
		{7F587A14-7D91-4504-B858-46B9DC42CECB}.Release|Any CPU.Build.0 = Release|Any CPU
		{7F587A14-7D91-4504-B858-46B9DC42CECB}.Release|x64.ActiveCfg = Release|Any CPU
		{7F587A14-7D91-4504-B858-46B9DC42CECB}.Release|x64.Build.0 = Release|Any CPU
		{7F587A14-7D91-4504-B858-46B9DC42CECB}.Release|x86.ActiveCfg = Release|Any CPU
		{7F587A14-7D91-4504-B858-46B9DC42CECB}.Release|x86.Build.0 = Release|Any CPU
		{F2D0C2B8-3A2D-4BCB-AF77-7437166C3C61}.Debug|Any CPU.ActiveCfg = Debug|Any CPU
		{F2D0C2B8-3A2D-4BCB-AF77-7437166C3C61}.Debug|Any CPU.Build.0 = Debug|Any CPU
		{F2D0C2B8-3A2D-4BCB-AF77-7437166C3C61}.Debug|x64.ActiveCfg = Debug|Any CPU
		{F2D0C2B8-3A2D-4BCB-AF77-7437166C3C61}.Debug|x64.Build.0 = Debug|Any CPU
		{F2D0C2B8-3A2D-4BCB-AF77-7437166C3C61}.Debug|x86.ActiveCfg = Debug|Any CPU
		{F2D0C2B8-3A2D-4BCB-AF77-7437166C3C61}.Debug|x86.Build.0 = Debug|Any CPU
		{F2D0C2B8-3A2D-4BCB-AF77-7437166C3C61}.Release|Any CPU.ActiveCfg = Release|Any CPU
		{F2D0C2B8-3A2D-4BCB-AF77-7437166C3C61}.Release|Any CPU.Build.0 = Release|Any CPU
		{F2D0C2B8-3A2D-4BCB-AF77-7437166C3C61}.Release|x64.ActiveCfg = Release|Any CPU
		{F2D0C2B8-3A2D-4BCB-AF77-7437166C3C61}.Release|x64.Build.0 = Release|Any CPU
		{F2D0C2B8-3A2D-4BCB-AF77-7437166C3C61}.Release|x86.ActiveCfg = Release|Any CPU
		{F2D0C2B8-3A2D-4BCB-AF77-7437166C3C61}.Release|x86.Build.0 = Release|Any CPU
		{06142CEF-B25F-41DF-A759-549700A4E9E2}.Debug|Any CPU.ActiveCfg = Debug|Any CPU
		{06142CEF-B25F-41DF-A759-549700A4E9E2}.Debug|Any CPU.Build.0 = Debug|Any CPU
		{06142CEF-B25F-41DF-A759-549700A4E9E2}.Debug|x64.ActiveCfg = Debug|Any CPU
		{06142CEF-B25F-41DF-A759-549700A4E9E2}.Debug|x64.Build.0 = Debug|Any CPU
		{06142CEF-B25F-41DF-A759-549700A4E9E2}.Debug|x86.ActiveCfg = Debug|Any CPU
		{06142CEF-B25F-41DF-A759-549700A4E9E2}.Debug|x86.Build.0 = Debug|Any CPU
		{06142CEF-B25F-41DF-A759-549700A4E9E2}.Release|Any CPU.ActiveCfg = Release|Any CPU
		{06142CEF-B25F-41DF-A759-549700A4E9E2}.Release|Any CPU.Build.0 = Release|Any CPU
		{06142CEF-B25F-41DF-A759-549700A4E9E2}.Release|x64.ActiveCfg = Release|Any CPU
		{06142CEF-B25F-41DF-A759-549700A4E9E2}.Release|x64.Build.0 = Release|Any CPU
		{06142CEF-B25F-41DF-A759-549700A4E9E2}.Release|x86.ActiveCfg = Release|Any CPU
		{06142CEF-B25F-41DF-A759-549700A4E9E2}.Release|x86.Build.0 = Release|Any CPU
		{78425E2C-42DD-40C8-95D5-865DA1BE0C13}.Debug|Any CPU.ActiveCfg = Debug|Any CPU
		{78425E2C-42DD-40C8-95D5-865DA1BE0C13}.Debug|Any CPU.Build.0 = Debug|Any CPU
		{78425E2C-42DD-40C8-95D5-865DA1BE0C13}.Debug|x64.ActiveCfg = Debug|Any CPU
		{78425E2C-42DD-40C8-95D5-865DA1BE0C13}.Debug|x64.Build.0 = Debug|Any CPU
		{78425E2C-42DD-40C8-95D5-865DA1BE0C13}.Debug|x86.ActiveCfg = Debug|Any CPU
		{78425E2C-42DD-40C8-95D5-865DA1BE0C13}.Debug|x86.Build.0 = Debug|Any CPU
		{78425E2C-42DD-40C8-95D5-865DA1BE0C13}.Release|Any CPU.ActiveCfg = Release|Any CPU
		{78425E2C-42DD-40C8-95D5-865DA1BE0C13}.Release|Any CPU.Build.0 = Release|Any CPU
		{78425E2C-42DD-40C8-95D5-865DA1BE0C13}.Release|x64.ActiveCfg = Release|Any CPU
		{78425E2C-42DD-40C8-95D5-865DA1BE0C13}.Release|x64.Build.0 = Release|Any CPU
		{78425E2C-42DD-40C8-95D5-865DA1BE0C13}.Release|x86.ActiveCfg = Release|Any CPU
		{78425E2C-42DD-40C8-95D5-865DA1BE0C13}.Release|x86.Build.0 = Release|Any CPU
		{DE530934-143A-449D-801D-1B12F8C0D8BA}.Debug|Any CPU.ActiveCfg = Debug|Any CPU
		{DE530934-143A-449D-801D-1B12F8C0D8BA}.Debug|Any CPU.Build.0 = Debug|Any CPU
		{DE530934-143A-449D-801D-1B12F8C0D8BA}.Debug|x64.ActiveCfg = Debug|Any CPU
		{DE530934-143A-449D-801D-1B12F8C0D8BA}.Debug|x64.Build.0 = Debug|Any CPU
		{DE530934-143A-449D-801D-1B12F8C0D8BA}.Debug|x86.ActiveCfg = Debug|Any CPU
		{DE530934-143A-449D-801D-1B12F8C0D8BA}.Debug|x86.Build.0 = Debug|Any CPU
		{DE530934-143A-449D-801D-1B12F8C0D8BA}.Release|Any CPU.ActiveCfg = Release|Any CPU
		{DE530934-143A-449D-801D-1B12F8C0D8BA}.Release|Any CPU.Build.0 = Release|Any CPU
		{DE530934-143A-449D-801D-1B12F8C0D8BA}.Release|x64.ActiveCfg = Release|Any CPU
		{DE530934-143A-449D-801D-1B12F8C0D8BA}.Release|x64.Build.0 = Release|Any CPU
		{DE530934-143A-449D-801D-1B12F8C0D8BA}.Release|x86.ActiveCfg = Release|Any CPU
		{DE530934-143A-449D-801D-1B12F8C0D8BA}.Release|x86.Build.0 = Release|Any CPU
		{1963C629-C395-43E3-B1FC-F24338C24102}.Debug|Any CPU.ActiveCfg = Debug|Any CPU
		{1963C629-C395-43E3-B1FC-F24338C24102}.Debug|Any CPU.Build.0 = Debug|Any CPU
		{1963C629-C395-43E3-B1FC-F24338C24102}.Debug|x64.ActiveCfg = Debug|Any CPU
		{1963C629-C395-43E3-B1FC-F24338C24102}.Debug|x64.Build.0 = Debug|Any CPU
		{1963C629-C395-43E3-B1FC-F24338C24102}.Debug|x86.ActiveCfg = Debug|Any CPU
		{1963C629-C395-43E3-B1FC-F24338C24102}.Debug|x86.Build.0 = Debug|Any CPU
		{1963C629-C395-43E3-B1FC-F24338C24102}.Release|Any CPU.ActiveCfg = Release|Any CPU
		{1963C629-C395-43E3-B1FC-F24338C24102}.Release|Any CPU.Build.0 = Release|Any CPU
		{1963C629-C395-43E3-B1FC-F24338C24102}.Release|x64.ActiveCfg = Release|Any CPU
		{1963C629-C395-43E3-B1FC-F24338C24102}.Release|x64.Build.0 = Release|Any CPU
		{1963C629-C395-43E3-B1FC-F24338C24102}.Release|x86.ActiveCfg = Release|Any CPU
		{1963C629-C395-43E3-B1FC-F24338C24102}.Release|x86.Build.0 = Release|Any CPU
		{1F56DE7F-BC65-4E39-A36F-C1A5F5EC3D66}.Debug|Any CPU.ActiveCfg = Debug|Any CPU
		{1F56DE7F-BC65-4E39-A36F-C1A5F5EC3D66}.Debug|Any CPU.Build.0 = Debug|Any CPU
		{1F56DE7F-BC65-4E39-A36F-C1A5F5EC3D66}.Debug|x64.ActiveCfg = Debug|Any CPU
		{1F56DE7F-BC65-4E39-A36F-C1A5F5EC3D66}.Debug|x64.Build.0 = Debug|Any CPU
		{1F56DE7F-BC65-4E39-A36F-C1A5F5EC3D66}.Debug|x86.ActiveCfg = Debug|Any CPU
		{1F56DE7F-BC65-4E39-A36F-C1A5F5EC3D66}.Debug|x86.Build.0 = Debug|Any CPU
		{1F56DE7F-BC65-4E39-A36F-C1A5F5EC3D66}.Release|Any CPU.ActiveCfg = Release|Any CPU
		{1F56DE7F-BC65-4E39-A36F-C1A5F5EC3D66}.Release|Any CPU.Build.0 = Release|Any CPU
		{1F56DE7F-BC65-4E39-A36F-C1A5F5EC3D66}.Release|x64.ActiveCfg = Release|Any CPU
		{1F56DE7F-BC65-4E39-A36F-C1A5F5EC3D66}.Release|x64.Build.0 = Release|Any CPU
		{1F56DE7F-BC65-4E39-A36F-C1A5F5EC3D66}.Release|x86.ActiveCfg = Release|Any CPU
		{1F56DE7F-BC65-4E39-A36F-C1A5F5EC3D66}.Release|x86.Build.0 = Release|Any CPU
		{36506AF2-B902-46DA-B24E-9EB30FDEB16E}.Debug|Any CPU.ActiveCfg = Debug|Any CPU
		{36506AF2-B902-46DA-B24E-9EB30FDEB16E}.Debug|Any CPU.Build.0 = Debug|Any CPU
		{36506AF2-B902-46DA-B24E-9EB30FDEB16E}.Debug|x64.ActiveCfg = Debug|Any CPU
		{36506AF2-B902-46DA-B24E-9EB30FDEB16E}.Debug|x64.Build.0 = Debug|Any CPU
		{36506AF2-B902-46DA-B24E-9EB30FDEB16E}.Debug|x86.ActiveCfg = Debug|Any CPU
		{36506AF2-B902-46DA-B24E-9EB30FDEB16E}.Debug|x86.Build.0 = Debug|Any CPU
		{36506AF2-B902-46DA-B24E-9EB30FDEB16E}.Release|Any CPU.ActiveCfg = Release|Any CPU
		{36506AF2-B902-46DA-B24E-9EB30FDEB16E}.Release|Any CPU.Build.0 = Release|Any CPU
		{36506AF2-B902-46DA-B24E-9EB30FDEB16E}.Release|x64.ActiveCfg = Release|Any CPU
		{36506AF2-B902-46DA-B24E-9EB30FDEB16E}.Release|x64.Build.0 = Release|Any CPU
		{36506AF2-B902-46DA-B24E-9EB30FDEB16E}.Release|x86.ActiveCfg = Release|Any CPU
		{36506AF2-B902-46DA-B24E-9EB30FDEB16E}.Release|x86.Build.0 = Release|Any CPU
		{90823DB6-0538-4628-BB5C-0E2E64276AC4}.Debug|Any CPU.ActiveCfg = Debug|Any CPU
		{90823DB6-0538-4628-BB5C-0E2E64276AC4}.Debug|Any CPU.Build.0 = Debug|Any CPU
		{90823DB6-0538-4628-BB5C-0E2E64276AC4}.Debug|x64.ActiveCfg = Debug|Any CPU
		{90823DB6-0538-4628-BB5C-0E2E64276AC4}.Debug|x64.Build.0 = Debug|Any CPU
		{90823DB6-0538-4628-BB5C-0E2E64276AC4}.Debug|x86.ActiveCfg = Debug|Any CPU
		{90823DB6-0538-4628-BB5C-0E2E64276AC4}.Debug|x86.Build.0 = Debug|Any CPU
		{90823DB6-0538-4628-BB5C-0E2E64276AC4}.Release|Any CPU.ActiveCfg = Release|Any CPU
		{90823DB6-0538-4628-BB5C-0E2E64276AC4}.Release|Any CPU.Build.0 = Release|Any CPU
		{90823DB6-0538-4628-BB5C-0E2E64276AC4}.Release|x64.ActiveCfg = Release|Any CPU
		{90823DB6-0538-4628-BB5C-0E2E64276AC4}.Release|x64.Build.0 = Release|Any CPU
		{90823DB6-0538-4628-BB5C-0E2E64276AC4}.Release|x86.ActiveCfg = Release|Any CPU
		{90823DB6-0538-4628-BB5C-0E2E64276AC4}.Release|x86.Build.0 = Release|Any CPU
		{502F6E9D-54ED-42B2-9640-108E2DF9A4C7}.Debug|Any CPU.ActiveCfg = Debug|Any CPU
		{502F6E9D-54ED-42B2-9640-108E2DF9A4C7}.Debug|Any CPU.Build.0 = Debug|Any CPU
		{502F6E9D-54ED-42B2-9640-108E2DF9A4C7}.Debug|x64.ActiveCfg = Debug|Any CPU
		{502F6E9D-54ED-42B2-9640-108E2DF9A4C7}.Debug|x64.Build.0 = Debug|Any CPU
		{502F6E9D-54ED-42B2-9640-108E2DF9A4C7}.Debug|x86.ActiveCfg = Debug|Any CPU
		{502F6E9D-54ED-42B2-9640-108E2DF9A4C7}.Debug|x86.Build.0 = Debug|Any CPU
		{502F6E9D-54ED-42B2-9640-108E2DF9A4C7}.Release|Any CPU.ActiveCfg = Release|Any CPU
		{502F6E9D-54ED-42B2-9640-108E2DF9A4C7}.Release|Any CPU.Build.0 = Release|Any CPU
		{502F6E9D-54ED-42B2-9640-108E2DF9A4C7}.Release|x64.ActiveCfg = Release|Any CPU
		{502F6E9D-54ED-42B2-9640-108E2DF9A4C7}.Release|x64.Build.0 = Release|Any CPU
		{502F6E9D-54ED-42B2-9640-108E2DF9A4C7}.Release|x86.ActiveCfg = Release|Any CPU
		{502F6E9D-54ED-42B2-9640-108E2DF9A4C7}.Release|x86.Build.0 = Release|Any CPU
		{822AA329-4D72-4E29-9AA0-E093B1C9CB6F}.Debug|Any CPU.ActiveCfg = Debug|Any CPU
		{822AA329-4D72-4E29-9AA0-E093B1C9CB6F}.Debug|Any CPU.Build.0 = Debug|Any CPU
		{822AA329-4D72-4E29-9AA0-E093B1C9CB6F}.Debug|x64.ActiveCfg = Debug|Any CPU
		{822AA329-4D72-4E29-9AA0-E093B1C9CB6F}.Debug|x64.Build.0 = Debug|Any CPU
		{822AA329-4D72-4E29-9AA0-E093B1C9CB6F}.Debug|x86.ActiveCfg = Debug|Any CPU
		{822AA329-4D72-4E29-9AA0-E093B1C9CB6F}.Debug|x86.Build.0 = Debug|Any CPU
		{822AA329-4D72-4E29-9AA0-E093B1C9CB6F}.Release|Any CPU.ActiveCfg = Release|Any CPU
		{822AA329-4D72-4E29-9AA0-E093B1C9CB6F}.Release|Any CPU.Build.0 = Release|Any CPU
		{822AA329-4D72-4E29-9AA0-E093B1C9CB6F}.Release|x64.ActiveCfg = Release|Any CPU
		{822AA329-4D72-4E29-9AA0-E093B1C9CB6F}.Release|x64.Build.0 = Release|Any CPU
		{822AA329-4D72-4E29-9AA0-E093B1C9CB6F}.Release|x86.ActiveCfg = Release|Any CPU
		{822AA329-4D72-4E29-9AA0-E093B1C9CB6F}.Release|x86.Build.0 = Release|Any CPU
		{3BD4512D-1B08-D74D-8601-22673437D770}.Debug|Any CPU.ActiveCfg = Debug|Any CPU
		{3BD4512D-1B08-D74D-8601-22673437D770}.Debug|Any CPU.Build.0 = Debug|Any CPU
		{3BD4512D-1B08-D74D-8601-22673437D770}.Debug|x64.ActiveCfg = Debug|Any CPU
		{3BD4512D-1B08-D74D-8601-22673437D770}.Debug|x64.Build.0 = Debug|Any CPU
		{3BD4512D-1B08-D74D-8601-22673437D770}.Debug|x86.ActiveCfg = Debug|Any CPU
		{3BD4512D-1B08-D74D-8601-22673437D770}.Debug|x86.Build.0 = Debug|Any CPU
		{3BD4512D-1B08-D74D-8601-22673437D770}.Release|Any CPU.ActiveCfg = Release|Any CPU
		{3BD4512D-1B08-D74D-8601-22673437D770}.Release|Any CPU.Build.0 = Release|Any CPU
		{3BD4512D-1B08-D74D-8601-22673437D770}.Release|x64.ActiveCfg = Release|Any CPU
		{3BD4512D-1B08-D74D-8601-22673437D770}.Release|x64.Build.0 = Release|Any CPU
		{3BD4512D-1B08-D74D-8601-22673437D770}.Release|x86.ActiveCfg = Release|Any CPU
		{3BD4512D-1B08-D74D-8601-22673437D770}.Release|x86.Build.0 = Release|Any CPU
		{4EF74785-A771-10B7-6A57-D180A7EBFAC6}.Debug|Any CPU.ActiveCfg = Debug|Any CPU
		{4EF74785-A771-10B7-6A57-D180A7EBFAC6}.Debug|Any CPU.Build.0 = Debug|Any CPU
		{4EF74785-A771-10B7-6A57-D180A7EBFAC6}.Debug|x64.ActiveCfg = Debug|Any CPU
		{4EF74785-A771-10B7-6A57-D180A7EBFAC6}.Debug|x64.Build.0 = Debug|Any CPU
		{4EF74785-A771-10B7-6A57-D180A7EBFAC6}.Debug|x86.ActiveCfg = Debug|Any CPU
		{4EF74785-A771-10B7-6A57-D180A7EBFAC6}.Debug|x86.Build.0 = Debug|Any CPU
		{4EF74785-A771-10B7-6A57-D180A7EBFAC6}.Release|Any CPU.ActiveCfg = Release|Any CPU
		{4EF74785-A771-10B7-6A57-D180A7EBFAC6}.Release|Any CPU.Build.0 = Release|Any CPU
		{4EF74785-A771-10B7-6A57-D180A7EBFAC6}.Release|x64.ActiveCfg = Release|Any CPU
		{4EF74785-A771-10B7-6A57-D180A7EBFAC6}.Release|x64.Build.0 = Release|Any CPU
		{4EF74785-A771-10B7-6A57-D180A7EBFAC6}.Release|x86.ActiveCfg = Release|Any CPU
		{4EF74785-A771-10B7-6A57-D180A7EBFAC6}.Release|x86.Build.0 = Release|Any CPU
		{B42A7BC1-39B1-4D50-B268-DD91CF9281E1}.Debug|Any CPU.ActiveCfg = Debug|Any CPU
		{B42A7BC1-39B1-4D50-B268-DD91CF9281E1}.Debug|Any CPU.Build.0 = Debug|Any CPU
		{B42A7BC1-39B1-4D50-B268-DD91CF9281E1}.Debug|x64.ActiveCfg = Debug|Any CPU
		{B42A7BC1-39B1-4D50-B268-DD91CF9281E1}.Debug|x64.Build.0 = Debug|Any CPU
		{B42A7BC1-39B1-4D50-B268-DD91CF9281E1}.Debug|x86.ActiveCfg = Debug|Any CPU
		{B42A7BC1-39B1-4D50-B268-DD91CF9281E1}.Debug|x86.Build.0 = Debug|Any CPU
		{B42A7BC1-39B1-4D50-B268-DD91CF9281E1}.Release|Any CPU.ActiveCfg = Release|Any CPU
		{B42A7BC1-39B1-4D50-B268-DD91CF9281E1}.Release|Any CPU.Build.0 = Release|Any CPU
		{B42A7BC1-39B1-4D50-B268-DD91CF9281E1}.Release|x64.ActiveCfg = Release|Any CPU
		{B42A7BC1-39B1-4D50-B268-DD91CF9281E1}.Release|x64.Build.0 = Release|Any CPU
		{B42A7BC1-39B1-4D50-B268-DD91CF9281E1}.Release|x86.ActiveCfg = Release|Any CPU
		{B42A7BC1-39B1-4D50-B268-DD91CF9281E1}.Release|x86.Build.0 = Release|Any CPU
		{E8748847-68A7-4F00-AB9A-D47F96BDFF60}.Debug|Any CPU.ActiveCfg = Debug|Any CPU
		{E8748847-68A7-4F00-AB9A-D47F96BDFF60}.Debug|Any CPU.Build.0 = Debug|Any CPU
		{E8748847-68A7-4F00-AB9A-D47F96BDFF60}.Debug|x64.ActiveCfg = Debug|Any CPU
		{E8748847-68A7-4F00-AB9A-D47F96BDFF60}.Debug|x64.Build.0 = Debug|Any CPU
		{E8748847-68A7-4F00-AB9A-D47F96BDFF60}.Debug|x86.ActiveCfg = Debug|Any CPU
		{E8748847-68A7-4F00-AB9A-D47F96BDFF60}.Debug|x86.Build.0 = Debug|Any CPU
		{E8748847-68A7-4F00-AB9A-D47F96BDFF60}.Release|Any CPU.ActiveCfg = Release|Any CPU
		{E8748847-68A7-4F00-AB9A-D47F96BDFF60}.Release|Any CPU.Build.0 = Release|Any CPU
		{E8748847-68A7-4F00-AB9A-D47F96BDFF60}.Release|x64.ActiveCfg = Release|Any CPU
		{E8748847-68A7-4F00-AB9A-D47F96BDFF60}.Release|x64.Build.0 = Release|Any CPU
		{E8748847-68A7-4F00-AB9A-D47F96BDFF60}.Release|x86.ActiveCfg = Release|Any CPU
		{E8748847-68A7-4F00-AB9A-D47F96BDFF60}.Release|x86.Build.0 = Release|Any CPU
		{BA90F75D-BADF-4D57-9C39-548892830B0C}.Debug|Any CPU.ActiveCfg = Debug|Any CPU
		{BA90F75D-BADF-4D57-9C39-548892830B0C}.Debug|Any CPU.Build.0 = Debug|Any CPU
		{BA90F75D-BADF-4D57-9C39-548892830B0C}.Debug|x64.ActiveCfg = Debug|Any CPU
		{BA90F75D-BADF-4D57-9C39-548892830B0C}.Debug|x64.Build.0 = Debug|Any CPU
		{BA90F75D-BADF-4D57-9C39-548892830B0C}.Debug|x86.ActiveCfg = Debug|Any CPU
		{BA90F75D-BADF-4D57-9C39-548892830B0C}.Debug|x86.Build.0 = Debug|Any CPU
		{BA90F75D-BADF-4D57-9C39-548892830B0C}.Release|Any CPU.ActiveCfg = Release|Any CPU
		{BA90F75D-BADF-4D57-9C39-548892830B0C}.Release|Any CPU.Build.0 = Release|Any CPU
		{BA90F75D-BADF-4D57-9C39-548892830B0C}.Release|x64.ActiveCfg = Release|Any CPU
		{BA90F75D-BADF-4D57-9C39-548892830B0C}.Release|x64.Build.0 = Release|Any CPU
		{BA90F75D-BADF-4D57-9C39-548892830B0C}.Release|x86.ActiveCfg = Release|Any CPU
		{BA90F75D-BADF-4D57-9C39-548892830B0C}.Release|x86.Build.0 = Release|Any CPU
		{D1B25D4B-393F-45BE-80CD-1A05F97C5844}.Debug|Any CPU.ActiveCfg = Debug|Any CPU
		{D1B25D4B-393F-45BE-80CD-1A05F97C5844}.Debug|Any CPU.Build.0 = Debug|Any CPU
		{D1B25D4B-393F-45BE-80CD-1A05F97C5844}.Debug|x64.ActiveCfg = Debug|Any CPU
		{D1B25D4B-393F-45BE-80CD-1A05F97C5844}.Debug|x64.Build.0 = Debug|Any CPU
		{D1B25D4B-393F-45BE-80CD-1A05F97C5844}.Debug|x86.ActiveCfg = Debug|Any CPU
		{D1B25D4B-393F-45BE-80CD-1A05F97C5844}.Debug|x86.Build.0 = Debug|Any CPU
		{D1B25D4B-393F-45BE-80CD-1A05F97C5844}.Release|Any CPU.ActiveCfg = Release|Any CPU
		{D1B25D4B-393F-45BE-80CD-1A05F97C5844}.Release|Any CPU.Build.0 = Release|Any CPU
		{D1B25D4B-393F-45BE-80CD-1A05F97C5844}.Release|x64.ActiveCfg = Release|Any CPU
		{D1B25D4B-393F-45BE-80CD-1A05F97C5844}.Release|x64.Build.0 = Release|Any CPU
		{D1B25D4B-393F-45BE-80CD-1A05F97C5844}.Release|x86.ActiveCfg = Release|Any CPU
		{D1B25D4B-393F-45BE-80CD-1A05F97C5844}.Release|x86.Build.0 = Release|Any CPU
		{BAD6B32E-4F8A-4341-A98B-F9194B86AE60}.Debug|Any CPU.ActiveCfg = Debug|Any CPU
		{BAD6B32E-4F8A-4341-A98B-F9194B86AE60}.Debug|Any CPU.Build.0 = Debug|Any CPU
		{BAD6B32E-4F8A-4341-A98B-F9194B86AE60}.Debug|x64.ActiveCfg = Debug|Any CPU
		{BAD6B32E-4F8A-4341-A98B-F9194B86AE60}.Debug|x64.Build.0 = Debug|Any CPU
		{BAD6B32E-4F8A-4341-A98B-F9194B86AE60}.Debug|x86.ActiveCfg = Debug|Any CPU
		{BAD6B32E-4F8A-4341-A98B-F9194B86AE60}.Debug|x86.Build.0 = Debug|Any CPU
		{BAD6B32E-4F8A-4341-A98B-F9194B86AE60}.Release|Any CPU.ActiveCfg = Release|Any CPU
		{BAD6B32E-4F8A-4341-A98B-F9194B86AE60}.Release|Any CPU.Build.0 = Release|Any CPU
		{BAD6B32E-4F8A-4341-A98B-F9194B86AE60}.Release|x64.ActiveCfg = Release|Any CPU
		{BAD6B32E-4F8A-4341-A98B-F9194B86AE60}.Release|x64.Build.0 = Release|Any CPU
		{BAD6B32E-4F8A-4341-A98B-F9194B86AE60}.Release|x86.ActiveCfg = Release|Any CPU
		{BAD6B32E-4F8A-4341-A98B-F9194B86AE60}.Release|x86.Build.0 = Release|Any CPU
		{1093FF62-C679-4D4A-822A-1FB30F696CF5}.Debug|Any CPU.ActiveCfg = Debug|Any CPU
		{1093FF62-C679-4D4A-822A-1FB30F696CF5}.Debug|Any CPU.Build.0 = Debug|Any CPU
		{1093FF62-C679-4D4A-822A-1FB30F696CF5}.Debug|x64.ActiveCfg = Debug|Any CPU
		{1093FF62-C679-4D4A-822A-1FB30F696CF5}.Debug|x64.Build.0 = Debug|Any CPU
		{1093FF62-C679-4D4A-822A-1FB30F696CF5}.Debug|x86.ActiveCfg = Debug|Any CPU
		{1093FF62-C679-4D4A-822A-1FB30F696CF5}.Debug|x86.Build.0 = Debug|Any CPU
		{1093FF62-C679-4D4A-822A-1FB30F696CF5}.Release|Any CPU.ActiveCfg = Release|Any CPU
		{1093FF62-C679-4D4A-822A-1FB30F696CF5}.Release|Any CPU.Build.0 = Release|Any CPU
		{1093FF62-C679-4D4A-822A-1FB30F696CF5}.Release|x64.ActiveCfg = Release|Any CPU
		{1093FF62-C679-4D4A-822A-1FB30F696CF5}.Release|x64.Build.0 = Release|Any CPU
		{1093FF62-C679-4D4A-822A-1FB30F696CF5}.Release|x86.ActiveCfg = Release|Any CPU
		{1093FF62-C679-4D4A-822A-1FB30F696CF5}.Release|x86.Build.0 = Release|Any CPU
		{1B96B584-DDB8-4237-8239-29A5133F441F}.Debug|Any CPU.ActiveCfg = Debug|Any CPU
		{1B96B584-DDB8-4237-8239-29A5133F441F}.Debug|Any CPU.Build.0 = Debug|Any CPU
		{1B96B584-DDB8-4237-8239-29A5133F441F}.Debug|x64.ActiveCfg = Debug|Any CPU
		{1B96B584-DDB8-4237-8239-29A5133F441F}.Debug|x64.Build.0 = Debug|Any CPU
		{1B96B584-DDB8-4237-8239-29A5133F441F}.Debug|x86.ActiveCfg = Debug|Any CPU
		{1B96B584-DDB8-4237-8239-29A5133F441F}.Debug|x86.Build.0 = Debug|Any CPU
		{1B96B584-DDB8-4237-8239-29A5133F441F}.Release|Any CPU.ActiveCfg = Release|Any CPU
		{1B96B584-DDB8-4237-8239-29A5133F441F}.Release|Any CPU.Build.0 = Release|Any CPU
		{1B96B584-DDB8-4237-8239-29A5133F441F}.Release|x64.ActiveCfg = Release|Any CPU
		{1B96B584-DDB8-4237-8239-29A5133F441F}.Release|x64.Build.0 = Release|Any CPU
		{1B96B584-DDB8-4237-8239-29A5133F441F}.Release|x86.ActiveCfg = Release|Any CPU
		{1B96B584-DDB8-4237-8239-29A5133F441F}.Release|x86.Build.0 = Release|Any CPU
		{C07CDAA4-3B29-4ADB-BB15-84060BEE4FFA}.Debug|Any CPU.ActiveCfg = Debug|Any CPU
		{C07CDAA4-3B29-4ADB-BB15-84060BEE4FFA}.Debug|Any CPU.Build.0 = Debug|Any CPU
		{C07CDAA4-3B29-4ADB-BB15-84060BEE4FFA}.Debug|x64.ActiveCfg = Debug|Any CPU
		{C07CDAA4-3B29-4ADB-BB15-84060BEE4FFA}.Debug|x64.Build.0 = Debug|Any CPU
		{C07CDAA4-3B29-4ADB-BB15-84060BEE4FFA}.Debug|x86.ActiveCfg = Debug|Any CPU
		{C07CDAA4-3B29-4ADB-BB15-84060BEE4FFA}.Debug|x86.Build.0 = Debug|Any CPU
		{C07CDAA4-3B29-4ADB-BB15-84060BEE4FFA}.Release|Any CPU.ActiveCfg = Release|Any CPU
		{C07CDAA4-3B29-4ADB-BB15-84060BEE4FFA}.Release|Any CPU.Build.0 = Release|Any CPU
		{C07CDAA4-3B29-4ADB-BB15-84060BEE4FFA}.Release|x64.ActiveCfg = Release|Any CPU
		{C07CDAA4-3B29-4ADB-BB15-84060BEE4FFA}.Release|x64.Build.0 = Release|Any CPU
		{C07CDAA4-3B29-4ADB-BB15-84060BEE4FFA}.Release|x86.ActiveCfg = Release|Any CPU
		{C07CDAA4-3B29-4ADB-BB15-84060BEE4FFA}.Release|x86.Build.0 = Release|Any CPU
	EndGlobalSection
	GlobalSection(SolutionProperties) = preSolution
		HideSolutionNode = FALSE
	EndGlobalSection
	GlobalSection(NestedProjects) = preSolution
		{A867BADE-9E41-4533-83DC-ECC36D3E681C} = {20FA451A-9F1F-4127-B502-07531B2C82E5}
		{66EB6867-9C9B-4EBB-8822-3BB6D79D2EF6} = {20FA451A-9F1F-4127-B502-07531B2C82E5}
		{993FC2B9-730E-48D8-A970-896B3AA2737B} = {20FA451A-9F1F-4127-B502-07531B2C82E5}
		{546D162D-3A1C-4573-8A5B-5E913A59691A} = {76407934-BF39-42DF-9357-6B6BAD278049}
		{E33DE8E5-B2F2-4661-901E-8788126C2F85} = {76407934-BF39-42DF-9357-6B6BAD278049}
		{D40445B9-D342-4448-B585-9002BA06AE9F} = {76407934-BF39-42DF-9357-6B6BAD278049}
		{4A5077C6-DD88-475A-95E0-0B40260562E0} = {76407934-BF39-42DF-9357-6B6BAD278049}
		{F5076283-BBC1-7EF4-376E-18830829B7D1} = {6AD7170E-E584-4379-975F-60309C4CA3E7}
		{833C07D9-E4E5-47C6-A9C9-CE222DAE1276} = {6AD7170E-E584-4379-975F-60309C4CA3E7}
		{6B900364-4D56-43AD-A38A-344E27404F22} = {6AD7170E-E584-4379-975F-60309C4CA3E7}
		{FFFE64BA-C4CB-4E6A-BCB6-D6F923E91167} = {76407934-BF39-42DF-9357-6B6BAD278049}
		{803FACE4-16C0-40A0-A420-42AC4520708F} = {BB93C68D-3B4C-458A-BA1A-44BBE4DAD686}
		{3662EB43-224A-41F1-8849-B80A817B21E1} = {BB93C68D-3B4C-458A-BA1A-44BBE4DAD686}
		{6C185FA2-7147-47B5-8607-3E8C5F44676E} = {BB93C68D-3B4C-458A-BA1A-44BBE4DAD686}
		{EC9E38AD-96F4-4EE8-A63A-BC836EE6B592} = {6AD7170E-E584-4379-975F-60309C4CA3E7}
		{C01E2C50-8102-4181-8CDA-C423FD9BDDD6} = {6AD7170E-E584-4379-975F-60309C4CA3E7}
		{A03432BD-0E6D-46C2-BE4D-95EE1DF6658B} = {6AD7170E-E584-4379-975F-60309C4CA3E7}
		{DA98F7F2-14D8-4F72-8D1C-A93B9278DFCD} = {D029680B-BA85-4B52-A88F-A04C74E17782}
		{F60D13EB-B420-4F45-A2A9-C5D0D2DC1856} = {D029680B-BA85-4B52-A88F-A04C74E17782}
		{B9E0CEB6-A531-42E0-85EA-2ECAB415F41B} = {A251A455-C08B-4F5B-B6B4-5F99F0803D23}
		{467B6FF5-D18C-4755-AE38-7D0D6296302B} = {A251A455-C08B-4F5B-B6B4-5F99F0803D23}
		{02ABC5B1-E656-43EF-9F13-A779F1BC1458} = {02EA681E-C7D8-13C7-8484-4AC65E1B71E8}
		{BCB5D194-FDAA-40E8-B036-79F6BB443F37} = {02EA681E-C7D8-13C7-8484-4AC65E1B71E8}
		{08775282-B676-4C4F-9F2B-8DEA103FC982} = {02EA681E-C7D8-13C7-8484-4AC65E1B71E8}
		{08864436-CF5B-4EB3-B52D-CD5F53228F84} = {20FA451A-9F1F-4127-B502-07531B2C82E5}
		{D1338E84-1663-4F52-A644-FA3872004A17} = {E3DDE0DA-2C97-406D-A1D4-64C24E431D22}
		{7F587A14-7D91-4504-B858-46B9DC42CECB} = {686D9CE6-B2EA-469F-8BB2-43811107E2D2}
		{F2D0C2B8-3A2D-4BCB-AF77-7437166C3C61} = {686D9CE6-B2EA-469F-8BB2-43811107E2D2}
		{06142CEF-B25F-41DF-A759-549700A4E9E2} = {20FA451A-9F1F-4127-B502-07531B2C82E5}
		{78425E2C-42DD-40C8-95D5-865DA1BE0C13} = {20FA451A-9F1F-4127-B502-07531B2C82E5}
		{DE530934-143A-449D-801D-1B12F8C0D8BA} = {6AD7170E-E584-4379-975F-60309C4CA3E7}
		{1963C629-C395-43E3-B1FC-F24338C24102} = {76407934-BF39-42DF-9357-6B6BAD278049}
		{1F56DE7F-BC65-4E39-A36F-C1A5F5EC3D66} = {A251A455-C08B-4F5B-B6B4-5F99F0803D23}
		{36506AF2-B902-46DA-B24E-9EB30FDEB16E} = {20FA451A-9F1F-4127-B502-07531B2C82E5}
		{90823DB6-0538-4628-BB5C-0E2E64276AC4} = {76407934-BF39-42DF-9357-6B6BAD278049}
		{502F6E9D-54ED-42B2-9640-108E2DF9A4C7} = {02EA681E-C7D8-13C7-8484-4AC65E1B71E8}
		{822AA329-4D72-4E29-9AA0-E093B1C9CB6F} = {76407934-BF39-42DF-9357-6B6BAD278049}
		{3BD4512D-1B08-D74D-8601-22673437D770} = {02EA681E-C7D8-13C7-8484-4AC65E1B71E8}
		{4EF74785-A771-10B7-6A57-D180A7EBFAC6} = {20FA451A-9F1F-4127-B502-07531B2C82E5}
		{B42A7BC1-39B1-4D50-B268-DD91CF9281E1} = {76407934-BF39-42DF-9357-6B6BAD278049}
		{E8748847-68A7-4F00-AB9A-D47F96BDFF60} = {F017BAF4-EB4F-4FDE-97E3-E01A2B4A3775}
		{BA90F75D-BADF-4D57-9C39-548892830B0C} = {F017BAF4-EB4F-4FDE-97E3-E01A2B4A3775}
		{D1B25D4B-393F-45BE-80CD-1A05F97C5844} = {F017BAF4-EB4F-4FDE-97E3-E01A2B4A3775}
		{BAD6B32E-4F8A-4341-A98B-F9194B86AE60} = {F017BAF4-EB4F-4FDE-97E3-E01A2B4A3775}
		{1093FF62-C679-4D4A-822A-1FB30F696CF5} = {02EA681E-C7D8-13C7-8484-4AC65E1B71E8}
		{1B96B584-DDB8-4237-8239-29A5133F441F} = {02EA681E-C7D8-13C7-8484-4AC65E1B71E8}
		{C07CDAA4-3B29-4ADB-BB15-84060BEE4FFA} = {02EA681E-C7D8-13C7-8484-4AC65E1B71E8}
	EndGlobalSection
	GlobalSection(ExtensibilityGlobals) = postSolution
		SolutionGuid = {3F6D4B86-C3E1-4B8A-BC00-5FE767E5D475}
	EndGlobalSection
EndGlobal
